
Microsoft Visual Studio Solution File, Format Version 12.00
# Visual Studio 2013
VisualStudioVersion = 12.0.30723.0
MinimumVisualStudioVersion = 10.0.40219.1
Project("{FAE04EC0-301F-11D3-BF4B-00C04F79EFBC}") = "SampleDataManufacturer", "SampleDataManufacturer\SampleDataManufacturer.csproj", "{ED8EE12E-EA8B-4E04-AD76-28D6FB084F2A}"
EndProject
Project("{FAE04EC0-301F-11D3-BF4B-00C04F79EFBC}") = "SFA.Apprenticeships.Application.UserAccount", "..\..\src\SFA.Apprenticeships.Application.UserAccount\SFA.Apprenticeships.Application.UserAccount.csproj", "{F01914FA-A911-4345-ACD4-FD80ADE21A8C}"
EndProject
Project("{FAE04EC0-301F-11D3-BF4B-00C04F79EFBC}") = "SFA.Apprenticeships.Domain.Interfaces", "..\..\src\SFA.Apprenticeships.Domain.Interfaces\SFA.Apprenticeships.Domain.Interfaces.csproj", "{91DB99C3-50A9-4DED-AB90-2FF94D0B130E}"
EndProject
Project("{FAE04EC0-301F-11D3-BF4B-00C04F79EFBC}") = "SFA.Apprenticeships.Infrastructure.Repositories.Users", "..\..\src\SFA.Apprenticeships.Infrastructure.Repositories.Users\SFA.Apprenticeships.Infrastructure.Repositories.Users.csproj", "{4696D786-2F3C-4A12-BD6B-38E2981D6DF1}"
EndProject
Project("{FAE04EC0-301F-11D3-BF4B-00C04F79EFBC}") = "SFA.Apprenticeships.Infrastructure.Common", "..\..\src\SFA.Apprenticeships.Infrastructure.Common\SFA.Apprenticeships.Infrastructure.Common.csproj", "{78B1F2A1-DCC3-4ED3-8CE0-16E0781B59FA}"
EndProject
Project("{FAE04EC0-301F-11D3-BF4B-00C04F79EFBC}") = "SFA.Apprenticeships.Infrastructure.Mongo.Common", "..\..\src\SFA.Apprenticeships.Infrastructure.Mongo.Common\SFA.Apprenticeships.Infrastructure.Mongo.Common.csproj", "{CE62BDE8-C127-4808-95F8-5F5E24485830}"
EndProject
Project("{FAE04EC0-301F-11D3-BF4B-00C04F79EFBC}") = "SFA.Apprenticeships.Domain.Entities", "..\..\src\SFA.Apprenticeships.Domain.Entities\SFA.Apprenticeships.Domain.Entities.csproj", "{4C2BE232-4DBD-44D0-B427-0450E2D857A5}"
EndProject
Project("{FAE04EC0-301F-11D3-BF4B-00C04F79EFBC}") = "SFA.Apprenticeships.Infrastructure.UserDirectory", "..\..\src\SFA.Apprenticeships.Infrastructure.UserDirectory\SFA.Apprenticeships.Infrastructure.UserDirectory.csproj", "{3FD05F32-F39C-4ACF-8B3B-571B2D20899E}"
EndProject
Project("{FAE04EC0-301F-11D3-BF4B-00C04F79EFBC}") = "SFA.Apprenticeships.Application.Authentication", "..\..\src\SFA.Apprenticeships.Application.Authentication\SFA.Apprenticeships.Application.Authentication.csproj", "{2752E3B6-358D-4C06-A31F-867304CAC53D}"
EndProject
Project("{FAE04EC0-301F-11D3-BF4B-00C04F79EFBC}") = "SFA.Apprenticeships.Infrastructure.Repositories.Candidates", "..\..\src\SFA.Apprenticeships.Infrastructure.Repositories.Candidates\SFA.Apprenticeships.Infrastructure.Repositories.Candidates.csproj", "{AA87BD85-5A33-46B8-B26F-C6B680876486}"
EndProject
Project("{FAE04EC0-301F-11D3-BF4B-00C04F79EFBC}") = "SFA.Apprenticeships.Application.Candidate", "..\..\src\SFA.Apprenticeships.Application.Candidate\SFA.Apprenticeships.Application.Candidate.csproj", "{984F8CD2-61B3-48A4-B0CC-5D05E235983D}"
EndProject
Project("{FAE04EC0-301F-11D3-BF4B-00C04F79EFBC}") = "SFA.Apprenticeships.Infrastructure.Repositories.Applications", "..\..\src\SFA.Apprenticeships.Infrastructure.Repositories.Applications\SFA.Apprenticeships.Infrastructure.Repositories.Applications.csproj", "{91822365-711D-4976-AD7F-069063D8B487}"
EndProject
Project("{2150E333-8FDC-42A3-9474-1A3956D46DE8}") = ".nuget", ".nuget", "{DC4DCC9C-D744-4FBD-A6DB-1A97B61C5D11}"
	ProjectSection(SolutionItems) = preProject
		.nuget\NuGet.Config = .nuget\NuGet.Config
		.nuget\NuGet.exe = .nuget\NuGet.exe
		.nuget\NuGet.targets = .nuget\NuGet.targets
	EndProjectSection
EndProject
Global
	GlobalSection(SolutionConfigurationPlatforms) = preSolution
		Demo|Any CPU = Demo|Any CPU
		Dev|Any CPU = Dev|Any CPU
		Local|Any CPU = Local|Any CPU
		MSDN|Any CPU = MSDN|Any CPU
		Pre|Any CPU = Pre|Any CPU
		Prod|Any CPU = Prod|Any CPU
		Sit|Any CPU = Sit|Any CPU
	EndGlobalSection
	GlobalSection(ProjectConfigurationPlatforms) = postSolution
		{ED8EE12E-EA8B-4E04-AD76-28D6FB084F2A}.Demo|Any CPU.ActiveCfg = Demo|Any CPU
		{ED8EE12E-EA8B-4E04-AD76-28D6FB084F2A}.Demo|Any CPU.Build.0 = Demo|Any CPU
		{ED8EE12E-EA8B-4E04-AD76-28D6FB084F2A}.Dev|Any CPU.ActiveCfg = Dev|Any CPU
		{ED8EE12E-EA8B-4E04-AD76-28D6FB084F2A}.Dev|Any CPU.Build.0 = Dev|Any CPU
		{ED8EE12E-EA8B-4E04-AD76-28D6FB084F2A}.Local|Any CPU.ActiveCfg = Local|Any CPU
		{ED8EE12E-EA8B-4E04-AD76-28D6FB084F2A}.Local|Any CPU.Build.0 = Local|Any CPU
		{ED8EE12E-EA8B-4E04-AD76-28D6FB084F2A}.MSDN|Any CPU.ActiveCfg = Demo|Any CPU
		{ED8EE12E-EA8B-4E04-AD76-28D6FB084F2A}.MSDN|Any CPU.Build.0 = Demo|Any CPU
		{ED8EE12E-EA8B-4E04-AD76-28D6FB084F2A}.Pre|Any CPU.ActiveCfg = Pre|Any CPU
		{ED8EE12E-EA8B-4E04-AD76-28D6FB084F2A}.Pre|Any CPU.Build.0 = Pre|Any CPU
		{ED8EE12E-EA8B-4E04-AD76-28D6FB084F2A}.Prod|Any CPU.ActiveCfg = Prod|Any CPU
		{ED8EE12E-EA8B-4E04-AD76-28D6FB084F2A}.Prod|Any CPU.Build.0 = Prod|Any CPU
		{ED8EE12E-EA8B-4E04-AD76-28D6FB084F2A}.Sit|Any CPU.ActiveCfg = Sit|Any CPU
		{ED8EE12E-EA8B-4E04-AD76-28D6FB084F2A}.Sit|Any CPU.Build.0 = Sit|Any CPU
		{F01914FA-A911-4345-ACD4-FD80ADE21A8C}.Demo|Any CPU.ActiveCfg = Demo|Any CPU
		{F01914FA-A911-4345-ACD4-FD80ADE21A8C}.Demo|Any CPU.Build.0 = Demo|Any CPU
		{F01914FA-A911-4345-ACD4-FD80ADE21A8C}.Dev|Any CPU.ActiveCfg = Dev|Any CPU
		{F01914FA-A911-4345-ACD4-FD80ADE21A8C}.Dev|Any CPU.Build.0 = Dev|Any CPU
		{F01914FA-A911-4345-ACD4-FD80ADE21A8C}.Local|Any CPU.ActiveCfg = Local|Any CPU
		{F01914FA-A911-4345-ACD4-FD80ADE21A8C}.Local|Any CPU.Build.0 = Local|Any CPU
		{F01914FA-A911-4345-ACD4-FD80ADE21A8C}.MSDN|Any CPU.ActiveCfg = MSDN|Any CPU
		{F01914FA-A911-4345-ACD4-FD80ADE21A8C}.MSDN|Any CPU.Build.0 = MSDN|Any CPU
		{F01914FA-A911-4345-ACD4-FD80ADE21A8C}.Pre|Any CPU.ActiveCfg = Pre|Any CPU
		{F01914FA-A911-4345-ACD4-FD80ADE21A8C}.Pre|Any CPU.Build.0 = Pre|Any CPU
		{F01914FA-A911-4345-ACD4-FD80ADE21A8C}.Prod|Any CPU.ActiveCfg = Prod|Any CPU
		{F01914FA-A911-4345-ACD4-FD80ADE21A8C}.Prod|Any CPU.Build.0 = Prod|Any CPU
		{F01914FA-A911-4345-ACD4-FD80ADE21A8C}.Sit|Any CPU.ActiveCfg = Sit|Any CPU
		{F01914FA-A911-4345-ACD4-FD80ADE21A8C}.Sit|Any CPU.Build.0 = Sit|Any CPU
		{91DB99C3-50A9-4DED-AB90-2FF94D0B130E}.Demo|Any CPU.ActiveCfg = Demo|Any CPU
		{91DB99C3-50A9-4DED-AB90-2FF94D0B130E}.Demo|Any CPU.Build.0 = Demo|Any CPU
		{91DB99C3-50A9-4DED-AB90-2FF94D0B130E}.Dev|Any CPU.ActiveCfg = Dev|Any CPU
		{91DB99C3-50A9-4DED-AB90-2FF94D0B130E}.Dev|Any CPU.Build.0 = Dev|Any CPU
		{91DB99C3-50A9-4DED-AB90-2FF94D0B130E}.Local|Any CPU.ActiveCfg = Local|Any CPU
		{91DB99C3-50A9-4DED-AB90-2FF94D0B130E}.Local|Any CPU.Build.0 = Local|Any CPU
		{91DB99C3-50A9-4DED-AB90-2FF94D0B130E}.MSDN|Any CPU.ActiveCfg = MSDN|Any CPU
		{91DB99C3-50A9-4DED-AB90-2FF94D0B130E}.MSDN|Any CPU.Build.0 = MSDN|Any CPU
		{91DB99C3-50A9-4DED-AB90-2FF94D0B130E}.Pre|Any CPU.ActiveCfg = Pre|Any CPU
		{91DB99C3-50A9-4DED-AB90-2FF94D0B130E}.Pre|Any CPU.Build.0 = Pre|Any CPU
		{91DB99C3-50A9-4DED-AB90-2FF94D0B130E}.Prod|Any CPU.ActiveCfg = Prod|Any CPU
		{91DB99C3-50A9-4DED-AB90-2FF94D0B130E}.Prod|Any CPU.Build.0 = Prod|Any CPU
		{91DB99C3-50A9-4DED-AB90-2FF94D0B130E}.Sit|Any CPU.ActiveCfg = Sit|Any CPU
		{91DB99C3-50A9-4DED-AB90-2FF94D0B130E}.Sit|Any CPU.Build.0 = Sit|Any CPU
		{4696D786-2F3C-4A12-BD6B-38E2981D6DF1}.Demo|Any CPU.ActiveCfg = Demo|Any CPU
		{4696D786-2F3C-4A12-BD6B-38E2981D6DF1}.Demo|Any CPU.Build.0 = Demo|Any CPU
		{4696D786-2F3C-4A12-BD6B-38E2981D6DF1}.Dev|Any CPU.ActiveCfg = Dev|Any CPU
		{4696D786-2F3C-4A12-BD6B-38E2981D6DF1}.Dev|Any CPU.Build.0 = Dev|Any CPU
		{4696D786-2F3C-4A12-BD6B-38E2981D6DF1}.Local|Any CPU.ActiveCfg = Local|Any CPU
		{4696D786-2F3C-4A12-BD6B-38E2981D6DF1}.Local|Any CPU.Build.0 = Local|Any CPU
		{4696D786-2F3C-4A12-BD6B-38E2981D6DF1}.MSDN|Any CPU.ActiveCfg = MSDN|Any CPU
		{4696D786-2F3C-4A12-BD6B-38E2981D6DF1}.MSDN|Any CPU.Build.0 = MSDN|Any CPU
		{4696D786-2F3C-4A12-BD6B-38E2981D6DF1}.Pre|Any CPU.ActiveCfg = Pre|Any CPU
		{4696D786-2F3C-4A12-BD6B-38E2981D6DF1}.Pre|Any CPU.Build.0 = Pre|Any CPU
		{4696D786-2F3C-4A12-BD6B-38E2981D6DF1}.Prod|Any CPU.ActiveCfg = Prod|Any CPU
		{4696D786-2F3C-4A12-BD6B-38E2981D6DF1}.Prod|Any CPU.Build.0 = Prod|Any CPU
		{4696D786-2F3C-4A12-BD6B-38E2981D6DF1}.Sit|Any CPU.ActiveCfg = Sit|Any CPU
		{4696D786-2F3C-4A12-BD6B-38E2981D6DF1}.Sit|Any CPU.Build.0 = Sit|Any CPU
		{78B1F2A1-DCC3-4ED3-8CE0-16E0781B59FA}.Demo|Any CPU.ActiveCfg = Demo|Any CPU
		{78B1F2A1-DCC3-4ED3-8CE0-16E0781B59FA}.Demo|Any CPU.Build.0 = Demo|Any CPU
		{78B1F2A1-DCC3-4ED3-8CE0-16E0781B59FA}.Dev|Any CPU.ActiveCfg = Dev|Any CPU
		{78B1F2A1-DCC3-4ED3-8CE0-16E0781B59FA}.Dev|Any CPU.Build.0 = Dev|Any CPU
		{78B1F2A1-DCC3-4ED3-8CE0-16E0781B59FA}.Local|Any CPU.ActiveCfg = Local|Any CPU
		{78B1F2A1-DCC3-4ED3-8CE0-16E0781B59FA}.Local|Any CPU.Build.0 = Local|Any CPU
		{78B1F2A1-DCC3-4ED3-8CE0-16E0781B59FA}.MSDN|Any CPU.ActiveCfg = MSDN|Any CPU
		{78B1F2A1-DCC3-4ED3-8CE0-16E0781B59FA}.MSDN|Any CPU.Build.0 = MSDN|Any CPU
		{78B1F2A1-DCC3-4ED3-8CE0-16E0781B59FA}.Pre|Any CPU.ActiveCfg = Pre|Any CPU
		{78B1F2A1-DCC3-4ED3-8CE0-16E0781B59FA}.Pre|Any CPU.Build.0 = Pre|Any CPU
		{78B1F2A1-DCC3-4ED3-8CE0-16E0781B59FA}.Prod|Any CPU.ActiveCfg = Prod|Any CPU
		{78B1F2A1-DCC3-4ED3-8CE0-16E0781B59FA}.Prod|Any CPU.Build.0 = Prod|Any CPU
		{78B1F2A1-DCC3-4ED3-8CE0-16E0781B59FA}.Sit|Any CPU.ActiveCfg = Sit|Any CPU
		{78B1F2A1-DCC3-4ED3-8CE0-16E0781B59FA}.Sit|Any CPU.Build.0 = Sit|Any CPU
		{CE62BDE8-C127-4808-95F8-5F5E24485830}.Demo|Any CPU.ActiveCfg = Demo|Any CPU
		{CE62BDE8-C127-4808-95F8-5F5E24485830}.Demo|Any CPU.Build.0 = Demo|Any CPU
		{CE62BDE8-C127-4808-95F8-5F5E24485830}.Dev|Any CPU.ActiveCfg = Dev|Any CPU
		{CE62BDE8-C127-4808-95F8-5F5E24485830}.Dev|Any CPU.Build.0 = Dev|Any CPU
		{CE62BDE8-C127-4808-95F8-5F5E24485830}.Local|Any CPU.ActiveCfg = Local|Any CPU
		{CE62BDE8-C127-4808-95F8-5F5E24485830}.Local|Any CPU.Build.0 = Local|Any CPU
		{CE62BDE8-C127-4808-95F8-5F5E24485830}.MSDN|Any CPU.ActiveCfg = MSDN|Any CPU
		{CE62BDE8-C127-4808-95F8-5F5E24485830}.MSDN|Any CPU.Build.0 = MSDN|Any CPU
		{CE62BDE8-C127-4808-95F8-5F5E24485830}.Pre|Any CPU.ActiveCfg = Pre|Any CPU
		{CE62BDE8-C127-4808-95F8-5F5E24485830}.Pre|Any CPU.Build.0 = Pre|Any CPU
		{CE62BDE8-C127-4808-95F8-5F5E24485830}.Prod|Any CPU.ActiveCfg = Prod|Any CPU
		{CE62BDE8-C127-4808-95F8-5F5E24485830}.Prod|Any CPU.Build.0 = Prod|Any CPU
		{CE62BDE8-C127-4808-95F8-5F5E24485830}.Sit|Any CPU.ActiveCfg = Sit|Any CPU
		{CE62BDE8-C127-4808-95F8-5F5E24485830}.Sit|Any CPU.Build.0 = Sit|Any CPU
		{4C2BE232-4DBD-44D0-B427-0450E2D857A5}.Demo|Any CPU.ActiveCfg = Demo|Any CPU
		{4C2BE232-4DBD-44D0-B427-0450E2D857A5}.Demo|Any CPU.Build.0 = Demo|Any CPU
		{4C2BE232-4DBD-44D0-B427-0450E2D857A5}.Dev|Any CPU.ActiveCfg = Dev|Any CPU
		{4C2BE232-4DBD-44D0-B427-0450E2D857A5}.Dev|Any CPU.Build.0 = Dev|Any CPU
		{4C2BE232-4DBD-44D0-B427-0450E2D857A5}.Local|Any CPU.ActiveCfg = Local|Any CPU
		{4C2BE232-4DBD-44D0-B427-0450E2D857A5}.Local|Any CPU.Build.0 = Local|Any CPU
		{4C2BE232-4DBD-44D0-B427-0450E2D857A5}.MSDN|Any CPU.ActiveCfg = MSDN|Any CPU
		{4C2BE232-4DBD-44D0-B427-0450E2D857A5}.MSDN|Any CPU.Build.0 = MSDN|Any CPU
		{4C2BE232-4DBD-44D0-B427-0450E2D857A5}.Pre|Any CPU.ActiveCfg = Pre|Any CPU
		{4C2BE232-4DBD-44D0-B427-0450E2D857A5}.Pre|Any CPU.Build.0 = Pre|Any CPU
		{4C2BE232-4DBD-44D0-B427-0450E2D857A5}.Prod|Any CPU.ActiveCfg = Prod|Any CPU
		{4C2BE232-4DBD-44D0-B427-0450E2D857A5}.Prod|Any CPU.Build.0 = Prod|Any CPU
		{4C2BE232-4DBD-44D0-B427-0450E2D857A5}.Sit|Any CPU.ActiveCfg = Sit|Any CPU
		{4C2BE232-4DBD-44D0-B427-0450E2D857A5}.Sit|Any CPU.Build.0 = Sit|Any CPU
		{3FD05F32-F39C-4ACF-8B3B-571B2D20899E}.Demo|Any CPU.ActiveCfg = Demo|Any CPU
		{3FD05F32-F39C-4ACF-8B3B-571B2D20899E}.Demo|Any CPU.Build.0 = Demo|Any CPU
		{3FD05F32-F39C-4ACF-8B3B-571B2D20899E}.Dev|Any CPU.ActiveCfg = Dev|Any CPU
		{3FD05F32-F39C-4ACF-8B3B-571B2D20899E}.Dev|Any CPU.Build.0 = Dev|Any CPU
		{3FD05F32-F39C-4ACF-8B3B-571B2D20899E}.Local|Any CPU.ActiveCfg = Local|Any CPU
		{3FD05F32-F39C-4ACF-8B3B-571B2D20899E}.Local|Any CPU.Build.0 = Local|Any CPU
		{3FD05F32-F39C-4ACF-8B3B-571B2D20899E}.MSDN|Any CPU.ActiveCfg = MSDN|Any CPU
		{3FD05F32-F39C-4ACF-8B3B-571B2D20899E}.MSDN|Any CPU.Build.0 = MSDN|Any CPU
		{3FD05F32-F39C-4ACF-8B3B-571B2D20899E}.Pre|Any CPU.ActiveCfg = Pre|Any CPU
		{3FD05F32-F39C-4ACF-8B3B-571B2D20899E}.Pre|Any CPU.Build.0 = Pre|Any CPU
		{3FD05F32-F39C-4ACF-8B3B-571B2D20899E}.Prod|Any CPU.ActiveCfg = Prod|Any CPU
		{3FD05F32-F39C-4ACF-8B3B-571B2D20899E}.Prod|Any CPU.Build.0 = Prod|Any CPU
		{3FD05F32-F39C-4ACF-8B3B-571B2D20899E}.Sit|Any CPU.ActiveCfg = Sit|Any CPU
		{3FD05F32-F39C-4ACF-8B3B-571B2D20899E}.Sit|Any CPU.Build.0 = Sit|Any CPU
		{2752E3B6-358D-4C06-A31F-867304CAC53D}.Demo|Any CPU.ActiveCfg = Demo|Any CPU
		{2752E3B6-358D-4C06-A31F-867304CAC53D}.Demo|Any CPU.Build.0 = Demo|Any CPU
		{2752E3B6-358D-4C06-A31F-867304CAC53D}.Dev|Any CPU.ActiveCfg = Dev|Any CPU
		{2752E3B6-358D-4C06-A31F-867304CAC53D}.Dev|Any CPU.Build.0 = Dev|Any CPU
		{2752E3B6-358D-4C06-A31F-867304CAC53D}.Local|Any CPU.ActiveCfg = Local|Any CPU
		{2752E3B6-358D-4C06-A31F-867304CAC53D}.Local|Any CPU.Build.0 = Local|Any CPU
		{2752E3B6-358D-4C06-A31F-867304CAC53D}.MSDN|Any CPU.ActiveCfg = MSDN|Any CPU
		{2752E3B6-358D-4C06-A31F-867304CAC53D}.MSDN|Any CPU.Build.0 = MSDN|Any CPU
		{2752E3B6-358D-4C06-A31F-867304CAC53D}.Pre|Any CPU.ActiveCfg = Pre|Any CPU
		{2752E3B6-358D-4C06-A31F-867304CAC53D}.Pre|Any CPU.Build.0 = Pre|Any CPU
		{2752E3B6-358D-4C06-A31F-867304CAC53D}.Prod|Any CPU.ActiveCfg = Prod|Any CPU
		{2752E3B6-358D-4C06-A31F-867304CAC53D}.Prod|Any CPU.Build.0 = Prod|Any CPU
		{2752E3B6-358D-4C06-A31F-867304CAC53D}.Sit|Any CPU.ActiveCfg = Sit|Any CPU
		{2752E3B6-358D-4C06-A31F-867304CAC53D}.Sit|Any CPU.Build.0 = Sit|Any CPU
		{AA87BD85-5A33-46B8-B26F-C6B680876486}.Demo|Any CPU.ActiveCfg = Demo|Any CPU
		{AA87BD85-5A33-46B8-B26F-C6B680876486}.Demo|Any CPU.Build.0 = Demo|Any CPU
		{AA87BD85-5A33-46B8-B26F-C6B680876486}.Dev|Any CPU.ActiveCfg = Dev|Any CPU
		{AA87BD85-5A33-46B8-B26F-C6B680876486}.Dev|Any CPU.Build.0 = Dev|Any CPU
		{AA87BD85-5A33-46B8-B26F-C6B680876486}.Local|Any CPU.ActiveCfg = Local|Any CPU
		{AA87BD85-5A33-46B8-B26F-C6B680876486}.Local|Any CPU.Build.0 = Local|Any CPU
		{AA87BD85-5A33-46B8-B26F-C6B680876486}.MSDN|Any CPU.ActiveCfg = MSDN|Any CPU
		{AA87BD85-5A33-46B8-B26F-C6B680876486}.MSDN|Any CPU.Build.0 = MSDN|Any CPU
		{AA87BD85-5A33-46B8-B26F-C6B680876486}.Pre|Any CPU.ActiveCfg = Pre|Any CPU
		{AA87BD85-5A33-46B8-B26F-C6B680876486}.Pre|Any CPU.Build.0 = Pre|Any CPU
		{AA87BD85-5A33-46B8-B26F-C6B680876486}.Prod|Any CPU.ActiveCfg = Prod|Any CPU
		{AA87BD85-5A33-46B8-B26F-C6B680876486}.Prod|Any CPU.Build.0 = Prod|Any CPU
		{AA87BD85-5A33-46B8-B26F-C6B680876486}.Sit|Any CPU.ActiveCfg = Sit|Any CPU
		{AA87BD85-5A33-46B8-B26F-C6B680876486}.Sit|Any CPU.Build.0 = Sit|Any CPU
		{984F8CD2-61B3-48A4-B0CC-5D05E235983D}.Demo|Any CPU.ActiveCfg = Demo|Any CPU
		{984F8CD2-61B3-48A4-B0CC-5D05E235983D}.Demo|Any CPU.Build.0 = Demo|Any CPU
		{984F8CD2-61B3-48A4-B0CC-5D05E235983D}.Dev|Any CPU.ActiveCfg = Dev|Any CPU
		{984F8CD2-61B3-48A4-B0CC-5D05E235983D}.Dev|Any CPU.Build.0 = Dev|Any CPU
		{984F8CD2-61B3-48A4-B0CC-5D05E235983D}.Local|Any CPU.ActiveCfg = Local|Any CPU
		{984F8CD2-61B3-48A4-B0CC-5D05E235983D}.Local|Any CPU.Build.0 = Local|Any CPU
		{984F8CD2-61B3-48A4-B0CC-5D05E235983D}.MSDN|Any CPU.ActiveCfg = MSDN|Any CPU
		{984F8CD2-61B3-48A4-B0CC-5D05E235983D}.MSDN|Any CPU.Build.0 = MSDN|Any CPU
		{984F8CD2-61B3-48A4-B0CC-5D05E235983D}.Pre|Any CPU.ActiveCfg = Pre|Any CPU
		{984F8CD2-61B3-48A4-B0CC-5D05E235983D}.Pre|Any CPU.Build.0 = Pre|Any CPU
		{984F8CD2-61B3-48A4-B0CC-5D05E235983D}.Prod|Any CPU.ActiveCfg = Prod|Any CPU
		{984F8CD2-61B3-48A4-B0CC-5D05E235983D}.Prod|Any CPU.Build.0 = Prod|Any CPU
		{984F8CD2-61B3-48A4-B0CC-5D05E235983D}.Sit|Any CPU.ActiveCfg = Sit|Any CPU
		{984F8CD2-61B3-48A4-B0CC-5D05E235983D}.Sit|Any CPU.Build.0 = Sit|Any CPU
		{91822365-711D-4976-AD7F-069063D8B487}.Demo|Any CPU.ActiveCfg = Demo|Any CPU
		{91822365-711D-4976-AD7F-069063D8B487}.Demo|Any CPU.Build.0 = Demo|Any CPU
		{91822365-711D-4976-AD7F-069063D8B487}.Dev|Any CPU.ActiveCfg = Dev|Any CPU
		{91822365-711D-4976-AD7F-069063D8B487}.Dev|Any CPU.Build.0 = Dev|Any CPU
		{91822365-711D-4976-AD7F-069063D8B487}.Local|Any CPU.ActiveCfg = Local|Any CPU
		{91822365-711D-4976-AD7F-069063D8B487}.Local|Any CPU.Build.0 = Local|Any CPU
		{91822365-711D-4976-AD7F-069063D8B487}.MSDN|Any CPU.ActiveCfg = MSDN|Any CPU
		{91822365-711D-4976-AD7F-069063D8B487}.MSDN|Any CPU.Build.0 = MSDN|Any CPU
		{91822365-711D-4976-AD7F-069063D8B487}.Pre|Any CPU.ActiveCfg = Pre|Any CPU
		{91822365-711D-4976-AD7F-069063D8B487}.Pre|Any CPU.Build.0 = Pre|Any CPU
		{91822365-711D-4976-AD7F-069063D8B487}.Prod|Any CPU.ActiveCfg = Prod|Any CPU
		{91822365-711D-4976-AD7F-069063D8B487}.Prod|Any CPU.Build.0 = Prod|Any CPU
		{91822365-711D-4976-AD7F-069063D8B487}.Sit|Any CPU.ActiveCfg = Sit|Any CPU
		{91822365-711D-4976-AD7F-069063D8B487}.Sit|Any CPU.Build.0 = Sit|Any CPU
	EndGlobalSection
	GlobalSection(SolutionProperties) = preSolution
		HideSolutionNode = FALSE
	EndGlobalSection
EndGlobal
