
Microsoft Visual Studio Solution File, Format Version 12.00
# Visual Studio 2013
VisualStudioVersion = 12.0.30110.0
MinimumVisualStudioVersion = 10.0.40219.1
Project("{FAE04EC0-301F-11D3-BF4B-00C04F79EFBC}") = "SFA.Apprenticeships.Services.Common", "SFA.Apprenticeships.Services.Common\SFA.Apprenticeships.Services.Common.csproj", "{78B1F2A1-DCC3-4ED3-8CE0-16E0781B59FA}"
EndProject
Project("{FAE04EC0-301F-11D3-BF4B-00C04F79EFBC}") = "SFA.Apprenticeships.Web.Common", "SFA.Apprenticeships.Web.Common\SFA.Apprenticeships.Web.Common.csproj", "{ADB1C795-A6AA-4CB8-82AE-2B8D10E22220}"
EndProject
Project("{2150E333-8FDC-42A3-9474-1A3956D46DE8}") = "Web", "Web", "{22CE73E4-F469-434C-AC5D-D926EBBAC3D5}"
EndProject
Project("{2150E333-8FDC-42A3-9474-1A3956D46DE8}") = "Services", "Services", "{B2A6969F-9504-44F3-929C-2D4C4FAB1576}"
EndProject
Project("{2150E333-8FDC-42A3-9474-1A3956D46DE8}") = "Tests.Unit", "Tests.Unit", "{EBD76DE0-71C7-4A7B-9AB8-BDC301995563}"
EndProject
Project("{2150E333-8FDC-42A3-9474-1A3956D46DE8}") = ".nuget", ".nuget", "{5E3F44C3-F6EA-4955-A065-56E945A19699}"
	ProjectSection(SolutionItems) = preProject
		.nuget\NuGet.Config = .nuget\NuGet.Config
		.nuget\NuGet.exe = .nuget\NuGet.exe
		.nuget\NuGet.targets = .nuget\NuGet.targets
	EndProjectSection
EndProject
Project("{FAE04EC0-301F-11D3-BF4B-00C04F79EFBC}") = "SFA.Apprenticeships.Web.Employer", "SFA.Apprenticeships.Web.Employer\SFA.Apprenticeships.Web.Employer.csproj", "{38CC6C84-D5A2-45E4-B7E8-0395EBBC4CC1}"
EndProject
Project("{FAE04EC0-301F-11D3-BF4B-00C04F79EFBC}") = "SFA.Apprenticeships.Services.Elasticsearch.Tests", "SFA.Apprenticeships.Services.Elasticsearch.Tests\SFA.Apprenticeships.Services.Elasticsearch.Tests.csproj", "{40EEBA8B-4A7D-4B1B-80C6-9A4A2C3BCA4E}"
EndProject
Project("{FAE04EC0-301F-11D3-BF4B-00C04F79EFBC}") = "SFA.Apprenticeships.Services.Elasticsearch", "SFA.Apprenticeships.Services.Elasticsearch\SFA.Apprenticeships.Services.Elasticsearch.csproj", "{8DFB3268-8865-4FE4-8E6F-8B2DCEE966D9}"
EndProject
Project("{FAE04EC0-301F-11D3-BF4B-00C04F79EFBC}") = "SFA.Apprenticeships.Services.Postcode", "SFA.Apprenticeships.Services.Postcode\SFA.Apprenticeships.Services.Postcode.csproj", "{1B386440-4479-4A2C-93CA-42A98426019F}"
EndProject
Project("{FAE04EC0-301F-11D3-BF4B-00C04F79EFBC}") = "SFA.Apprenticeships.Web.Candidate.IntegrationTests", "SFA.Apprenticeships.Web.Candidate.IntegrationTests\SFA.Apprenticeships.Web.Candidate.IntegrationTests.csproj", "{8D36215F-1B37-451A-9CF6-8CD77F55E6AA}"
EndProject
Project("{FAE04EC0-301F-11D3-BF4B-00C04F79EFBC}") = "SFA.Apprenticeships.Web.Common.IntegrationTests", "SFA.Apprenticeships.Web.Common.IntegrationTests\SFA.Apprenticeships.Web.Common.IntegrationTests.csproj", "{6C2725CB-DFC3-47EF-A85B-361A7FF9E92D}"
EndProject
Project("{FAE04EC0-301F-11D3-BF4B-00C04F79EFBC}") = "SFA.Apprenticeships.Web.Employer.IntegrationTests", "SFA.Apprenticeships.Web.Employer.IntegrationTests\SFA.Apprenticeships.Web.Employer.IntegrationTests.csproj", "{66640B71-2137-4011-B17E-66C5120B94A4}"
EndProject
Project("{FAE04EC0-301F-11D3-BF4B-00C04F79EFBC}") = "SFA.Apprenticeships.Services.Common.Tests", "SFA.Apprenticeships.Services.Common.Tests\SFA.Apprenticeships.Services.Common.Tests.csproj", "{26D4B9D7-C39F-4246-BF65-40670A35B79B}"
EndProject
Project("{FAE04EC0-301F-11D3-BF4B-00C04F79EFBC}") = "SFA.Apprenticeships.Web.Candidate", "SFA.Apprenticeships.Web.Candidate\SFA.Apprenticeships.Web.Candidate.csproj", "{470BA0C8-FE2E-4DB9-92C8-6F37095688EE}"
EndProject
Project("{FAE04EC0-301F-11D3-BF4B-00C04F79EFBC}") = "SFA.Apprenticeships.Services.Postcode.Tests", "SFA.Apprenticeships.Services.Postcode.Tests\SFA.Apprenticeships.Services.Postcode.Tests.csproj", "{8363A28D-668C-44EA-B20A-8866E0D5814C}"
EndProject
Project("{FAE04EC0-301F-11D3-BF4B-00C04F79EFBC}") = "SFA.Apprenticeships.Services.ReferenceData", "SFA.Apprenticeships.Services.ReferenceData\SFA.Apprenticeships.Services.ReferenceData.csproj", "{5E8E77CA-BB23-45DE-AADD-236CAFBC66E3}"
EndProject
Project("{FAE04EC0-301F-11D3-BF4B-00C04F79EFBC}") = "SFA.Apprenticeships.Services.ReferenceData.IntegrationTests", "SFA.Apprenticeships.Services.ReferenceData.IntegrationTests\SFA.Apprenticeships.Services.ReferenceData.IntegrationTests.csproj", "{68E0E09A-F600-4A8B-AEBE-2907E5966127}"
EndProject
Project("{2150E333-8FDC-42A3-9474-1A3956D46DE8}") = "Tests.Integration", "Tests.Integration", "{60585263-8161-481E-A39A-0DAEE2BEB80C}"
EndProject
Project("{2150E333-8FDC-42A3-9474-1A3956D46DE8}") = "Common", "Common", "{C44562AB-7261-436D-A164-C6ACD16B34E5}"
EndProject
Project("{FAE04EC0-301F-11D3-BF4B-00C04F79EFBC}") = "SFA.Apprenticeships.Common", "SFA.Apprenticeships.Common\SFA.Apprenticeships.Common.csproj", "{AAD6C913-2503-456F-A593-C0A36C07BD35}"
EndProject
Project("{FAE04EC0-301F-11D3-BF4B-00C04F79EFBC}") = "SFA.Apprenticeships.Common.Tests", "SFA.Apprenticeships.Common.Tests\SFA.Apprenticeships.Common.Tests.csproj", "{2886F449-8488-4883-A80B-B29775D18B29}"
EndProject
Project("{FAE04EC0-301F-11D3-BF4B-00C04F79EFBC}") = "SFA.Apprenticeships.Common.Entities", "SFA.Apprenticeships.Common.Entities\SFA.Apprenticeships.Common.Entities.csproj", "{4C2BE232-4DBD-44D0-B427-0450E2D857A5}"
EndProject
Project("{FAE04EC0-301F-11D3-BF4B-00C04F79EFBC}") = "SFA.Apprenticeships.Common.Interfaces", "SFA.Apprenticeships.Common.Interfaces\SFA.Apprenticeships.Common.Interfaces.csproj", "{91DB99C3-50A9-4DED-AB90-2FF94D0B130E}"
EndProject
Global
	GlobalSection(SolutionConfigurationPlatforms) = preSolution
		Debug|Any CPU = Debug|Any CPU
		Release|Any CPU = Release|Any CPU
	EndGlobalSection
	GlobalSection(ProjectConfigurationPlatforms) = postSolution
		{78B1F2A1-DCC3-4ED3-8CE0-16E0781B59FA}.Debug|Any CPU.ActiveCfg = Debug|Any CPU
		{78B1F2A1-DCC3-4ED3-8CE0-16E0781B59FA}.Debug|Any CPU.Build.0 = Debug|Any CPU
		{78B1F2A1-DCC3-4ED3-8CE0-16E0781B59FA}.Release|Any CPU.ActiveCfg = Release|Any CPU
		{78B1F2A1-DCC3-4ED3-8CE0-16E0781B59FA}.Release|Any CPU.Build.0 = Release|Any CPU
		{ADB1C795-A6AA-4CB8-82AE-2B8D10E22220}.Debug|Any CPU.ActiveCfg = Debug|Any CPU
		{ADB1C795-A6AA-4CB8-82AE-2B8D10E22220}.Debug|Any CPU.Build.0 = Debug|Any CPU
		{ADB1C795-A6AA-4CB8-82AE-2B8D10E22220}.Release|Any CPU.ActiveCfg = Release|Any CPU
		{ADB1C795-A6AA-4CB8-82AE-2B8D10E22220}.Release|Any CPU.Build.0 = Release|Any CPU
		{38CC6C84-D5A2-45E4-B7E8-0395EBBC4CC1}.Debug|Any CPU.ActiveCfg = Debug|Any CPU
		{38CC6C84-D5A2-45E4-B7E8-0395EBBC4CC1}.Debug|Any CPU.Build.0 = Debug|Any CPU
		{38CC6C84-D5A2-45E4-B7E8-0395EBBC4CC1}.Release|Any CPU.ActiveCfg = Release|Any CPU
		{38CC6C84-D5A2-45E4-B7E8-0395EBBC4CC1}.Release|Any CPU.Build.0 = Release|Any CPU
		{40EEBA8B-4A7D-4B1B-80C6-9A4A2C3BCA4E}.Debug|Any CPU.ActiveCfg = Debug|Any CPU
		{40EEBA8B-4A7D-4B1B-80C6-9A4A2C3BCA4E}.Debug|Any CPU.Build.0 = Debug|Any CPU
		{40EEBA8B-4A7D-4B1B-80C6-9A4A2C3BCA4E}.Release|Any CPU.ActiveCfg = Release|Any CPU
		{40EEBA8B-4A7D-4B1B-80C6-9A4A2C3BCA4E}.Release|Any CPU.Build.0 = Release|Any CPU
		{8DFB3268-8865-4FE4-8E6F-8B2DCEE966D9}.Debug|Any CPU.ActiveCfg = Debug|Any CPU
		{8DFB3268-8865-4FE4-8E6F-8B2DCEE966D9}.Debug|Any CPU.Build.0 = Debug|Any CPU
		{8DFB3268-8865-4FE4-8E6F-8B2DCEE966D9}.Release|Any CPU.ActiveCfg = Release|Any CPU
		{8DFB3268-8865-4FE4-8E6F-8B2DCEE966D9}.Release|Any CPU.Build.0 = Release|Any CPU
		{1B386440-4479-4A2C-93CA-42A98426019F}.Debug|Any CPU.ActiveCfg = Debug|Any CPU
		{1B386440-4479-4A2C-93CA-42A98426019F}.Debug|Any CPU.Build.0 = Debug|Any CPU
		{1B386440-4479-4A2C-93CA-42A98426019F}.Release|Any CPU.ActiveCfg = Release|Any CPU
		{1B386440-4479-4A2C-93CA-42A98426019F}.Release|Any CPU.Build.0 = Release|Any CPU
		{8D36215F-1B37-451A-9CF6-8CD77F55E6AA}.Debug|Any CPU.ActiveCfg = Debug|Any CPU
		{8D36215F-1B37-451A-9CF6-8CD77F55E6AA}.Debug|Any CPU.Build.0 = Debug|Any CPU
		{8D36215F-1B37-451A-9CF6-8CD77F55E6AA}.Release|Any CPU.ActiveCfg = Release|Any CPU
		{8D36215F-1B37-451A-9CF6-8CD77F55E6AA}.Release|Any CPU.Build.0 = Release|Any CPU
		{6C2725CB-DFC3-47EF-A85B-361A7FF9E92D}.Debug|Any CPU.ActiveCfg = Debug|Any CPU
		{6C2725CB-DFC3-47EF-A85B-361A7FF9E92D}.Debug|Any CPU.Build.0 = Debug|Any CPU
		{6C2725CB-DFC3-47EF-A85B-361A7FF9E92D}.Release|Any CPU.ActiveCfg = Release|Any CPU
		{6C2725CB-DFC3-47EF-A85B-361A7FF9E92D}.Release|Any CPU.Build.0 = Release|Any CPU
		{66640B71-2137-4011-B17E-66C5120B94A4}.Debug|Any CPU.ActiveCfg = Debug|Any CPU
		{66640B71-2137-4011-B17E-66C5120B94A4}.Debug|Any CPU.Build.0 = Debug|Any CPU
		{66640B71-2137-4011-B17E-66C5120B94A4}.Release|Any CPU.ActiveCfg = Release|Any CPU
		{66640B71-2137-4011-B17E-66C5120B94A4}.Release|Any CPU.Build.0 = Release|Any CPU
		{26D4B9D7-C39F-4246-BF65-40670A35B79B}.Debug|Any CPU.ActiveCfg = Debug|Any CPU
		{26D4B9D7-C39F-4246-BF65-40670A35B79B}.Debug|Any CPU.Build.0 = Debug|Any CPU
		{26D4B9D7-C39F-4246-BF65-40670A35B79B}.Release|Any CPU.ActiveCfg = Release|Any CPU
		{26D4B9D7-C39F-4246-BF65-40670A35B79B}.Release|Any CPU.Build.0 = Release|Any CPU
		{470BA0C8-FE2E-4DB9-92C8-6F37095688EE}.Debug|Any CPU.ActiveCfg = Debug|Any CPU
		{470BA0C8-FE2E-4DB9-92C8-6F37095688EE}.Debug|Any CPU.Build.0 = Debug|Any CPU
		{470BA0C8-FE2E-4DB9-92C8-6F37095688EE}.Release|Any CPU.ActiveCfg = Release|Any CPU
		{470BA0C8-FE2E-4DB9-92C8-6F37095688EE}.Release|Any CPU.Build.0 = Release|Any CPU
		{8363A28D-668C-44EA-B20A-8866E0D5814C}.Debug|Any CPU.ActiveCfg = Debug|Any CPU
		{8363A28D-668C-44EA-B20A-8866E0D5814C}.Debug|Any CPU.Build.0 = Debug|Any CPU
		{8363A28D-668C-44EA-B20A-8866E0D5814C}.Release|Any CPU.ActiveCfg = Release|Any CPU
		{8363A28D-668C-44EA-B20A-8866E0D5814C}.Release|Any CPU.Build.0 = Release|Any CPU
		{5E8E77CA-BB23-45DE-AADD-236CAFBC66E3}.Debug|Any CPU.ActiveCfg = Debug|Any CPU
		{5E8E77CA-BB23-45DE-AADD-236CAFBC66E3}.Debug|Any CPU.Build.0 = Debug|Any CPU
		{5E8E77CA-BB23-45DE-AADD-236CAFBC66E3}.Release|Any CPU.ActiveCfg = Release|Any CPU
		{5E8E77CA-BB23-45DE-AADD-236CAFBC66E3}.Release|Any CPU.Build.0 = Release|Any CPU
		{68E0E09A-F600-4A8B-AEBE-2907E5966127}.Debug|Any CPU.ActiveCfg = Debug|Any CPU
		{68E0E09A-F600-4A8B-AEBE-2907E5966127}.Debug|Any CPU.Build.0 = Debug|Any CPU
		{68E0E09A-F600-4A8B-AEBE-2907E5966127}.Release|Any CPU.ActiveCfg = Release|Any CPU
		{68E0E09A-F600-4A8B-AEBE-2907E5966127}.Release|Any CPU.Build.0 = Release|Any CPU
		{AAD6C913-2503-456F-A593-C0A36C07BD35}.Debug|Any CPU.ActiveCfg = Debug|Any CPU
		{AAD6C913-2503-456F-A593-C0A36C07BD35}.Debug|Any CPU.Build.0 = Debug|Any CPU
		{AAD6C913-2503-456F-A593-C0A36C07BD35}.Release|Any CPU.ActiveCfg = Release|Any CPU
		{AAD6C913-2503-456F-A593-C0A36C07BD35}.Release|Any CPU.Build.0 = Release|Any CPU
		{2886F449-8488-4883-A80B-B29775D18B29}.Debug|Any CPU.ActiveCfg = Debug|Any CPU
		{2886F449-8488-4883-A80B-B29775D18B29}.Debug|Any CPU.Build.0 = Debug|Any CPU
		{2886F449-8488-4883-A80B-B29775D18B29}.Release|Any CPU.ActiveCfg = Release|Any CPU
		{2886F449-8488-4883-A80B-B29775D18B29}.Release|Any CPU.Build.0 = Release|Any CPU
		{4C2BE232-4DBD-44D0-B427-0450E2D857A5}.Debug|Any CPU.ActiveCfg = Debug|Any CPU
		{4C2BE232-4DBD-44D0-B427-0450E2D857A5}.Debug|Any CPU.Build.0 = Debug|Any CPU
		{4C2BE232-4DBD-44D0-B427-0450E2D857A5}.Release|Any CPU.ActiveCfg = Release|Any CPU
		{4C2BE232-4DBD-44D0-B427-0450E2D857A5}.Release|Any CPU.Build.0 = Release|Any CPU
		{91DB99C3-50A9-4DED-AB90-2FF94D0B130E}.Debug|Any CPU.ActiveCfg = Debug|Any CPU
		{91DB99C3-50A9-4DED-AB90-2FF94D0B130E}.Debug|Any CPU.Build.0 = Debug|Any CPU
		{91DB99C3-50A9-4DED-AB90-2FF94D0B130E}.Release|Any CPU.ActiveCfg = Release|Any CPU
		{91DB99C3-50A9-4DED-AB90-2FF94D0B130E}.Release|Any CPU.Build.0 = Release|Any CPU
	EndGlobalSection
	GlobalSection(SolutionProperties) = preSolution
		HideSolutionNode = FALSE
	EndGlobalSection
	GlobalSection(NestedProjects) = preSolution
		{78B1F2A1-DCC3-4ED3-8CE0-16E0781B59FA} = {B2A6969F-9504-44F3-929C-2D4C4FAB1576}
		{8DFB3268-8865-4FE4-8E6F-8B2DCEE966D9} = {B2A6969F-9504-44F3-929C-2D4C4FAB1576}
		{1B386440-4479-4A2C-93CA-42A98426019F} = {B2A6969F-9504-44F3-929C-2D4C4FAB1576}
		{5E8E77CA-BB23-45DE-AADD-236CAFBC66E3} = {B2A6969F-9504-44F3-929C-2D4C4FAB1576}
		{ADB1C795-A6AA-4CB8-82AE-2B8D10E22220} = {22CE73E4-F469-434C-AC5D-D926EBBAC3D5}
		{38CC6C84-D5A2-45E4-B7E8-0395EBBC4CC1} = {22CE73E4-F469-434C-AC5D-D926EBBAC3D5}
		{470BA0C8-FE2E-4DB9-92C8-6F37095688EE} = {22CE73E4-F469-434C-AC5D-D926EBBAC3D5}
		{40EEBA8B-4A7D-4B1B-80C6-9A4A2C3BCA4E} = {EBD76DE0-71C7-4A7B-9AB8-BDC301995563}
		{26D4B9D7-C39F-4246-BF65-40670A35B79B} = {EBD76DE0-71C7-4A7B-9AB8-BDC301995563}
		{8363A28D-668C-44EA-B20A-8866E0D5814C} = {EBD76DE0-71C7-4A7B-9AB8-BDC301995563}
		{2886F449-8488-4883-A80B-B29775D18B29} = {EBD76DE0-71C7-4A7B-9AB8-BDC301995563}
		{6C2725CB-DFC3-47EF-A85B-361A7FF9E92D} = {60585263-8161-481E-A39A-0DAEE2BEB80C}
		{66640B71-2137-4011-B17E-66C5120B94A4} = {60585263-8161-481E-A39A-0DAEE2BEB80C}
		{68E0E09A-F600-4A8B-AEBE-2907E5966127} = {60585263-8161-481E-A39A-0DAEE2BEB80C}
		{8D36215F-1B37-451A-9CF6-8CD77F55E6AA} = {60585263-8161-481E-A39A-0DAEE2BEB80C}
		{AAD6C913-2503-456F-A593-C0A36C07BD35} = {C44562AB-7261-436D-A164-C6ACD16B34E5}
		{4C2BE232-4DBD-44D0-B427-0450E2D857A5} = {C44562AB-7261-436D-A164-C6ACD16B34E5}
		{91DB99C3-50A9-4DED-AB90-2FF94D0B130E} = {C44562AB-7261-436D-A164-C6ACD16B34E5}
	EndGlobalSection
EndGlobal
