
Microsoft Visual Studio Solution File, Format Version 12.00
# Visual Studio 2013
VisualStudioVersion = 12.0.30723.0
MinimumVisualStudioVersion = 10.0.40219.1
Project("{2150E333-8FDC-42A3-9474-1A3956D46DE8}") = "Web", "Web", "{22CE73E4-F469-434C-AC5D-D926EBBAC3D5}"
EndProject
Project("{2150E333-8FDC-42A3-9474-1A3956D46DE8}") = ".nuget", ".nuget", "{5E3F44C3-F6EA-4955-A065-56E945A19699}"
	ProjectSection(SolutionItems) = preProject
		.nuget\NuGet.Config = .nuget\NuGet.Config
		.nuget\NuGet.exe = .nuget\NuGet.exe
		.nuget\NuGet.targets = .nuget\NuGet.targets
	EndProjectSection
EndProject
Project("{2150E333-8FDC-42A3-9474-1A3956D46DE8}") = "Domain", "Domain", "{9EB317AB-3B6E-4CEB-864B-B1D60B06A536}"
EndProject
Project("{2150E333-8FDC-42A3-9474-1A3956D46DE8}") = "Application", "Application", "{2EC3ADC0-EB51-4D4B-9B87-8D159C1326C4}"
EndProject
Project("{2150E333-8FDC-42A3-9474-1A3956D46DE8}") = "Infrastructure", "Infrastructure", "{BCDF5FEE-AD2B-40E3-93C3-3DFA7D38B684}"
EndProject
Project("{2150E333-8FDC-42A3-9474-1A3956D46DE8}") = "Tests", "Tests", "{EB6F2C1E-20C0-4C55-B5D9-70FBA59E5CF0}"
EndProject
Project("{2150E333-8FDC-42A3-9474-1A3956D46DE8}") = "Infrastructure", "Infrastructure", "{FE64F0B2-36A4-4F41-8912-81E864E1AF6C}"
EndProject
Project("{2150E333-8FDC-42A3-9474-1A3956D46DE8}") = "Application", "Application", "{9C779D83-B3D7-4F5E-A20B-9DA2441733E6}"
EndProject
Project("{2150E333-8FDC-42A3-9474-1A3956D46DE8}") = "Web", "Web", "{8B52C549-CC01-4411-B801-E09FDCCD54C8}"
EndProject
Project("{2150E333-8FDC-42A3-9474-1A3956D46DE8}") = "Services", "Services", "{620A2A3B-BC44-409A-9C74-75D2A9C75F79}"
EndProject
Project("{2150E333-8FDC-42A3-9474-1A3956D46DE8}") = "Processes", "Processes", "{99003A13-CC36-4274-9CC2-9F6350B31492}"
EndProject
Project("{2150E333-8FDC-42A3-9474-1A3956D46DE8}") = "Domain", "Domain", "{50739E9C-CFCF-4A42-95B9-443D46850B77}"
EndProject
Project("{FAE04EC0-301F-11D3-BF4B-00C04F79EFBC}") = "SFA.Apprenticeships.Web.Common", "SFA.Apprenticeships.Web.Common\SFA.Apprenticeships.Web.Common.csproj", "{ADB1C795-A6AA-4CB8-82AE-2B8D10E22220}"
EndProject
Project("{FAE04EC0-301F-11D3-BF4B-00C04F79EFBC}") = "SFA.Apprenticeships.Web.Candidate", "SFA.Apprenticeships.Web.Candidate\SFA.Apprenticeships.Web.Candidate.csproj", "{470BA0C8-FE2E-4DB9-92C8-6F37095688EE}"
EndProject
Project("{FAE04EC0-301F-11D3-BF4B-00C04F79EFBC}") = "SFA.Apprenticeships.Domain.Interfaces", "SFA.Apprenticeships.Domain.Interfaces\SFA.Apprenticeships.Domain.Interfaces.csproj", "{91DB99C3-50A9-4DED-AB90-2FF94D0B130E}"
EndProject
Project("{FAE04EC0-301F-11D3-BF4B-00C04F79EFBC}") = "SFA.Apprenticeships.Domain.Entities", "SFA.Apprenticeships.Domain.Entities\SFA.Apprenticeships.Domain.Entities.csproj", "{4C2BE232-4DBD-44D0-B427-0450E2D857A5}"
EndProject
Project("{FAE04EC0-301F-11D3-BF4B-00C04F79EFBC}") = "SFA.Apprenticeships.Application.Interfaces", "SFA.Apprenticeships.Application.Interfaces\SFA.Apprenticeships.Application.Interfaces.csproj", "{2C577447-2405-46B3-8065-613A19A58541}"
EndProject
Project("{FAE04EC0-301F-11D3-BF4B-00C04F79EFBC}") = "SFA.Apprenticeships.Infrastructure.Common", "SFA.Apprenticeships.Infrastructure.Common\SFA.Apprenticeships.Infrastructure.Common.csproj", "{78B1F2A1-DCC3-4ED3-8CE0-16E0781B59FA}"
EndProject
Project("{FAE04EC0-301F-11D3-BF4B-00C04F79EFBC}") = "SFA.Apprenticeships.Infrastructure.Azure.Common", "SFA.Apprenticeships.Infrastructure.Azure.Common\SFA.Apprenticeships.Infrastructure.Azure.Common.csproj", "{4FE5E4BE-91DF-49C6-B6CD-9B69FCD0C0FE}"
EndProject
Project("{FAE04EC0-301F-11D3-BF4B-00C04F79EFBC}") = "SFA.Apprenticeships.Infrastructure.RabbitMq", "SFA.Apprenticeships.Infrastructure.RabbitMq\SFA.Apprenticeships.Infrastructure.RabbitMq.csproj", "{480622E1-7624-449C-904F-AF7FD3590BEF}"
EndProject
Project("{FAE04EC0-301F-11D3-BF4B-00C04F79EFBC}") = "SFA.Apprenticeships.Infrastructure.Logging", "SFA.Apprenticeships.Infrastructure.Logging\SFA.Apprenticeships.Infrastructure.Logging.csproj", "{A2D82061-BCBD-4030-9EB4-5148AEE79241}"
EndProject
Project("{FAE04EC0-301F-11D3-BF4B-00C04F79EFBC}") = "SFA.Apprenticeships.Infrastructure.LegacyWebServices", "SFA.Apprenticeships.Infrastructure.LegacyWebServices\SFA.Apprenticeships.Infrastructure.LegacyWebServices.csproj", "{6E8E77CA-BB23-45DE-AADD-236CAFBC66E3}"
EndProject
Project("{FAE04EC0-301F-11D3-BF4B-00C04F79EFBC}") = "SFA.Apprenticeships.Application.Vacancy", "SFA.Apprenticeships.Application.Vacancy\SFA.Apprenticeships.Application.Vacancy.csproj", "{67CDACCD-5217-4110-8432-C6EF164BAA0D}"
EndProject
Project("{FAE04EC0-301F-11D3-BF4B-00C04F79EFBC}") = "SFA.Apprenticeships.Infrastructure.VacancyEtl", "SFA.Apprenticeships.Infrastructure.VacancyEtl\SFA.Apprenticeships.Infrastructure.VacancyEtl.csproj", "{0491054E-CAF4-4321-BE1D-3E44E739421C}"
EndProject
Project("{FAE04EC0-301F-11D3-BF4B-00C04F79EFBC}") = "SFA.Apprenticeships.Application.VacancyEtl", "SFA.Apprenticeships.Application.VacancyEtl\SFA.Apprenticeships.Application.VacancyEtl.csproj", "{04796403-0EDF-4A8D-B725-180A9F83D958}"
EndProject
Project("{FAE04EC0-301F-11D3-BF4B-00C04F79EFBC}") = "SFA.Apprenticeships.Infrastructure.Caching.Memory", "SFA.Apprenticeships.Infrastructure.Caching.Memory\SFA.Apprenticeships.Infrastructure.Caching.Memory.csproj", "{B1628369-3014-4A8B-BFFD-49CB8ADF3BD2}"
EndProject
Project("{FAE04EC0-301F-11D3-BF4B-00C04F79EFBC}") = "SFA.Apprenticeships.Infrastructure.Caching.Azure", "SFA.Apprenticeships.Infrastructure.Caching.Azure\SFA.Apprenticeships.Infrastructure.Caching.Azure.csproj", "{B3285E4A-29DD-4CB6-B8C9-51AA06DB4F83}"
EndProject
Project("{FAE04EC0-301F-11D3-BF4B-00C04F79EFBC}") = "SFA.Apprenticeships.Infrastructure.Postcode", "SFA.Apprenticeships.Infrastructure.Postcode\SFA.Apprenticeships.Infrastructure.Postcode.csproj", "{ABD48D09-C35E-42CE-8A4D-81550C2B8554}"
EndProject
Project("{FAE04EC0-301F-11D3-BF4B-00C04F79EFBC}") = "SFA.Apprenticeships.Application.Address", "SFA.Apprenticeships.Application.Address\SFA.Apprenticeships.Application.Address.csproj", "{1B386440-4479-4A2C-93CA-42A98426019F}"
EndProject
Project("{FAE04EC0-301F-11D3-BF4B-00C04F79EFBC}") = "SFA.Apprenticeships.Application.Location", "SFA.Apprenticeships.Application.Location\SFA.Apprenticeships.Application.Location.csproj", "{A64FC67F-C873-4422-93DD-FBD8A6370EC3}"
EndProject
Project("{FAE04EC0-301F-11D3-BF4B-00C04F79EFBC}") = "SFA.Apprenticeships.Infrastructure.Caching.IntegrationTests", "SFA.Apprenticeships.Infrastructure.Caching.IntegrationTests\SFA.Apprenticeships.Infrastructure.Caching.IntegrationTests.csproj", "{5E9B2C61-1823-4A9D-871E-8CFAF8C0B57E}"
EndProject
Project("{FAE04EC0-301F-11D3-BF4B-00C04F79EFBC}") = "SFA.Apprenticeships.Infrastructure.Common.UnitTests", "SFA.Apprenticeships.Infrastructure.Common.UnitTests\SFA.Apprenticeships.Infrastructure.Common.UnitTests.csproj", "{2886F449-8488-4883-A80B-B29775D18B29}"
EndProject
Project("{FAE04EC0-301F-11D3-BF4B-00C04F79EFBC}") = "SFA.Apprenticeships.Infrastructure.LegacyWebServices.UnitTests", "SFA.Apprenticeships.Infrastructure.LegacyWebServices.UnitTests\SFA.Apprenticeships.Infrastructure.LegacyWebServices.UnitTests.csproj", "{5BF785FC-214D-4ABF-87E8-91D6D59E0C92}"
EndProject
Project("{FAE04EC0-301F-11D3-BF4B-00C04F79EFBC}") = "SFA.Apprenticeships.Infrastructure.Postcode.IntegrationTests", "SFA.Apprenticeships.Infrastructure.Postcode.IntegrationTests\SFA.Apprenticeships.Infrastructure.Postcode.IntegrationTests.csproj", "{8363A28D-668C-44EA-B20A-8866E0D5814C}"
EndProject
Project("{FAE04EC0-301F-11D3-BF4B-00C04F79EFBC}") = "SFA.Apprenticeships.Infrastructure.RabbitMq.UnitTests", "SFA.Apprenticeships.Infrastructure.RabbitMq.UnitTests\SFA.Apprenticeships.Infrastructure.RabbitMq.UnitTests.csproj", "{8020D8ED-8D88-46DF-A6D9-82D8E1FB8ADD}"
EndProject
Project("{FAE04EC0-301F-11D3-BF4B-00C04F79EFBC}") = "SFA.Apprenticeships.Infrastructure.LegacyWebServices.IntegrationTests", "SFA.Apprenticeships.Infrastructure.LegacyWebServices.IntegrationTests\SFA.Apprenticeships.Infrastructure.LegacyWebServices.IntegrationTests.csproj", "{2BAA69B1-D0C4-447A-8D16-4473C2183CC2}"
EndProject
Project("{FAE04EC0-301F-11D3-BF4B-00C04F79EFBC}") = "SFA.Apprenticeships.Infrastructure.RabbitMq.IntegrationTests", "SFA.Apprenticeships.Infrastructure.RabbitMq.IntegrationTests\SFA.Apprenticeships.Infrastructure.RabbitMq.IntegrationTests.csproj", "{CB59423F-9641-4E65-B46F-7670CF0CE479}"
EndProject
Project("{FAE04EC0-301F-11D3-BF4B-00C04F79EFBC}") = "SFA.Apprenticeships.Infrastructure.VacancyEtl.UnitTests", "SFA.Apprenticeships.Infrastructure.VacancyEtl.UnitTests\SFA.Apprenticeships.Infrastructure.VacancyEtl.UnitTests.csproj", "{7834ED7D-C239-4A76-93A5-744E8798D439}"
EndProject
Project("{FAE04EC0-301F-11D3-BF4B-00C04F79EFBC}") = "SFA.Apprenticeships.Infrastructure.VacancySearch", "SFA.Apprenticeships.Infrastructure.VacancySearch\SFA.Apprenticeships.Infrastructure.VacancySearch.csproj", "{913445EC-3175-4AFB-869C-F03B6FD2940A}"
EndProject
Project("{FAE04EC0-301F-11D3-BF4B-00C04F79EFBC}") = "SFA.Apprenticeships.Infrastructure.VacancyIndexer", "SFA.Apprenticeships.Infrastructure.VacancyIndexer\SFA.Apprenticeships.Infrastructure.VacancyIndexer.csproj", "{02D19199-A4BB-484A-AA48-208C7B6D819F}"
EndProject
Project("{FAE04EC0-301F-11D3-BF4B-00C04F79EFBC}") = "SFA.Apprenticeships.Infrastructure.VacancyIndexer.IntegrationTests", "SFA.Apprenticeships.Infrastructure.VacancyIndexer.IntegrationTests\SFA.Apprenticeships.Infrastructure.VacancyIndexer.IntegrationTests.csproj", "{4A4346C1-4742-476E-9626-4F31CD6432D4}"
EndProject
Project("{FAE04EC0-301F-11D3-BF4B-00C04F79EFBC}") = "SFA.Apprenticeships.Infrastructure.Elastic.Common", "SFA.Apprenticeships.Infrastructure.Elastic.Common\SFA.Apprenticeships.Infrastructure.Elastic.Common.csproj", "{F75B0C62-89B5-473D-AF2D-366A5A6722AC}"
EndProject
Project("{FAE04EC0-301F-11D3-BF4B-00C04F79EFBC}") = "SFA.Apprenticeships.Infrastructure.Elastic.Common.UnitTests", "SFA.Apprenticeships.Infrastructure.Elastic.Common.UnitTests\SFA.Apprenticeships.Infrastructure.Elastic.Common.UnitTests.csproj", "{C9034A07-3292-40B8-BD96-C74BB458AE51}"
EndProject
Project("{FAE04EC0-301F-11D3-BF4B-00C04F79EFBC}") = "SFA.Apprenticeships.Infrastructure.LocationLookup", "SFA.Apprenticeships.Infrastructure.LocationLookup\SFA.Apprenticeships.Infrastructure.LocationLookup.csproj", "{1C6F7710-0AE6-4D9F-BC73-0FAA9C9C60CA}"
EndProject
Project("{FAE04EC0-301F-11D3-BF4B-00C04F79EFBC}") = "SFA.Apprenticeships.Infrastructure.LocationLookup.IntegrationTests", "SFA.Apprenticeships.Infrastructure.LocationLookup.IntegrationTests\SFA.Apprenticeships.Infrastructure.LocationLookup.IntegrationTests.csproj", "{134A03E5-1F77-4644-B8E6-43BBF5EF3918}"
EndProject
Project("{FAE04EC0-301F-11D3-BF4B-00C04F79EFBC}") = "SFA.Apprenticeships.Web.Candidate.UnitTests", "SFA.Apprenticeships.Web.Candidate.UnitTests\SFA.Apprenticeships.Web.Candidate.UnitTests.csproj", "{80129D31-FBAC-42B0-9A96-251C71E86BC7}"
EndProject
Project("{FAE04EC0-301F-11D3-BF4B-00C04F79EFBC}") = "SFA.Apprenticeships.Domain.Entities.UnitTests", "SFA.Apprenticeships.Domain.Entities.UnitTests\SFA.Apprenticeships.Domain.Entities.UnitTests.csproj", "{4741B9B0-C694-4D34-8D30-D5B82BC87724}"
EndProject
Project("{CC5FD16D-436D-48AD-A40C-5A424C6E3E79}") = "SFA.Apprenticeships.Web.Candidate.Azure", "SFA.Apprenticeships.Web.Candidate.Azure\SFA.Apprenticeships.Web.Candidate.Azure.ccproj", "{AF84EB1F-B9E9-4269-B2B4-452A6D92897A}"
EndProject
Project("{FAE04EC0-301F-11D3-BF4B-00C04F79EFBC}") = "SFA.Apprenticeships.Infrastructure.Azure.Session", "SFA.Apprenticeships.Infrastructure.Azure.Session\SFA.Apprenticeships.Infrastructure.Azure.Session.csproj", "{2FC1A9D8-E66E-49D0-BEFF-C845AFDF34F6}"
EndProject
Project("{FAE04EC0-301F-11D3-BF4B-00C04F79EFBC}") = "SFA.Apprenticeships.Application.Candidate", "SFA.Apprenticeships.Application.Candidate\SFA.Apprenticeships.Application.Candidate.csproj", "{984F8CD2-61B3-48A4-B0CC-5D05E235983D}"
EndProject
Project("{FAE04EC0-301F-11D3-BF4B-00C04F79EFBC}") = "SFA.Apprenticeships.Infrastructure.Mongo.Common", "SFA.Apprenticeships.Infrastructure.Mongo.Common\SFA.Apprenticeships.Infrastructure.Mongo.Common.csproj", "{CE62BDE8-C127-4808-95F8-5F5E24485830}"
EndProject
Project("{FAE04EC0-301F-11D3-BF4B-00C04F79EFBC}") = "SFA.Apprenticeships.Infrastructure.Repositories.Applications", "SFA.Apprenticeships.Infrastructure.Repositories.Applications\SFA.Apprenticeships.Infrastructure.Repositories.Applications.csproj", "{91822365-711D-4976-AD7F-069063D8B487}"
EndProject
Project("{FAE04EC0-301F-11D3-BF4B-00C04F79EFBC}") = "SFA.Apprenticeships.Infrastructure.Repositories.Candidates", "SFA.Apprenticeships.Infrastructure.Repositories.Candidates\SFA.Apprenticeships.Infrastructure.Repositories.Candidates.csproj", "{AA87BD85-5A33-46B8-B26F-C6B680876486}"
EndProject
Project("{FAE04EC0-301F-11D3-BF4B-00C04F79EFBC}") = "SFA.Apprenticeships.Infrastructure.Repositories.IntegrationTests", "SFA.Apprenticeships.Infrastructure.Repositories.IntegrationTests\SFA.Apprenticeships.Infrastructure.Repositories.IntegrationTests.csproj", "{86331199-E70F-4D51-8584-5C2476855D29}"
EndProject
Project("{FAE04EC0-301F-11D3-BF4B-00C04F79EFBC}") = "SFA.Apprenticeships.Infrastructure.Communication", "SFA.Apprenticeships.Infrastructure.Communication\SFA.Apprenticeships.Infrastructure.Communication.csproj", "{D34D27D3-79A9-407E-86EF-AF3AC0EA024B}"
EndProject
Project("{FAE04EC0-301F-11D3-BF4B-00C04F79EFBC}") = "SFA.Apprenticeships.Application.Communication", "SFA.Apprenticeships.Application.Communication\SFA.Apprenticeships.Application.Communication.csproj", "{C91E4093-3348-43ED-B386-CF70000FFCB3}"
EndProject
Project("{FAE04EC0-301F-11D3-BF4B-00C04F79EFBC}") = "SFA.Apprenticeships.Infrastructure.Repositories.Users", "SFA.Apprenticeships.Infrastructure.Repositories.Users\SFA.Apprenticeships.Infrastructure.Repositories.Users.csproj", "{4696D786-2F3C-4A12-BD6B-38E2981D6DF1}"
EndProject
Project("{FAE04EC0-301F-11D3-BF4B-00C04F79EFBC}") = "SFA.Apprenticeships.Application.UnitTests", "SFA.Apprenticeships.Application.UnitTests\SFA.Apprenticeships.Application.UnitTests.csproj", "{980296FF-5859-4FB1-8100-A836ED103FE4}"
EndProject
Project("{FAE04EC0-301F-11D3-BF4B-00C04F79EFBC}") = "SFA.Apprenticeships.Infrastructure.Address", "SFA.Apprenticeships.Infrastructure.Address\SFA.Apprenticeships.Infrastructure.Address.csproj", "{969662B6-BB64-48EE-880D-9646AB6146A4}"
EndProject
Project("{FAE04EC0-301F-11D3-BF4B-00C04F79EFBC}") = "SFA.Apprenticeships.Application.Authentication", "SFA.Apprenticeships.Application.Authentication\SFA.Apprenticeships.Application.Authentication.csproj", "{2752E3B6-358D-4C06-A31F-867304CAC53D}"
EndProject
Project("{FAE04EC0-301F-11D3-BF4B-00C04F79EFBC}") = "SFA.Apprenticeships.Infrastructure.Communication.IntegrationTests", "SFA.Apprenticeships.Infrastructure.Communication.IntegrationTests\SFA.Apprenticeships.Infrastructure.Communication.IntegrationTests.csproj", "{C6AB7681-98BD-4EF5-8A3B-9607A59FFF44}"
EndProject
Project("{FAE04EC0-301F-11D3-BF4B-00C04F79EFBC}") = "SFA.Apprenticeships.Infrastructure.UserDirectory", "SFA.Apprenticeships.Infrastructure.UserDirectory\SFA.Apprenticeships.Infrastructure.UserDirectory.csproj", "{3FD05F32-F39C-4ACF-8B3B-571B2D20899E}"
EndProject
Project("{FAE04EC0-301F-11D3-BF4B-00C04F79EFBC}") = "SFA.Apprenticeships.Infrastructure.AsyncProcessor", "SFA.Apprenticeships.Infrastructure.AsyncProcessor\SFA.Apprenticeships.Infrastructure.AsyncProcessor.csproj", "{D1BC4A28-A7AB-475E-B73E-5564897550BA}"
EndProject
Project("{FAE04EC0-301F-11D3-BF4B-00C04F79EFBC}") = "SFA.Apprenticeships.Infrastructure.UserDirectory.UnitTests", "SFA.Apprenticeships.Infrastructure.UserDirectory.UnitTests\SFA.Apprenticeships.Infrastructure.UserDirectory.UnitTests.csproj", "{64BB68D9-4F1A-4724-9DF0-3E5E20BBDF58}"
EndProject
Project("{FAE04EC0-301F-11D3-BF4B-00C04F79EFBC}") = "SFA.Apprenticeships.Infrastructure.UserDirectory.IntegrationTests", "SFA.Apprenticeships.Infrastructure.UserDirectory.IntegrationTests\SFA.Apprenticeships.Infrastructure.UserDirectory.IntegrationTests.csproj", "{AC61A264-5D06-4FF3-BF54-99C9B525E360}"
EndProject
Project("{FAE04EC0-301F-11D3-BF4B-00C04F79EFBC}") = "SFA.Apprenticeships.Application.UserAccount", "SFA.Apprenticeships.Application.UserAccount\SFA.Apprenticeships.Application.UserAccount.csproj", "{F01914FA-A911-4345-ACD4-FD80ADE21A8C}"
EndProject
Project("{FAE04EC0-301F-11D3-BF4B-00C04F79EFBC}") = "SFA.Apprenticeships.Application.ApplicationUpdate", "SFA.Apprenticeships.Application.ApplicationUpdate\SFA.Apprenticeships.Application.ApplicationUpdate.csproj", "{F5F29922-2FBC-4BF4-9CBB-424A71FD98C1}"
EndProject
Project("{FAE04EC0-301F-11D3-BF4B-00C04F79EFBC}") = "SFA.Apprenticeships.Infrastructure.ApplicationEtl", "SFA.Apprenticeships.Infrastructure.ApplicationEtl\SFA.Apprenticeships.Infrastructure.ApplicationEtl.csproj", "{238A2637-CA77-4460-9C11-F7549287A152}"
EndProject
Project("{FAE04EC0-301F-11D3-BF4B-00C04F79EFBC}") = "SFA.Apprenticeships.Web.Candidate.AcceptanceTests", "SFA.Apprenticeships.Web.Candidate.AcceptanceTests\SFA.Apprenticeships.Web.Candidate.AcceptanceTests.csproj", "{AA7B0394-9287-4A30-AF7E-B349C07528F1}"
EndProject
Project("{FAE04EC0-301F-11D3-BF4B-00C04F79EFBC}") = "SFA.Apprenticeships.Infrastructure.VacancySearch.UnitTests", "SFA.Apprenticeships.Infrastructure.VacancySearch.UnitTests\SFA.Apprenticeships.Infrastructure.VacancySearch.UnitTests.csproj", "{7A6640F8-921A-4893-B9DE-BF91BCD4A9E2}"
EndProject
Project("{FAE04EC0-301F-11D3-BF4B-00C04F79EFBC}") = "SFA.Apprenticeships.Infrastructure.Monitor", "SFA.Apprenticeships.Infrastructure.Monitor\SFA.Apprenticeships.Infrastructure.Monitor.csproj", "{61619F66-5F17-4EF7-A8CF-BA720BEA3AD3}"
EndProject
Project("{CC5FD16D-436D-48AD-A40C-5A424C6E3E79}") = "SFA.Apprenticeships.Infrastructure.WorkerRoles.Azure", "SFA.Apprenticeships.Infrastructure.WorkerRoles.Azure\SFA.Apprenticeships.Infrastructure.WorkerRoles.Azure.ccproj", "{3F950894-DDC7-436F-9DF7-8236C76CBCEC}"
EndProject
Project("{2150E333-8FDC-42A3-9474-1A3956D46DE8}") = "CustomHosts", "CustomHosts", "{71096F4A-FC09-4E22-A61A-93D78A5B8498}"
EndProject
Project("{FAE04EC0-301F-11D3-BF4B-00C04F79EFBC}") = "SFA.Apprenticeships.CustomHosts.AsyncProcessorService", "SFA.Apprenticeships.CustomHosts.AsyncProcessorService\SFA.Apprenticeships.CustomHosts.AsyncProcessorService.csproj", "{E83CC632-D81D-4D9F-B044-6725BD9BB210}"
EndProject
Project("{2150E333-8FDC-42A3-9474-1A3956D46DE8}") = "Tools", "Tools", "{37F78283-62CA-418D-9548-4EF7A6C126B7}"
EndProject
Project("{FAE04EC0-301F-11D3-BF4B-00C04F79EFBC}") = "SFA.Apprenticeships.Infrastructure.Address.PostcodeSearch", "SFA.Apprenticeships.Infrastructure.Address.PostcodeSearch\SFA.Apprenticeships.Infrastructure.Address.PostcodeSearch.csproj", "{21780C05-99C2-4C0B-9691-01C3CDA64470}"
EndProject
Project("{FAE04EC0-301F-11D3-BF4B-00C04F79EFBC}") = "SFA.Apprenticeships.Infrastructure.PerformanceCounters", "SFA.Apprenticeships.Infrastructure.PerformanceCounters\SFA.Apprenticeships.Infrastructure.PerformanceCounters.csproj", "{AB4C03CD-F947-4CD5-BF12-8912E7FE97C3}"
EndProject
Project("{FAE04EC0-301F-11D3-BF4B-00C04F79EFBC}") = "SFA.Apprenticeships.Web.Common.Tests", "SFA.Apprenticeships.Web.Common.Tests\SFA.Apprenticeships.Web.Common.Tests.csproj", "{3CA36139-BBDD-4305-B15A-E9500606B672}"
EndProject
Project("{FAE04EC0-301F-11D3-BF4B-00C04F79EFBC}") = "SFA.Apprenticeships.Infrastructure.Repositories.Authentication", "SFA.Apprenticeships.Infrastructure.Repositories.Authentication\SFA.Apprenticeships.Infrastructure.Repositories.Authentication.csproj", "{2D21EA2D-CE77-4795-B2F0-A172E59AC491}"
EndProject
Project("{FAE04EC0-301F-11D3-BF4B-00C04F79EFBC}") = "SFA.Apprenticeships.Diagrams", "SFA.Apprenticeships.Diagrams\SFA.Apprenticeships.Diagrams.csproj", "{8041222E-487D-40F6-816A-53AA5E3A39A3}"
EndProject
Project("{FAE04EC0-301F-11D3-BF4B-00C04F79EFBC}") = "SFA.Apprenticeships.Infrastructure.Monitor.MessageLossCheck", "SFA.Apprenticeships.Infrastructure.Monitor.MessageLossCheck\SFA.Apprenticeships.Infrastructure.Monitor.MessageLossCheck.csproj", "{9059D4C9-8970-4EC3-B54A-A8945671F187}"
EndProject
Project("{FAE04EC0-301F-11D3-BF4B-00C04F79EFBC}") = "SFA.Apprenticeships.Infrastructure.Postcode.UnitTests", "SFA.Apprenticeships.Infrastructure.Postcode.UnitTests\SFA.Apprenticeships.Infrastructure.Postcode.UnitTests.csproj", "{54DFC073-A57B-4D2E-9E27-D0661D5A9337}"
EndProject
Project("{2150E333-8FDC-42A3-9474-1A3956D46DE8}") = "Workers", "Workers", "{18D67FE8-091F-4873-871A-8B81E455DA79}"
EndProject
Project("{FAE04EC0-301F-11D3-BF4B-00C04F79EFBC}") = "SFA.Apprenticeships.Application.Communications", "SFA.Apprenticeships.Application.Communications\SFA.Apprenticeships.Application.Communications.csproj", "{D91E4093-3348-43ED-B386-CF70000FFCB3}"
EndProject
Project("{FAE04EC0-301F-11D3-BF4B-00C04F79EFBC}") = "SFA.Apprenticeships.Infrastructure.Communications", "SFA.Apprenticeships.Infrastructure.Communications\SFA.Apprenticeships.Infrastructure.Communications.csproj", "{E3E6531A-0B3B-4AFB-9ECB-3A25B3C616F8}"
EndProject
Project("{2150E333-8FDC-42A3-9474-1A3956D46DE8}") = "Repositories", "Repositories", "{A34B1856-1875-4220-A1CC-AF67CB5A521F}"
EndProject
Project("{FAE04EC0-301F-11D3-BF4B-00C04F79EFBC}") = "SFA.Apprenticeships.Infrastructure.Repositories.Communication", "SFA.Apprenticeships.Infrastructure.Repositories.Communication\SFA.Apprenticeships.Infrastructure.Repositories.Communication.csproj", "{B1278CE6-5670-49F4-85DF-350294EC151A}"
EndProject
Project("{FAE04EC0-301F-11D3-BF4B-00C04F79EFBC}") = "SFA.Apprenticeships.Application.ReferenceData", "SFA.Apprenticeships.Application.ReferenceData\SFA.Apprenticeships.Application.ReferenceData.csproj", "{5E8E77CA-BB23-45DE-AADD-236CAFBC66E3}"
EndProject
Project("{FAE04EC0-301F-11D3-BF4B-00C04F79EFBC}") = "SFA.Apprenticeships.Infrastructure.VacancySearch.IntegrationTests", "SFA.Apprenticeships.Infrastructure.VacancySearch.IntegrationTests\SFA.Apprenticeships.Infrastructure.VacancySearch.IntegrationTests.csproj", "{84104FA1-8F92-406B-B986-8972B846A922}"
EndProject
Project("{FAE04EC0-301F-11D3-BF4B-00C04F79EFBC}") = "SFA.Apprenticeships.Infrastructure.AsyncProcessor.UnitTests", "SFA.Apprenticeships.Infrastructure.AsyncProcessor.UnitTests\SFA.Apprenticeships.Infrastructure.AsyncProcessor.UnitTests.csproj", "{499AE247-0F21-4E10-A089-09A2A9B33449}"
EndProject
Global
	GlobalSection(SolutionConfigurationPlatforms) = preSolution
		Demo|Any CPU = Demo|Any CPU
		Dev|Any CPU = Dev|Any CPU
		Local|Any CPU = Local|Any CPU
		Pre|Any CPU = Pre|Any CPU
		Prod|Any CPU = Prod|Any CPU
		Sit|Any CPU = Sit|Any CPU
	EndGlobalSection
	GlobalSection(ProjectConfigurationPlatforms) = postSolution
		{ADB1C795-A6AA-4CB8-82AE-2B8D10E22220}.Demo|Any CPU.ActiveCfg = Demo|Any CPU
		{ADB1C795-A6AA-4CB8-82AE-2B8D10E22220}.Demo|Any CPU.Build.0 = Demo|Any CPU
		{ADB1C795-A6AA-4CB8-82AE-2B8D10E22220}.Dev|Any CPU.ActiveCfg = Dev|Any CPU
		{ADB1C795-A6AA-4CB8-82AE-2B8D10E22220}.Dev|Any CPU.Build.0 = Dev|Any CPU
		{ADB1C795-A6AA-4CB8-82AE-2B8D10E22220}.Local|Any CPU.ActiveCfg = Local|Any CPU
		{ADB1C795-A6AA-4CB8-82AE-2B8D10E22220}.Local|Any CPU.Build.0 = Local|Any CPU
		{ADB1C795-A6AA-4CB8-82AE-2B8D10E22220}.Pre|Any CPU.ActiveCfg = Pre|Any CPU
		{ADB1C795-A6AA-4CB8-82AE-2B8D10E22220}.Pre|Any CPU.Build.0 = Pre|Any CPU
		{ADB1C795-A6AA-4CB8-82AE-2B8D10E22220}.Prod|Any CPU.ActiveCfg = Prod|Any CPU
		{ADB1C795-A6AA-4CB8-82AE-2B8D10E22220}.Prod|Any CPU.Build.0 = Prod|Any CPU
		{ADB1C795-A6AA-4CB8-82AE-2B8D10E22220}.Sit|Any CPU.ActiveCfg = Sit|Any CPU
		{ADB1C795-A6AA-4CB8-82AE-2B8D10E22220}.Sit|Any CPU.Build.0 = Sit|Any CPU
		{470BA0C8-FE2E-4DB9-92C8-6F37095688EE}.Demo|Any CPU.ActiveCfg = Demo|Any CPU
		{470BA0C8-FE2E-4DB9-92C8-6F37095688EE}.Demo|Any CPU.Build.0 = Demo|Any CPU
		{470BA0C8-FE2E-4DB9-92C8-6F37095688EE}.Dev|Any CPU.ActiveCfg = Dev|Any CPU
		{470BA0C8-FE2E-4DB9-92C8-6F37095688EE}.Dev|Any CPU.Build.0 = Dev|Any CPU
		{470BA0C8-FE2E-4DB9-92C8-6F37095688EE}.Local|Any CPU.ActiveCfg = Local|Any CPU
		{470BA0C8-FE2E-4DB9-92C8-6F37095688EE}.Local|Any CPU.Build.0 = Local|Any CPU
		{470BA0C8-FE2E-4DB9-92C8-6F37095688EE}.Pre|Any CPU.ActiveCfg = Pre|Any CPU
		{470BA0C8-FE2E-4DB9-92C8-6F37095688EE}.Pre|Any CPU.Build.0 = Pre|Any CPU
		{470BA0C8-FE2E-4DB9-92C8-6F37095688EE}.Prod|Any CPU.ActiveCfg = Prod|Any CPU
		{470BA0C8-FE2E-4DB9-92C8-6F37095688EE}.Prod|Any CPU.Build.0 = Prod|Any CPU
		{470BA0C8-FE2E-4DB9-92C8-6F37095688EE}.Sit|Any CPU.ActiveCfg = Sit|Any CPU
		{470BA0C8-FE2E-4DB9-92C8-6F37095688EE}.Sit|Any CPU.Build.0 = Sit|Any CPU
		{91DB99C3-50A9-4DED-AB90-2FF94D0B130E}.Demo|Any CPU.ActiveCfg = Demo|Any CPU
		{91DB99C3-50A9-4DED-AB90-2FF94D0B130E}.Demo|Any CPU.Build.0 = Demo|Any CPU
		{91DB99C3-50A9-4DED-AB90-2FF94D0B130E}.Dev|Any CPU.ActiveCfg = Dev|Any CPU
		{91DB99C3-50A9-4DED-AB90-2FF94D0B130E}.Dev|Any CPU.Build.0 = Dev|Any CPU
		{91DB99C3-50A9-4DED-AB90-2FF94D0B130E}.Local|Any CPU.ActiveCfg = Local|Any CPU
		{91DB99C3-50A9-4DED-AB90-2FF94D0B130E}.Local|Any CPU.Build.0 = Local|Any CPU
		{91DB99C3-50A9-4DED-AB90-2FF94D0B130E}.Pre|Any CPU.ActiveCfg = Pre|Any CPU
		{91DB99C3-50A9-4DED-AB90-2FF94D0B130E}.Pre|Any CPU.Build.0 = Pre|Any CPU
		{91DB99C3-50A9-4DED-AB90-2FF94D0B130E}.Prod|Any CPU.ActiveCfg = Prod|Any CPU
		{91DB99C3-50A9-4DED-AB90-2FF94D0B130E}.Prod|Any CPU.Build.0 = Prod|Any CPU
		{91DB99C3-50A9-4DED-AB90-2FF94D0B130E}.Sit|Any CPU.ActiveCfg = Sit|Any CPU
		{91DB99C3-50A9-4DED-AB90-2FF94D0B130E}.Sit|Any CPU.Build.0 = Sit|Any CPU
		{4C2BE232-4DBD-44D0-B427-0450E2D857A5}.Demo|Any CPU.ActiveCfg = Demo|Any CPU
		{4C2BE232-4DBD-44D0-B427-0450E2D857A5}.Demo|Any CPU.Build.0 = Demo|Any CPU
		{4C2BE232-4DBD-44D0-B427-0450E2D857A5}.Dev|Any CPU.ActiveCfg = Dev|Any CPU
		{4C2BE232-4DBD-44D0-B427-0450E2D857A5}.Dev|Any CPU.Build.0 = Dev|Any CPU
		{4C2BE232-4DBD-44D0-B427-0450E2D857A5}.Local|Any CPU.ActiveCfg = Local|Any CPU
		{4C2BE232-4DBD-44D0-B427-0450E2D857A5}.Local|Any CPU.Build.0 = Local|Any CPU
		{4C2BE232-4DBD-44D0-B427-0450E2D857A5}.Pre|Any CPU.ActiveCfg = Pre|Any CPU
		{4C2BE232-4DBD-44D0-B427-0450E2D857A5}.Pre|Any CPU.Build.0 = Pre|Any CPU
		{4C2BE232-4DBD-44D0-B427-0450E2D857A5}.Prod|Any CPU.ActiveCfg = Prod|Any CPU
		{4C2BE232-4DBD-44D0-B427-0450E2D857A5}.Prod|Any CPU.Build.0 = Prod|Any CPU
		{4C2BE232-4DBD-44D0-B427-0450E2D857A5}.Sit|Any CPU.ActiveCfg = Sit|Any CPU
		{4C2BE232-4DBD-44D0-B427-0450E2D857A5}.Sit|Any CPU.Build.0 = Sit|Any CPU
		{2C577447-2405-46B3-8065-613A19A58541}.Demo|Any CPU.ActiveCfg = Demo|Any CPU
		{2C577447-2405-46B3-8065-613A19A58541}.Demo|Any CPU.Build.0 = Demo|Any CPU
		{2C577447-2405-46B3-8065-613A19A58541}.Dev|Any CPU.ActiveCfg = Dev|Any CPU
		{2C577447-2405-46B3-8065-613A19A58541}.Dev|Any CPU.Build.0 = Dev|Any CPU
		{2C577447-2405-46B3-8065-613A19A58541}.Local|Any CPU.ActiveCfg = Local|Any CPU
		{2C577447-2405-46B3-8065-613A19A58541}.Local|Any CPU.Build.0 = Local|Any CPU
		{2C577447-2405-46B3-8065-613A19A58541}.Pre|Any CPU.ActiveCfg = Pre|Any CPU
		{2C577447-2405-46B3-8065-613A19A58541}.Pre|Any CPU.Build.0 = Pre|Any CPU
		{2C577447-2405-46B3-8065-613A19A58541}.Prod|Any CPU.ActiveCfg = Prod|Any CPU
		{2C577447-2405-46B3-8065-613A19A58541}.Prod|Any CPU.Build.0 = Prod|Any CPU
		{2C577447-2405-46B3-8065-613A19A58541}.Sit|Any CPU.ActiveCfg = Sit|Any CPU
		{2C577447-2405-46B3-8065-613A19A58541}.Sit|Any CPU.Build.0 = Sit|Any CPU
		{78B1F2A1-DCC3-4ED3-8CE0-16E0781B59FA}.Demo|Any CPU.ActiveCfg = Demo|Any CPU
		{78B1F2A1-DCC3-4ED3-8CE0-16E0781B59FA}.Demo|Any CPU.Build.0 = Demo|Any CPU
		{78B1F2A1-DCC3-4ED3-8CE0-16E0781B59FA}.Dev|Any CPU.ActiveCfg = Dev|Any CPU
		{78B1F2A1-DCC3-4ED3-8CE0-16E0781B59FA}.Dev|Any CPU.Build.0 = Dev|Any CPU
		{78B1F2A1-DCC3-4ED3-8CE0-16E0781B59FA}.Local|Any CPU.ActiveCfg = Local|Any CPU
		{78B1F2A1-DCC3-4ED3-8CE0-16E0781B59FA}.Local|Any CPU.Build.0 = Local|Any CPU
		{78B1F2A1-DCC3-4ED3-8CE0-16E0781B59FA}.Pre|Any CPU.ActiveCfg = Pre|Any CPU
		{78B1F2A1-DCC3-4ED3-8CE0-16E0781B59FA}.Pre|Any CPU.Build.0 = Pre|Any CPU
		{78B1F2A1-DCC3-4ED3-8CE0-16E0781B59FA}.Prod|Any CPU.ActiveCfg = Prod|Any CPU
		{78B1F2A1-DCC3-4ED3-8CE0-16E0781B59FA}.Prod|Any CPU.Build.0 = Prod|Any CPU
		{78B1F2A1-DCC3-4ED3-8CE0-16E0781B59FA}.Sit|Any CPU.ActiveCfg = Sit|Any CPU
		{78B1F2A1-DCC3-4ED3-8CE0-16E0781B59FA}.Sit|Any CPU.Build.0 = Sit|Any CPU
		{4FE5E4BE-91DF-49C6-B6CD-9B69FCD0C0FE}.Demo|Any CPU.ActiveCfg = Demo|Any CPU
		{4FE5E4BE-91DF-49C6-B6CD-9B69FCD0C0FE}.Demo|Any CPU.Build.0 = Demo|Any CPU
		{4FE5E4BE-91DF-49C6-B6CD-9B69FCD0C0FE}.Dev|Any CPU.ActiveCfg = Dev|Any CPU
		{4FE5E4BE-91DF-49C6-B6CD-9B69FCD0C0FE}.Dev|Any CPU.Build.0 = Dev|Any CPU
		{4FE5E4BE-91DF-49C6-B6CD-9B69FCD0C0FE}.Local|Any CPU.ActiveCfg = Local|Any CPU
		{4FE5E4BE-91DF-49C6-B6CD-9B69FCD0C0FE}.Local|Any CPU.Build.0 = Local|Any CPU
		{4FE5E4BE-91DF-49C6-B6CD-9B69FCD0C0FE}.Pre|Any CPU.ActiveCfg = Pre|Any CPU
		{4FE5E4BE-91DF-49C6-B6CD-9B69FCD0C0FE}.Pre|Any CPU.Build.0 = Pre|Any CPU
		{4FE5E4BE-91DF-49C6-B6CD-9B69FCD0C0FE}.Prod|Any CPU.ActiveCfg = Prod|Any CPU
		{4FE5E4BE-91DF-49C6-B6CD-9B69FCD0C0FE}.Prod|Any CPU.Build.0 = Prod|Any CPU
		{4FE5E4BE-91DF-49C6-B6CD-9B69FCD0C0FE}.Sit|Any CPU.ActiveCfg = Sit|Any CPU
		{4FE5E4BE-91DF-49C6-B6CD-9B69FCD0C0FE}.Sit|Any CPU.Build.0 = Sit|Any CPU
		{480622E1-7624-449C-904F-AF7FD3590BEF}.Demo|Any CPU.ActiveCfg = Demo|Any CPU
		{480622E1-7624-449C-904F-AF7FD3590BEF}.Demo|Any CPU.Build.0 = Demo|Any CPU
		{480622E1-7624-449C-904F-AF7FD3590BEF}.Dev|Any CPU.ActiveCfg = Dev|Any CPU
		{480622E1-7624-449C-904F-AF7FD3590BEF}.Dev|Any CPU.Build.0 = Dev|Any CPU
		{480622E1-7624-449C-904F-AF7FD3590BEF}.Local|Any CPU.ActiveCfg = Local|Any CPU
		{480622E1-7624-449C-904F-AF7FD3590BEF}.Local|Any CPU.Build.0 = Local|Any CPU
		{480622E1-7624-449C-904F-AF7FD3590BEF}.Pre|Any CPU.ActiveCfg = Pre|Any CPU
		{480622E1-7624-449C-904F-AF7FD3590BEF}.Pre|Any CPU.Build.0 = Pre|Any CPU
		{480622E1-7624-449C-904F-AF7FD3590BEF}.Prod|Any CPU.ActiveCfg = Prod|Any CPU
		{480622E1-7624-449C-904F-AF7FD3590BEF}.Prod|Any CPU.Build.0 = Prod|Any CPU
		{480622E1-7624-449C-904F-AF7FD3590BEF}.Sit|Any CPU.ActiveCfg = Sit|Any CPU
		{480622E1-7624-449C-904F-AF7FD3590BEF}.Sit|Any CPU.Build.0 = Sit|Any CPU
		{A2D82061-BCBD-4030-9EB4-5148AEE79241}.Demo|Any CPU.ActiveCfg = Demo|Any CPU
		{A2D82061-BCBD-4030-9EB4-5148AEE79241}.Demo|Any CPU.Build.0 = Demo|Any CPU
		{A2D82061-BCBD-4030-9EB4-5148AEE79241}.Dev|Any CPU.ActiveCfg = Dev|Any CPU
		{A2D82061-BCBD-4030-9EB4-5148AEE79241}.Dev|Any CPU.Build.0 = Dev|Any CPU
		{A2D82061-BCBD-4030-9EB4-5148AEE79241}.Local|Any CPU.ActiveCfg = Local|Any CPU
		{A2D82061-BCBD-4030-9EB4-5148AEE79241}.Local|Any CPU.Build.0 = Local|Any CPU
		{A2D82061-BCBD-4030-9EB4-5148AEE79241}.Pre|Any CPU.ActiveCfg = Pre|Any CPU
		{A2D82061-BCBD-4030-9EB4-5148AEE79241}.Pre|Any CPU.Build.0 = Pre|Any CPU
		{A2D82061-BCBD-4030-9EB4-5148AEE79241}.Prod|Any CPU.ActiveCfg = Prod|Any CPU
		{A2D82061-BCBD-4030-9EB4-5148AEE79241}.Prod|Any CPU.Build.0 = Prod|Any CPU
		{A2D82061-BCBD-4030-9EB4-5148AEE79241}.Sit|Any CPU.ActiveCfg = Sit|Any CPU
		{A2D82061-BCBD-4030-9EB4-5148AEE79241}.Sit|Any CPU.Build.0 = Sit|Any CPU
		{6E8E77CA-BB23-45DE-AADD-236CAFBC66E3}.Demo|Any CPU.ActiveCfg = Demo|Any CPU
		{6E8E77CA-BB23-45DE-AADD-236CAFBC66E3}.Demo|Any CPU.Build.0 = Demo|Any CPU
		{6E8E77CA-BB23-45DE-AADD-236CAFBC66E3}.Dev|Any CPU.ActiveCfg = Dev|Any CPU
		{6E8E77CA-BB23-45DE-AADD-236CAFBC66E3}.Dev|Any CPU.Build.0 = Dev|Any CPU
		{6E8E77CA-BB23-45DE-AADD-236CAFBC66E3}.Local|Any CPU.ActiveCfg = Local|Any CPU
		{6E8E77CA-BB23-45DE-AADD-236CAFBC66E3}.Local|Any CPU.Build.0 = Local|Any CPU
		{6E8E77CA-BB23-45DE-AADD-236CAFBC66E3}.Pre|Any CPU.ActiveCfg = Pre|Any CPU
		{6E8E77CA-BB23-45DE-AADD-236CAFBC66E3}.Pre|Any CPU.Build.0 = Pre|Any CPU
		{6E8E77CA-BB23-45DE-AADD-236CAFBC66E3}.Prod|Any CPU.ActiveCfg = Prod|Any CPU
		{6E8E77CA-BB23-45DE-AADD-236CAFBC66E3}.Prod|Any CPU.Build.0 = Prod|Any CPU
		{6E8E77CA-BB23-45DE-AADD-236CAFBC66E3}.Sit|Any CPU.ActiveCfg = Sit|Any CPU
		{6E8E77CA-BB23-45DE-AADD-236CAFBC66E3}.Sit|Any CPU.Build.0 = Sit|Any CPU
		{67CDACCD-5217-4110-8432-C6EF164BAA0D}.Demo|Any CPU.ActiveCfg = Demo|Any CPU
		{67CDACCD-5217-4110-8432-C6EF164BAA0D}.Demo|Any CPU.Build.0 = Demo|Any CPU
		{67CDACCD-5217-4110-8432-C6EF164BAA0D}.Dev|Any CPU.ActiveCfg = Dev|Any CPU
		{67CDACCD-5217-4110-8432-C6EF164BAA0D}.Dev|Any CPU.Build.0 = Dev|Any CPU
		{67CDACCD-5217-4110-8432-C6EF164BAA0D}.Local|Any CPU.ActiveCfg = Local|Any CPU
		{67CDACCD-5217-4110-8432-C6EF164BAA0D}.Local|Any CPU.Build.0 = Local|Any CPU
		{67CDACCD-5217-4110-8432-C6EF164BAA0D}.Pre|Any CPU.ActiveCfg = Pre|Any CPU
		{67CDACCD-5217-4110-8432-C6EF164BAA0D}.Pre|Any CPU.Build.0 = Pre|Any CPU
		{67CDACCD-5217-4110-8432-C6EF164BAA0D}.Prod|Any CPU.ActiveCfg = Prod|Any CPU
		{67CDACCD-5217-4110-8432-C6EF164BAA0D}.Prod|Any CPU.Build.0 = Prod|Any CPU
		{67CDACCD-5217-4110-8432-C6EF164BAA0D}.Sit|Any CPU.ActiveCfg = Sit|Any CPU
		{67CDACCD-5217-4110-8432-C6EF164BAA0D}.Sit|Any CPU.Build.0 = Sit|Any CPU
		{0491054E-CAF4-4321-BE1D-3E44E739421C}.Demo|Any CPU.ActiveCfg = Demo|Any CPU
		{0491054E-CAF4-4321-BE1D-3E44E739421C}.Demo|Any CPU.Build.0 = Demo|Any CPU
		{0491054E-CAF4-4321-BE1D-3E44E739421C}.Dev|Any CPU.ActiveCfg = Dev|Any CPU
		{0491054E-CAF4-4321-BE1D-3E44E739421C}.Dev|Any CPU.Build.0 = Dev|Any CPU
		{0491054E-CAF4-4321-BE1D-3E44E739421C}.Local|Any CPU.ActiveCfg = Local|Any CPU
		{0491054E-CAF4-4321-BE1D-3E44E739421C}.Local|Any CPU.Build.0 = Local|Any CPU
		{0491054E-CAF4-4321-BE1D-3E44E739421C}.Pre|Any CPU.ActiveCfg = Pre|Any CPU
		{0491054E-CAF4-4321-BE1D-3E44E739421C}.Pre|Any CPU.Build.0 = Pre|Any CPU
		{0491054E-CAF4-4321-BE1D-3E44E739421C}.Prod|Any CPU.ActiveCfg = Prod|Any CPU
		{0491054E-CAF4-4321-BE1D-3E44E739421C}.Prod|Any CPU.Build.0 = Prod|Any CPU
		{0491054E-CAF4-4321-BE1D-3E44E739421C}.Sit|Any CPU.ActiveCfg = Sit|Any CPU
		{0491054E-CAF4-4321-BE1D-3E44E739421C}.Sit|Any CPU.Build.0 = Sit|Any CPU
		{04796403-0EDF-4A8D-B725-180A9F83D958}.Demo|Any CPU.ActiveCfg = Demo|Any CPU
		{04796403-0EDF-4A8D-B725-180A9F83D958}.Demo|Any CPU.Build.0 = Demo|Any CPU
		{04796403-0EDF-4A8D-B725-180A9F83D958}.Dev|Any CPU.ActiveCfg = Dev|Any CPU
		{04796403-0EDF-4A8D-B725-180A9F83D958}.Dev|Any CPU.Build.0 = Dev|Any CPU
		{04796403-0EDF-4A8D-B725-180A9F83D958}.Local|Any CPU.ActiveCfg = Local|Any CPU
		{04796403-0EDF-4A8D-B725-180A9F83D958}.Local|Any CPU.Build.0 = Local|Any CPU
		{04796403-0EDF-4A8D-B725-180A9F83D958}.Pre|Any CPU.ActiveCfg = Pre|Any CPU
		{04796403-0EDF-4A8D-B725-180A9F83D958}.Pre|Any CPU.Build.0 = Pre|Any CPU
		{04796403-0EDF-4A8D-B725-180A9F83D958}.Prod|Any CPU.ActiveCfg = Prod|Any CPU
		{04796403-0EDF-4A8D-B725-180A9F83D958}.Prod|Any CPU.Build.0 = Prod|Any CPU
		{04796403-0EDF-4A8D-B725-180A9F83D958}.Sit|Any CPU.ActiveCfg = Sit|Any CPU
		{04796403-0EDF-4A8D-B725-180A9F83D958}.Sit|Any CPU.Build.0 = Sit|Any CPU
		{B1628369-3014-4A8B-BFFD-49CB8ADF3BD2}.Demo|Any CPU.ActiveCfg = Demo|Any CPU
		{B1628369-3014-4A8B-BFFD-49CB8ADF3BD2}.Demo|Any CPU.Build.0 = Demo|Any CPU
		{B1628369-3014-4A8B-BFFD-49CB8ADF3BD2}.Dev|Any CPU.ActiveCfg = Dev|Any CPU
		{B1628369-3014-4A8B-BFFD-49CB8ADF3BD2}.Dev|Any CPU.Build.0 = Dev|Any CPU
		{B1628369-3014-4A8B-BFFD-49CB8ADF3BD2}.Local|Any CPU.ActiveCfg = Local|Any CPU
		{B1628369-3014-4A8B-BFFD-49CB8ADF3BD2}.Local|Any CPU.Build.0 = Local|Any CPU
		{B1628369-3014-4A8B-BFFD-49CB8ADF3BD2}.Pre|Any CPU.ActiveCfg = Pre|Any CPU
		{B1628369-3014-4A8B-BFFD-49CB8ADF3BD2}.Pre|Any CPU.Build.0 = Pre|Any CPU
		{B1628369-3014-4A8B-BFFD-49CB8ADF3BD2}.Prod|Any CPU.ActiveCfg = Prod|Any CPU
		{B1628369-3014-4A8B-BFFD-49CB8ADF3BD2}.Prod|Any CPU.Build.0 = Prod|Any CPU
		{B1628369-3014-4A8B-BFFD-49CB8ADF3BD2}.Sit|Any CPU.ActiveCfg = Sit|Any CPU
		{B1628369-3014-4A8B-BFFD-49CB8ADF3BD2}.Sit|Any CPU.Build.0 = Sit|Any CPU
		{B3285E4A-29DD-4CB6-B8C9-51AA06DB4F83}.Demo|Any CPU.ActiveCfg = Demo|Any CPU
		{B3285E4A-29DD-4CB6-B8C9-51AA06DB4F83}.Demo|Any CPU.Build.0 = Demo|Any CPU
		{B3285E4A-29DD-4CB6-B8C9-51AA06DB4F83}.Dev|Any CPU.ActiveCfg = Dev|Any CPU
		{B3285E4A-29DD-4CB6-B8C9-51AA06DB4F83}.Dev|Any CPU.Build.0 = Dev|Any CPU
		{B3285E4A-29DD-4CB6-B8C9-51AA06DB4F83}.Local|Any CPU.ActiveCfg = Local|Any CPU
		{B3285E4A-29DD-4CB6-B8C9-51AA06DB4F83}.Local|Any CPU.Build.0 = Local|Any CPU
		{B3285E4A-29DD-4CB6-B8C9-51AA06DB4F83}.Pre|Any CPU.ActiveCfg = Pre|Any CPU
		{B3285E4A-29DD-4CB6-B8C9-51AA06DB4F83}.Pre|Any CPU.Build.0 = Pre|Any CPU
		{B3285E4A-29DD-4CB6-B8C9-51AA06DB4F83}.Prod|Any CPU.ActiveCfg = Prod|Any CPU
		{B3285E4A-29DD-4CB6-B8C9-51AA06DB4F83}.Prod|Any CPU.Build.0 = Prod|Any CPU
		{B3285E4A-29DD-4CB6-B8C9-51AA06DB4F83}.Sit|Any CPU.ActiveCfg = Sit|Any CPU
		{B3285E4A-29DD-4CB6-B8C9-51AA06DB4F83}.Sit|Any CPU.Build.0 = Sit|Any CPU
		{ABD48D09-C35E-42CE-8A4D-81550C2B8554}.Demo|Any CPU.ActiveCfg = Demo|Any CPU
		{ABD48D09-C35E-42CE-8A4D-81550C2B8554}.Demo|Any CPU.Build.0 = Demo|Any CPU
		{ABD48D09-C35E-42CE-8A4D-81550C2B8554}.Dev|Any CPU.ActiveCfg = Dev|Any CPU
		{ABD48D09-C35E-42CE-8A4D-81550C2B8554}.Dev|Any CPU.Build.0 = Dev|Any CPU
		{ABD48D09-C35E-42CE-8A4D-81550C2B8554}.Local|Any CPU.ActiveCfg = Local|Any CPU
		{ABD48D09-C35E-42CE-8A4D-81550C2B8554}.Local|Any CPU.Build.0 = Local|Any CPU
		{ABD48D09-C35E-42CE-8A4D-81550C2B8554}.Pre|Any CPU.ActiveCfg = Pre|Any CPU
		{ABD48D09-C35E-42CE-8A4D-81550C2B8554}.Pre|Any CPU.Build.0 = Pre|Any CPU
		{ABD48D09-C35E-42CE-8A4D-81550C2B8554}.Prod|Any CPU.ActiveCfg = Prod|Any CPU
		{ABD48D09-C35E-42CE-8A4D-81550C2B8554}.Prod|Any CPU.Build.0 = Prod|Any CPU
		{ABD48D09-C35E-42CE-8A4D-81550C2B8554}.Sit|Any CPU.ActiveCfg = Sit|Any CPU
		{ABD48D09-C35E-42CE-8A4D-81550C2B8554}.Sit|Any CPU.Build.0 = Sit|Any CPU
		{1B386440-4479-4A2C-93CA-42A98426019F}.Demo|Any CPU.ActiveCfg = Demo|Any CPU
		{1B386440-4479-4A2C-93CA-42A98426019F}.Demo|Any CPU.Build.0 = Demo|Any CPU
		{1B386440-4479-4A2C-93CA-42A98426019F}.Dev|Any CPU.ActiveCfg = Dev|Any CPU
		{1B386440-4479-4A2C-93CA-42A98426019F}.Dev|Any CPU.Build.0 = Dev|Any CPU
		{1B386440-4479-4A2C-93CA-42A98426019F}.Local|Any CPU.ActiveCfg = Local|Any CPU
		{1B386440-4479-4A2C-93CA-42A98426019F}.Local|Any CPU.Build.0 = Local|Any CPU
		{1B386440-4479-4A2C-93CA-42A98426019F}.Pre|Any CPU.ActiveCfg = Pre|Any CPU
		{1B386440-4479-4A2C-93CA-42A98426019F}.Pre|Any CPU.Build.0 = Pre|Any CPU
		{1B386440-4479-4A2C-93CA-42A98426019F}.Prod|Any CPU.ActiveCfg = Prod|Any CPU
		{1B386440-4479-4A2C-93CA-42A98426019F}.Prod|Any CPU.Build.0 = Prod|Any CPU
		{1B386440-4479-4A2C-93CA-42A98426019F}.Sit|Any CPU.ActiveCfg = Sit|Any CPU
		{1B386440-4479-4A2C-93CA-42A98426019F}.Sit|Any CPU.Build.0 = Sit|Any CPU
		{A64FC67F-C873-4422-93DD-FBD8A6370EC3}.Demo|Any CPU.ActiveCfg = Demo|Any CPU
		{A64FC67F-C873-4422-93DD-FBD8A6370EC3}.Demo|Any CPU.Build.0 = Demo|Any CPU
		{A64FC67F-C873-4422-93DD-FBD8A6370EC3}.Dev|Any CPU.ActiveCfg = Dev|Any CPU
		{A64FC67F-C873-4422-93DD-FBD8A6370EC3}.Dev|Any CPU.Build.0 = Dev|Any CPU
		{A64FC67F-C873-4422-93DD-FBD8A6370EC3}.Local|Any CPU.ActiveCfg = Local|Any CPU
		{A64FC67F-C873-4422-93DD-FBD8A6370EC3}.Local|Any CPU.Build.0 = Local|Any CPU
		{A64FC67F-C873-4422-93DD-FBD8A6370EC3}.Pre|Any CPU.ActiveCfg = Pre|Any CPU
		{A64FC67F-C873-4422-93DD-FBD8A6370EC3}.Pre|Any CPU.Build.0 = Pre|Any CPU
		{A64FC67F-C873-4422-93DD-FBD8A6370EC3}.Prod|Any CPU.ActiveCfg = Prod|Any CPU
		{A64FC67F-C873-4422-93DD-FBD8A6370EC3}.Prod|Any CPU.Build.0 = Prod|Any CPU
		{A64FC67F-C873-4422-93DD-FBD8A6370EC3}.Sit|Any CPU.ActiveCfg = Sit|Any CPU
		{A64FC67F-C873-4422-93DD-FBD8A6370EC3}.Sit|Any CPU.Build.0 = Sit|Any CPU
		{5E9B2C61-1823-4A9D-871E-8CFAF8C0B57E}.Demo|Any CPU.ActiveCfg = Demo|Any CPU
		{5E9B2C61-1823-4A9D-871E-8CFAF8C0B57E}.Demo|Any CPU.Build.0 = Demo|Any CPU
		{5E9B2C61-1823-4A9D-871E-8CFAF8C0B57E}.Dev|Any CPU.ActiveCfg = Dev|Any CPU
		{5E9B2C61-1823-4A9D-871E-8CFAF8C0B57E}.Dev|Any CPU.Build.0 = Dev|Any CPU
		{5E9B2C61-1823-4A9D-871E-8CFAF8C0B57E}.Local|Any CPU.ActiveCfg = Local|Any CPU
		{5E9B2C61-1823-4A9D-871E-8CFAF8C0B57E}.Local|Any CPU.Build.0 = Local|Any CPU
		{5E9B2C61-1823-4A9D-871E-8CFAF8C0B57E}.Pre|Any CPU.ActiveCfg = Pre|Any CPU
		{5E9B2C61-1823-4A9D-871E-8CFAF8C0B57E}.Pre|Any CPU.Build.0 = Pre|Any CPU
		{5E9B2C61-1823-4A9D-871E-8CFAF8C0B57E}.Prod|Any CPU.ActiveCfg = Prod|Any CPU
		{5E9B2C61-1823-4A9D-871E-8CFAF8C0B57E}.Prod|Any CPU.Build.0 = Prod|Any CPU
		{5E9B2C61-1823-4A9D-871E-8CFAF8C0B57E}.Sit|Any CPU.ActiveCfg = Sit|Any CPU
		{5E9B2C61-1823-4A9D-871E-8CFAF8C0B57E}.Sit|Any CPU.Build.0 = Sit|Any CPU
		{2886F449-8488-4883-A80B-B29775D18B29}.Demo|Any CPU.ActiveCfg = Demo|Any CPU
		{2886F449-8488-4883-A80B-B29775D18B29}.Demo|Any CPU.Build.0 = Demo|Any CPU
		{2886F449-8488-4883-A80B-B29775D18B29}.Dev|Any CPU.ActiveCfg = Dev|Any CPU
		{2886F449-8488-4883-A80B-B29775D18B29}.Dev|Any CPU.Build.0 = Dev|Any CPU
		{2886F449-8488-4883-A80B-B29775D18B29}.Local|Any CPU.ActiveCfg = Local|Any CPU
		{2886F449-8488-4883-A80B-B29775D18B29}.Local|Any CPU.Build.0 = Local|Any CPU
		{2886F449-8488-4883-A80B-B29775D18B29}.Pre|Any CPU.ActiveCfg = Pre|Any CPU
		{2886F449-8488-4883-A80B-B29775D18B29}.Pre|Any CPU.Build.0 = Pre|Any CPU
		{2886F449-8488-4883-A80B-B29775D18B29}.Prod|Any CPU.ActiveCfg = Prod|Any CPU
		{2886F449-8488-4883-A80B-B29775D18B29}.Prod|Any CPU.Build.0 = Prod|Any CPU
		{2886F449-8488-4883-A80B-B29775D18B29}.Sit|Any CPU.ActiveCfg = Sit|Any CPU
		{2886F449-8488-4883-A80B-B29775D18B29}.Sit|Any CPU.Build.0 = Sit|Any CPU
		{5BF785FC-214D-4ABF-87E8-91D6D59E0C92}.Demo|Any CPU.ActiveCfg = Demo|Any CPU
		{5BF785FC-214D-4ABF-87E8-91D6D59E0C92}.Demo|Any CPU.Build.0 = Demo|Any CPU
		{5BF785FC-214D-4ABF-87E8-91D6D59E0C92}.Dev|Any CPU.ActiveCfg = Dev|Any CPU
		{5BF785FC-214D-4ABF-87E8-91D6D59E0C92}.Dev|Any CPU.Build.0 = Dev|Any CPU
		{5BF785FC-214D-4ABF-87E8-91D6D59E0C92}.Local|Any CPU.ActiveCfg = Local|Any CPU
		{5BF785FC-214D-4ABF-87E8-91D6D59E0C92}.Local|Any CPU.Build.0 = Local|Any CPU
		{5BF785FC-214D-4ABF-87E8-91D6D59E0C92}.Pre|Any CPU.ActiveCfg = Pre|Any CPU
		{5BF785FC-214D-4ABF-87E8-91D6D59E0C92}.Pre|Any CPU.Build.0 = Pre|Any CPU
		{5BF785FC-214D-4ABF-87E8-91D6D59E0C92}.Prod|Any CPU.ActiveCfg = Prod|Any CPU
		{5BF785FC-214D-4ABF-87E8-91D6D59E0C92}.Prod|Any CPU.Build.0 = Prod|Any CPU
		{5BF785FC-214D-4ABF-87E8-91D6D59E0C92}.Sit|Any CPU.ActiveCfg = Sit|Any CPU
		{5BF785FC-214D-4ABF-87E8-91D6D59E0C92}.Sit|Any CPU.Build.0 = Sit|Any CPU
		{8363A28D-668C-44EA-B20A-8866E0D5814C}.Demo|Any CPU.ActiveCfg = Demo|Any CPU
		{8363A28D-668C-44EA-B20A-8866E0D5814C}.Demo|Any CPU.Build.0 = Demo|Any CPU
		{8363A28D-668C-44EA-B20A-8866E0D5814C}.Dev|Any CPU.ActiveCfg = Dev|Any CPU
		{8363A28D-668C-44EA-B20A-8866E0D5814C}.Dev|Any CPU.Build.0 = Dev|Any CPU
		{8363A28D-668C-44EA-B20A-8866E0D5814C}.Local|Any CPU.ActiveCfg = Local|Any CPU
		{8363A28D-668C-44EA-B20A-8866E0D5814C}.Local|Any CPU.Build.0 = Local|Any CPU
		{8363A28D-668C-44EA-B20A-8866E0D5814C}.Pre|Any CPU.ActiveCfg = Pre|Any CPU
		{8363A28D-668C-44EA-B20A-8866E0D5814C}.Pre|Any CPU.Build.0 = Pre|Any CPU
		{8363A28D-668C-44EA-B20A-8866E0D5814C}.Prod|Any CPU.ActiveCfg = Prod|Any CPU
		{8363A28D-668C-44EA-B20A-8866E0D5814C}.Prod|Any CPU.Build.0 = Prod|Any CPU
		{8363A28D-668C-44EA-B20A-8866E0D5814C}.Sit|Any CPU.ActiveCfg = Sit|Any CPU
		{8363A28D-668C-44EA-B20A-8866E0D5814C}.Sit|Any CPU.Build.0 = Sit|Any CPU
		{8020D8ED-8D88-46DF-A6D9-82D8E1FB8ADD}.Demo|Any CPU.ActiveCfg = Demo|Any CPU
		{8020D8ED-8D88-46DF-A6D9-82D8E1FB8ADD}.Demo|Any CPU.Build.0 = Demo|Any CPU
		{8020D8ED-8D88-46DF-A6D9-82D8E1FB8ADD}.Dev|Any CPU.ActiveCfg = Dev|Any CPU
		{8020D8ED-8D88-46DF-A6D9-82D8E1FB8ADD}.Dev|Any CPU.Build.0 = Dev|Any CPU
		{8020D8ED-8D88-46DF-A6D9-82D8E1FB8ADD}.Local|Any CPU.ActiveCfg = Local|Any CPU
		{8020D8ED-8D88-46DF-A6D9-82D8E1FB8ADD}.Local|Any CPU.Build.0 = Local|Any CPU
		{8020D8ED-8D88-46DF-A6D9-82D8E1FB8ADD}.Pre|Any CPU.ActiveCfg = Pre|Any CPU
		{8020D8ED-8D88-46DF-A6D9-82D8E1FB8ADD}.Pre|Any CPU.Build.0 = Pre|Any CPU
		{8020D8ED-8D88-46DF-A6D9-82D8E1FB8ADD}.Prod|Any CPU.ActiveCfg = Prod|Any CPU
		{8020D8ED-8D88-46DF-A6D9-82D8E1FB8ADD}.Prod|Any CPU.Build.0 = Prod|Any CPU
		{8020D8ED-8D88-46DF-A6D9-82D8E1FB8ADD}.Sit|Any CPU.ActiveCfg = Sit|Any CPU
		{8020D8ED-8D88-46DF-A6D9-82D8E1FB8ADD}.Sit|Any CPU.Build.0 = Sit|Any CPU
		{2BAA69B1-D0C4-447A-8D16-4473C2183CC2}.Demo|Any CPU.ActiveCfg = Demo|Any CPU
		{2BAA69B1-D0C4-447A-8D16-4473C2183CC2}.Demo|Any CPU.Build.0 = Demo|Any CPU
		{2BAA69B1-D0C4-447A-8D16-4473C2183CC2}.Dev|Any CPU.ActiveCfg = Dev|Any CPU
		{2BAA69B1-D0C4-447A-8D16-4473C2183CC2}.Dev|Any CPU.Build.0 = Dev|Any CPU
		{2BAA69B1-D0C4-447A-8D16-4473C2183CC2}.Local|Any CPU.ActiveCfg = Local|Any CPU
		{2BAA69B1-D0C4-447A-8D16-4473C2183CC2}.Local|Any CPU.Build.0 = Local|Any CPU
		{2BAA69B1-D0C4-447A-8D16-4473C2183CC2}.Pre|Any CPU.ActiveCfg = Pre|Any CPU
		{2BAA69B1-D0C4-447A-8D16-4473C2183CC2}.Pre|Any CPU.Build.0 = Pre|Any CPU
		{2BAA69B1-D0C4-447A-8D16-4473C2183CC2}.Prod|Any CPU.ActiveCfg = Prod|Any CPU
		{2BAA69B1-D0C4-447A-8D16-4473C2183CC2}.Prod|Any CPU.Build.0 = Prod|Any CPU
		{2BAA69B1-D0C4-447A-8D16-4473C2183CC2}.Sit|Any CPU.ActiveCfg = Sit|Any CPU
		{2BAA69B1-D0C4-447A-8D16-4473C2183CC2}.Sit|Any CPU.Build.0 = Sit|Any CPU
		{CB59423F-9641-4E65-B46F-7670CF0CE479}.Demo|Any CPU.ActiveCfg = Demo|Any CPU
		{CB59423F-9641-4E65-B46F-7670CF0CE479}.Demo|Any CPU.Build.0 = Demo|Any CPU
		{CB59423F-9641-4E65-B46F-7670CF0CE479}.Dev|Any CPU.ActiveCfg = Dev|Any CPU
		{CB59423F-9641-4E65-B46F-7670CF0CE479}.Dev|Any CPU.Build.0 = Dev|Any CPU
		{CB59423F-9641-4E65-B46F-7670CF0CE479}.Local|Any CPU.ActiveCfg = Local|Any CPU
		{CB59423F-9641-4E65-B46F-7670CF0CE479}.Local|Any CPU.Build.0 = Local|Any CPU
		{CB59423F-9641-4E65-B46F-7670CF0CE479}.Pre|Any CPU.ActiveCfg = Pre|Any CPU
		{CB59423F-9641-4E65-B46F-7670CF0CE479}.Pre|Any CPU.Build.0 = Pre|Any CPU
		{CB59423F-9641-4E65-B46F-7670CF0CE479}.Prod|Any CPU.ActiveCfg = Prod|Any CPU
		{CB59423F-9641-4E65-B46F-7670CF0CE479}.Prod|Any CPU.Build.0 = Prod|Any CPU
		{CB59423F-9641-4E65-B46F-7670CF0CE479}.Sit|Any CPU.ActiveCfg = Sit|Any CPU
		{CB59423F-9641-4E65-B46F-7670CF0CE479}.Sit|Any CPU.Build.0 = Sit|Any CPU
		{7834ED7D-C239-4A76-93A5-744E8798D439}.Demo|Any CPU.ActiveCfg = Demo|Any CPU
		{7834ED7D-C239-4A76-93A5-744E8798D439}.Demo|Any CPU.Build.0 = Demo|Any CPU
		{7834ED7D-C239-4A76-93A5-744E8798D439}.Dev|Any CPU.ActiveCfg = Dev|Any CPU
		{7834ED7D-C239-4A76-93A5-744E8798D439}.Dev|Any CPU.Build.0 = Dev|Any CPU
		{7834ED7D-C239-4A76-93A5-744E8798D439}.Local|Any CPU.ActiveCfg = Local|Any CPU
		{7834ED7D-C239-4A76-93A5-744E8798D439}.Local|Any CPU.Build.0 = Local|Any CPU
		{7834ED7D-C239-4A76-93A5-744E8798D439}.Pre|Any CPU.ActiveCfg = Pre|Any CPU
		{7834ED7D-C239-4A76-93A5-744E8798D439}.Pre|Any CPU.Build.0 = Pre|Any CPU
		{7834ED7D-C239-4A76-93A5-744E8798D439}.Prod|Any CPU.ActiveCfg = Prod|Any CPU
		{7834ED7D-C239-4A76-93A5-744E8798D439}.Prod|Any CPU.Build.0 = Prod|Any CPU
		{7834ED7D-C239-4A76-93A5-744E8798D439}.Sit|Any CPU.ActiveCfg = Sit|Any CPU
		{7834ED7D-C239-4A76-93A5-744E8798D439}.Sit|Any CPU.Build.0 = Sit|Any CPU
		{913445EC-3175-4AFB-869C-F03B6FD2940A}.Demo|Any CPU.ActiveCfg = Demo|Any CPU
		{913445EC-3175-4AFB-869C-F03B6FD2940A}.Demo|Any CPU.Build.0 = Demo|Any CPU
		{913445EC-3175-4AFB-869C-F03B6FD2940A}.Dev|Any CPU.ActiveCfg = Dev|Any CPU
		{913445EC-3175-4AFB-869C-F03B6FD2940A}.Dev|Any CPU.Build.0 = Dev|Any CPU
		{913445EC-3175-4AFB-869C-F03B6FD2940A}.Local|Any CPU.ActiveCfg = Local|Any CPU
		{913445EC-3175-4AFB-869C-F03B6FD2940A}.Local|Any CPU.Build.0 = Local|Any CPU
		{913445EC-3175-4AFB-869C-F03B6FD2940A}.Pre|Any CPU.ActiveCfg = Pre|Any CPU
		{913445EC-3175-4AFB-869C-F03B6FD2940A}.Pre|Any CPU.Build.0 = Pre|Any CPU
		{913445EC-3175-4AFB-869C-F03B6FD2940A}.Prod|Any CPU.ActiveCfg = Prod|Any CPU
		{913445EC-3175-4AFB-869C-F03B6FD2940A}.Prod|Any CPU.Build.0 = Prod|Any CPU
		{913445EC-3175-4AFB-869C-F03B6FD2940A}.Sit|Any CPU.ActiveCfg = Sit|Any CPU
		{913445EC-3175-4AFB-869C-F03B6FD2940A}.Sit|Any CPU.Build.0 = Sit|Any CPU
		{02D19199-A4BB-484A-AA48-208C7B6D819F}.Demo|Any CPU.ActiveCfg = Demo|Any CPU
		{02D19199-A4BB-484A-AA48-208C7B6D819F}.Demo|Any CPU.Build.0 = Demo|Any CPU
		{02D19199-A4BB-484A-AA48-208C7B6D819F}.Dev|Any CPU.ActiveCfg = Dev|Any CPU
		{02D19199-A4BB-484A-AA48-208C7B6D819F}.Dev|Any CPU.Build.0 = Dev|Any CPU
		{02D19199-A4BB-484A-AA48-208C7B6D819F}.Local|Any CPU.ActiveCfg = Local|Any CPU
		{02D19199-A4BB-484A-AA48-208C7B6D819F}.Local|Any CPU.Build.0 = Local|Any CPU
		{02D19199-A4BB-484A-AA48-208C7B6D819F}.Pre|Any CPU.ActiveCfg = Pre|Any CPU
		{02D19199-A4BB-484A-AA48-208C7B6D819F}.Pre|Any CPU.Build.0 = Pre|Any CPU
		{02D19199-A4BB-484A-AA48-208C7B6D819F}.Prod|Any CPU.ActiveCfg = Prod|Any CPU
		{02D19199-A4BB-484A-AA48-208C7B6D819F}.Prod|Any CPU.Build.0 = Prod|Any CPU
		{02D19199-A4BB-484A-AA48-208C7B6D819F}.Sit|Any CPU.ActiveCfg = Sit|Any CPU
		{02D19199-A4BB-484A-AA48-208C7B6D819F}.Sit|Any CPU.Build.0 = Sit|Any CPU
		{4A4346C1-4742-476E-9626-4F31CD6432D4}.Demo|Any CPU.ActiveCfg = Demo|Any CPU
		{4A4346C1-4742-476E-9626-4F31CD6432D4}.Demo|Any CPU.Build.0 = Demo|Any CPU
		{4A4346C1-4742-476E-9626-4F31CD6432D4}.Dev|Any CPU.ActiveCfg = Dev|Any CPU
		{4A4346C1-4742-476E-9626-4F31CD6432D4}.Dev|Any CPU.Build.0 = Dev|Any CPU
		{4A4346C1-4742-476E-9626-4F31CD6432D4}.Local|Any CPU.ActiveCfg = Local|Any CPU
		{4A4346C1-4742-476E-9626-4F31CD6432D4}.Local|Any CPU.Build.0 = Local|Any CPU
		{4A4346C1-4742-476E-9626-4F31CD6432D4}.Pre|Any CPU.ActiveCfg = Pre|Any CPU
		{4A4346C1-4742-476E-9626-4F31CD6432D4}.Pre|Any CPU.Build.0 = Pre|Any CPU
		{4A4346C1-4742-476E-9626-4F31CD6432D4}.Prod|Any CPU.ActiveCfg = Prod|Any CPU
		{4A4346C1-4742-476E-9626-4F31CD6432D4}.Prod|Any CPU.Build.0 = Prod|Any CPU
		{4A4346C1-4742-476E-9626-4F31CD6432D4}.Sit|Any CPU.ActiveCfg = Sit|Any CPU
		{4A4346C1-4742-476E-9626-4F31CD6432D4}.Sit|Any CPU.Build.0 = Sit|Any CPU
		{F75B0C62-89B5-473D-AF2D-366A5A6722AC}.Demo|Any CPU.ActiveCfg = Demo|Any CPU
		{F75B0C62-89B5-473D-AF2D-366A5A6722AC}.Demo|Any CPU.Build.0 = Demo|Any CPU
		{F75B0C62-89B5-473D-AF2D-366A5A6722AC}.Dev|Any CPU.ActiveCfg = Dev|Any CPU
		{F75B0C62-89B5-473D-AF2D-366A5A6722AC}.Dev|Any CPU.Build.0 = Dev|Any CPU
		{F75B0C62-89B5-473D-AF2D-366A5A6722AC}.Local|Any CPU.ActiveCfg = Local|Any CPU
		{F75B0C62-89B5-473D-AF2D-366A5A6722AC}.Local|Any CPU.Build.0 = Local|Any CPU
		{F75B0C62-89B5-473D-AF2D-366A5A6722AC}.Pre|Any CPU.ActiveCfg = Pre|Any CPU
		{F75B0C62-89B5-473D-AF2D-366A5A6722AC}.Pre|Any CPU.Build.0 = Pre|Any CPU
		{F75B0C62-89B5-473D-AF2D-366A5A6722AC}.Prod|Any CPU.ActiveCfg = Prod|Any CPU
		{F75B0C62-89B5-473D-AF2D-366A5A6722AC}.Prod|Any CPU.Build.0 = Prod|Any CPU
		{F75B0C62-89B5-473D-AF2D-366A5A6722AC}.Sit|Any CPU.ActiveCfg = Sit|Any CPU
		{F75B0C62-89B5-473D-AF2D-366A5A6722AC}.Sit|Any CPU.Build.0 = Sit|Any CPU
		{C9034A07-3292-40B8-BD96-C74BB458AE51}.Demo|Any CPU.ActiveCfg = Demo|Any CPU
		{C9034A07-3292-40B8-BD96-C74BB458AE51}.Demo|Any CPU.Build.0 = Demo|Any CPU
		{C9034A07-3292-40B8-BD96-C74BB458AE51}.Dev|Any CPU.ActiveCfg = Dev|Any CPU
		{C9034A07-3292-40B8-BD96-C74BB458AE51}.Dev|Any CPU.Build.0 = Dev|Any CPU
		{C9034A07-3292-40B8-BD96-C74BB458AE51}.Local|Any CPU.ActiveCfg = Local|Any CPU
		{C9034A07-3292-40B8-BD96-C74BB458AE51}.Local|Any CPU.Build.0 = Local|Any CPU
		{C9034A07-3292-40B8-BD96-C74BB458AE51}.Pre|Any CPU.ActiveCfg = Pre|Any CPU
		{C9034A07-3292-40B8-BD96-C74BB458AE51}.Pre|Any CPU.Build.0 = Pre|Any CPU
		{C9034A07-3292-40B8-BD96-C74BB458AE51}.Prod|Any CPU.ActiveCfg = Prod|Any CPU
		{C9034A07-3292-40B8-BD96-C74BB458AE51}.Prod|Any CPU.Build.0 = Prod|Any CPU
		{C9034A07-3292-40B8-BD96-C74BB458AE51}.Sit|Any CPU.ActiveCfg = Sit|Any CPU
		{C9034A07-3292-40B8-BD96-C74BB458AE51}.Sit|Any CPU.Build.0 = Sit|Any CPU
		{1C6F7710-0AE6-4D9F-BC73-0FAA9C9C60CA}.Demo|Any CPU.ActiveCfg = Demo|Any CPU
		{1C6F7710-0AE6-4D9F-BC73-0FAA9C9C60CA}.Demo|Any CPU.Build.0 = Demo|Any CPU
		{1C6F7710-0AE6-4D9F-BC73-0FAA9C9C60CA}.Dev|Any CPU.ActiveCfg = Dev|Any CPU
		{1C6F7710-0AE6-4D9F-BC73-0FAA9C9C60CA}.Dev|Any CPU.Build.0 = Dev|Any CPU
		{1C6F7710-0AE6-4D9F-BC73-0FAA9C9C60CA}.Local|Any CPU.ActiveCfg = Local|Any CPU
		{1C6F7710-0AE6-4D9F-BC73-0FAA9C9C60CA}.Local|Any CPU.Build.0 = Local|Any CPU
		{1C6F7710-0AE6-4D9F-BC73-0FAA9C9C60CA}.Pre|Any CPU.ActiveCfg = Pre|Any CPU
		{1C6F7710-0AE6-4D9F-BC73-0FAA9C9C60CA}.Pre|Any CPU.Build.0 = Pre|Any CPU
		{1C6F7710-0AE6-4D9F-BC73-0FAA9C9C60CA}.Prod|Any CPU.ActiveCfg = Prod|Any CPU
		{1C6F7710-0AE6-4D9F-BC73-0FAA9C9C60CA}.Prod|Any CPU.Build.0 = Prod|Any CPU
		{1C6F7710-0AE6-4D9F-BC73-0FAA9C9C60CA}.Sit|Any CPU.ActiveCfg = Sit|Any CPU
		{1C6F7710-0AE6-4D9F-BC73-0FAA9C9C60CA}.Sit|Any CPU.Build.0 = Sit|Any CPU
		{134A03E5-1F77-4644-B8E6-43BBF5EF3918}.Demo|Any CPU.ActiveCfg = Demo|Any CPU
		{134A03E5-1F77-4644-B8E6-43BBF5EF3918}.Demo|Any CPU.Build.0 = Demo|Any CPU
		{134A03E5-1F77-4644-B8E6-43BBF5EF3918}.Dev|Any CPU.ActiveCfg = Dev|Any CPU
		{134A03E5-1F77-4644-B8E6-43BBF5EF3918}.Dev|Any CPU.Build.0 = Dev|Any CPU
		{134A03E5-1F77-4644-B8E6-43BBF5EF3918}.Local|Any CPU.ActiveCfg = Local|Any CPU
		{134A03E5-1F77-4644-B8E6-43BBF5EF3918}.Local|Any CPU.Build.0 = Local|Any CPU
		{134A03E5-1F77-4644-B8E6-43BBF5EF3918}.Pre|Any CPU.ActiveCfg = Pre|Any CPU
		{134A03E5-1F77-4644-B8E6-43BBF5EF3918}.Pre|Any CPU.Build.0 = Pre|Any CPU
		{134A03E5-1F77-4644-B8E6-43BBF5EF3918}.Prod|Any CPU.ActiveCfg = Prod|Any CPU
		{134A03E5-1F77-4644-B8E6-43BBF5EF3918}.Prod|Any CPU.Build.0 = Prod|Any CPU
		{134A03E5-1F77-4644-B8E6-43BBF5EF3918}.Sit|Any CPU.ActiveCfg = Sit|Any CPU
		{134A03E5-1F77-4644-B8E6-43BBF5EF3918}.Sit|Any CPU.Build.0 = Sit|Any CPU
		{80129D31-FBAC-42B0-9A96-251C71E86BC7}.Demo|Any CPU.ActiveCfg = Demo|Any CPU
		{80129D31-FBAC-42B0-9A96-251C71E86BC7}.Demo|Any CPU.Build.0 = Demo|Any CPU
		{80129D31-FBAC-42B0-9A96-251C71E86BC7}.Dev|Any CPU.ActiveCfg = Dev|Any CPU
		{80129D31-FBAC-42B0-9A96-251C71E86BC7}.Dev|Any CPU.Build.0 = Dev|Any CPU
		{80129D31-FBAC-42B0-9A96-251C71E86BC7}.Local|Any CPU.ActiveCfg = Local|Any CPU
		{80129D31-FBAC-42B0-9A96-251C71E86BC7}.Local|Any CPU.Build.0 = Local|Any CPU
		{80129D31-FBAC-42B0-9A96-251C71E86BC7}.Pre|Any CPU.ActiveCfg = Pre|Any CPU
		{80129D31-FBAC-42B0-9A96-251C71E86BC7}.Pre|Any CPU.Build.0 = Pre|Any CPU
		{80129D31-FBAC-42B0-9A96-251C71E86BC7}.Prod|Any CPU.ActiveCfg = Prod|Any CPU
		{80129D31-FBAC-42B0-9A96-251C71E86BC7}.Prod|Any CPU.Build.0 = Prod|Any CPU
		{80129D31-FBAC-42B0-9A96-251C71E86BC7}.Sit|Any CPU.ActiveCfg = Sit|Any CPU
		{80129D31-FBAC-42B0-9A96-251C71E86BC7}.Sit|Any CPU.Build.0 = Sit|Any CPU
		{4741B9B0-C694-4D34-8D30-D5B82BC87724}.Demo|Any CPU.ActiveCfg = Demo|Any CPU
		{4741B9B0-C694-4D34-8D30-D5B82BC87724}.Demo|Any CPU.Build.0 = Demo|Any CPU
		{4741B9B0-C694-4D34-8D30-D5B82BC87724}.Dev|Any CPU.ActiveCfg = Dev|Any CPU
		{4741B9B0-C694-4D34-8D30-D5B82BC87724}.Dev|Any CPU.Build.0 = Dev|Any CPU
		{4741B9B0-C694-4D34-8D30-D5B82BC87724}.Local|Any CPU.ActiveCfg = Local|Any CPU
		{4741B9B0-C694-4D34-8D30-D5B82BC87724}.Local|Any CPU.Build.0 = Local|Any CPU
		{4741B9B0-C694-4D34-8D30-D5B82BC87724}.Pre|Any CPU.ActiveCfg = Pre|Any CPU
		{4741B9B0-C694-4D34-8D30-D5B82BC87724}.Pre|Any CPU.Build.0 = Pre|Any CPU
		{4741B9B0-C694-4D34-8D30-D5B82BC87724}.Prod|Any CPU.ActiveCfg = Prod|Any CPU
		{4741B9B0-C694-4D34-8D30-D5B82BC87724}.Prod|Any CPU.Build.0 = Prod|Any CPU
		{4741B9B0-C694-4D34-8D30-D5B82BC87724}.Sit|Any CPU.ActiveCfg = Sit|Any CPU
		{4741B9B0-C694-4D34-8D30-D5B82BC87724}.Sit|Any CPU.Build.0 = Sit|Any CPU
		{AF84EB1F-B9E9-4269-B2B4-452A6D92897A}.Demo|Any CPU.ActiveCfg = Demo|Any CPU
		{AF84EB1F-B9E9-4269-B2B4-452A6D92897A}.Demo|Any CPU.Build.0 = Demo|Any CPU
		{AF84EB1F-B9E9-4269-B2B4-452A6D92897A}.Dev|Any CPU.ActiveCfg = Dev|Any CPU
		{AF84EB1F-B9E9-4269-B2B4-452A6D92897A}.Dev|Any CPU.Build.0 = Dev|Any CPU
		{AF84EB1F-B9E9-4269-B2B4-452A6D92897A}.Local|Any CPU.ActiveCfg = Local|Any CPU
		{AF84EB1F-B9E9-4269-B2B4-452A6D92897A}.Local|Any CPU.Build.0 = Local|Any CPU
		{AF84EB1F-B9E9-4269-B2B4-452A6D92897A}.Pre|Any CPU.ActiveCfg = Pre|Any CPU
		{AF84EB1F-B9E9-4269-B2B4-452A6D92897A}.Pre|Any CPU.Build.0 = Pre|Any CPU
		{AF84EB1F-B9E9-4269-B2B4-452A6D92897A}.Prod|Any CPU.ActiveCfg = Prod|Any CPU
		{AF84EB1F-B9E9-4269-B2B4-452A6D92897A}.Prod|Any CPU.Build.0 = Prod|Any CPU
		{AF84EB1F-B9E9-4269-B2B4-452A6D92897A}.Sit|Any CPU.ActiveCfg = Sit|Any CPU
		{AF84EB1F-B9E9-4269-B2B4-452A6D92897A}.Sit|Any CPU.Build.0 = Sit|Any CPU
		{2FC1A9D8-E66E-49D0-BEFF-C845AFDF34F6}.Demo|Any CPU.ActiveCfg = Demo|Any CPU
		{2FC1A9D8-E66E-49D0-BEFF-C845AFDF34F6}.Demo|Any CPU.Build.0 = Demo|Any CPU
		{2FC1A9D8-E66E-49D0-BEFF-C845AFDF34F6}.Dev|Any CPU.ActiveCfg = Dev|Any CPU
		{2FC1A9D8-E66E-49D0-BEFF-C845AFDF34F6}.Dev|Any CPU.Build.0 = Dev|Any CPU
		{2FC1A9D8-E66E-49D0-BEFF-C845AFDF34F6}.Local|Any CPU.ActiveCfg = Local|Any CPU
		{2FC1A9D8-E66E-49D0-BEFF-C845AFDF34F6}.Local|Any CPU.Build.0 = Local|Any CPU
		{2FC1A9D8-E66E-49D0-BEFF-C845AFDF34F6}.Pre|Any CPU.ActiveCfg = Pre|Any CPU
		{2FC1A9D8-E66E-49D0-BEFF-C845AFDF34F6}.Pre|Any CPU.Build.0 = Pre|Any CPU
		{2FC1A9D8-E66E-49D0-BEFF-C845AFDF34F6}.Prod|Any CPU.ActiveCfg = Prod|Any CPU
		{2FC1A9D8-E66E-49D0-BEFF-C845AFDF34F6}.Prod|Any CPU.Build.0 = Prod|Any CPU
		{2FC1A9D8-E66E-49D0-BEFF-C845AFDF34F6}.Sit|Any CPU.ActiveCfg = Sit|Any CPU
		{2FC1A9D8-E66E-49D0-BEFF-C845AFDF34F6}.Sit|Any CPU.Build.0 = Sit|Any CPU
		{984F8CD2-61B3-48A4-B0CC-5D05E235983D}.Demo|Any CPU.ActiveCfg = Demo|Any CPU
		{984F8CD2-61B3-48A4-B0CC-5D05E235983D}.Demo|Any CPU.Build.0 = Demo|Any CPU
		{984F8CD2-61B3-48A4-B0CC-5D05E235983D}.Dev|Any CPU.ActiveCfg = Dev|Any CPU
		{984F8CD2-61B3-48A4-B0CC-5D05E235983D}.Dev|Any CPU.Build.0 = Dev|Any CPU
		{984F8CD2-61B3-48A4-B0CC-5D05E235983D}.Local|Any CPU.ActiveCfg = Local|Any CPU
		{984F8CD2-61B3-48A4-B0CC-5D05E235983D}.Local|Any CPU.Build.0 = Local|Any CPU
		{984F8CD2-61B3-48A4-B0CC-5D05E235983D}.Pre|Any CPU.ActiveCfg = Pre|Any CPU
		{984F8CD2-61B3-48A4-B0CC-5D05E235983D}.Pre|Any CPU.Build.0 = Pre|Any CPU
		{984F8CD2-61B3-48A4-B0CC-5D05E235983D}.Prod|Any CPU.ActiveCfg = Prod|Any CPU
		{984F8CD2-61B3-48A4-B0CC-5D05E235983D}.Prod|Any CPU.Build.0 = Prod|Any CPU
		{984F8CD2-61B3-48A4-B0CC-5D05E235983D}.Sit|Any CPU.ActiveCfg = Sit|Any CPU
		{984F8CD2-61B3-48A4-B0CC-5D05E235983D}.Sit|Any CPU.Build.0 = Sit|Any CPU
		{CE62BDE8-C127-4808-95F8-5F5E24485830}.Demo|Any CPU.ActiveCfg = Demo|Any CPU
		{CE62BDE8-C127-4808-95F8-5F5E24485830}.Demo|Any CPU.Build.0 = Demo|Any CPU
		{CE62BDE8-C127-4808-95F8-5F5E24485830}.Dev|Any CPU.ActiveCfg = Dev|Any CPU
		{CE62BDE8-C127-4808-95F8-5F5E24485830}.Dev|Any CPU.Build.0 = Dev|Any CPU
		{CE62BDE8-C127-4808-95F8-5F5E24485830}.Local|Any CPU.ActiveCfg = Local|Any CPU
		{CE62BDE8-C127-4808-95F8-5F5E24485830}.Local|Any CPU.Build.0 = Local|Any CPU
		{CE62BDE8-C127-4808-95F8-5F5E24485830}.Pre|Any CPU.ActiveCfg = Pre|Any CPU
		{CE62BDE8-C127-4808-95F8-5F5E24485830}.Pre|Any CPU.Build.0 = Pre|Any CPU
		{CE62BDE8-C127-4808-95F8-5F5E24485830}.Prod|Any CPU.ActiveCfg = Prod|Any CPU
		{CE62BDE8-C127-4808-95F8-5F5E24485830}.Prod|Any CPU.Build.0 = Prod|Any CPU
		{CE62BDE8-C127-4808-95F8-5F5E24485830}.Sit|Any CPU.ActiveCfg = Sit|Any CPU
		{CE62BDE8-C127-4808-95F8-5F5E24485830}.Sit|Any CPU.Build.0 = Sit|Any CPU
		{91822365-711D-4976-AD7F-069063D8B487}.Demo|Any CPU.ActiveCfg = Demo|Any CPU
		{91822365-711D-4976-AD7F-069063D8B487}.Demo|Any CPU.Build.0 = Demo|Any CPU
		{91822365-711D-4976-AD7F-069063D8B487}.Dev|Any CPU.ActiveCfg = Dev|Any CPU
		{91822365-711D-4976-AD7F-069063D8B487}.Dev|Any CPU.Build.0 = Dev|Any CPU
		{91822365-711D-4976-AD7F-069063D8B487}.Local|Any CPU.ActiveCfg = Local|Any CPU
		{91822365-711D-4976-AD7F-069063D8B487}.Local|Any CPU.Build.0 = Local|Any CPU
		{91822365-711D-4976-AD7F-069063D8B487}.Pre|Any CPU.ActiveCfg = Pre|Any CPU
		{91822365-711D-4976-AD7F-069063D8B487}.Pre|Any CPU.Build.0 = Pre|Any CPU
		{91822365-711D-4976-AD7F-069063D8B487}.Prod|Any CPU.ActiveCfg = Prod|Any CPU
		{91822365-711D-4976-AD7F-069063D8B487}.Prod|Any CPU.Build.0 = Prod|Any CPU
		{91822365-711D-4976-AD7F-069063D8B487}.Sit|Any CPU.ActiveCfg = Sit|Any CPU
		{91822365-711D-4976-AD7F-069063D8B487}.Sit|Any CPU.Build.0 = Sit|Any CPU
		{AA87BD85-5A33-46B8-B26F-C6B680876486}.Demo|Any CPU.ActiveCfg = Demo|Any CPU
		{AA87BD85-5A33-46B8-B26F-C6B680876486}.Demo|Any CPU.Build.0 = Demo|Any CPU
		{AA87BD85-5A33-46B8-B26F-C6B680876486}.Dev|Any CPU.ActiveCfg = Dev|Any CPU
		{AA87BD85-5A33-46B8-B26F-C6B680876486}.Dev|Any CPU.Build.0 = Dev|Any CPU
		{AA87BD85-5A33-46B8-B26F-C6B680876486}.Local|Any CPU.ActiveCfg = Local|Any CPU
		{AA87BD85-5A33-46B8-B26F-C6B680876486}.Local|Any CPU.Build.0 = Local|Any CPU
		{AA87BD85-5A33-46B8-B26F-C6B680876486}.Pre|Any CPU.ActiveCfg = Pre|Any CPU
		{AA87BD85-5A33-46B8-B26F-C6B680876486}.Pre|Any CPU.Build.0 = Pre|Any CPU
		{AA87BD85-5A33-46B8-B26F-C6B680876486}.Prod|Any CPU.ActiveCfg = Prod|Any CPU
		{AA87BD85-5A33-46B8-B26F-C6B680876486}.Prod|Any CPU.Build.0 = Prod|Any CPU
		{AA87BD85-5A33-46B8-B26F-C6B680876486}.Sit|Any CPU.ActiveCfg = Sit|Any CPU
		{AA87BD85-5A33-46B8-B26F-C6B680876486}.Sit|Any CPU.Build.0 = Sit|Any CPU
		{86331199-E70F-4D51-8584-5C2476855D29}.Demo|Any CPU.ActiveCfg = Demo|Any CPU
		{86331199-E70F-4D51-8584-5C2476855D29}.Demo|Any CPU.Build.0 = Demo|Any CPU
		{86331199-E70F-4D51-8584-5C2476855D29}.Dev|Any CPU.ActiveCfg = Dev|Any CPU
		{86331199-E70F-4D51-8584-5C2476855D29}.Dev|Any CPU.Build.0 = Dev|Any CPU
		{86331199-E70F-4D51-8584-5C2476855D29}.Local|Any CPU.ActiveCfg = Local|Any CPU
		{86331199-E70F-4D51-8584-5C2476855D29}.Local|Any CPU.Build.0 = Local|Any CPU
		{86331199-E70F-4D51-8584-5C2476855D29}.Pre|Any CPU.ActiveCfg = Pre|Any CPU
		{86331199-E70F-4D51-8584-5C2476855D29}.Pre|Any CPU.Build.0 = Pre|Any CPU
		{86331199-E70F-4D51-8584-5C2476855D29}.Prod|Any CPU.ActiveCfg = Prod|Any CPU
		{86331199-E70F-4D51-8584-5C2476855D29}.Prod|Any CPU.Build.0 = Prod|Any CPU
		{86331199-E70F-4D51-8584-5C2476855D29}.Sit|Any CPU.ActiveCfg = Sit|Any CPU
		{86331199-E70F-4D51-8584-5C2476855D29}.Sit|Any CPU.Build.0 = Sit|Any CPU
		{D34D27D3-79A9-407E-86EF-AF3AC0EA024B}.Demo|Any CPU.ActiveCfg = Demo|Any CPU
		{D34D27D3-79A9-407E-86EF-AF3AC0EA024B}.Demo|Any CPU.Build.0 = Demo|Any CPU
		{D34D27D3-79A9-407E-86EF-AF3AC0EA024B}.Dev|Any CPU.ActiveCfg = Dev|Any CPU
		{D34D27D3-79A9-407E-86EF-AF3AC0EA024B}.Dev|Any CPU.Build.0 = Dev|Any CPU
		{D34D27D3-79A9-407E-86EF-AF3AC0EA024B}.Local|Any CPU.ActiveCfg = Local|Any CPU
		{D34D27D3-79A9-407E-86EF-AF3AC0EA024B}.Local|Any CPU.Build.0 = Local|Any CPU
		{D34D27D3-79A9-407E-86EF-AF3AC0EA024B}.Pre|Any CPU.ActiveCfg = Pre|Any CPU
		{D34D27D3-79A9-407E-86EF-AF3AC0EA024B}.Pre|Any CPU.Build.0 = Pre|Any CPU
		{D34D27D3-79A9-407E-86EF-AF3AC0EA024B}.Prod|Any CPU.ActiveCfg = Prod|Any CPU
		{D34D27D3-79A9-407E-86EF-AF3AC0EA024B}.Prod|Any CPU.Build.0 = Prod|Any CPU
		{D34D27D3-79A9-407E-86EF-AF3AC0EA024B}.Sit|Any CPU.ActiveCfg = Sit|Any CPU
		{D34D27D3-79A9-407E-86EF-AF3AC0EA024B}.Sit|Any CPU.Build.0 = Sit|Any CPU
		{C91E4093-3348-43ED-B386-CF70000FFCB3}.Demo|Any CPU.ActiveCfg = Demo|Any CPU
		{C91E4093-3348-43ED-B386-CF70000FFCB3}.Demo|Any CPU.Build.0 = Demo|Any CPU
		{C91E4093-3348-43ED-B386-CF70000FFCB3}.Dev|Any CPU.ActiveCfg = Dev|Any CPU
		{C91E4093-3348-43ED-B386-CF70000FFCB3}.Dev|Any CPU.Build.0 = Dev|Any CPU
		{C91E4093-3348-43ED-B386-CF70000FFCB3}.Local|Any CPU.ActiveCfg = Local|Any CPU
		{C91E4093-3348-43ED-B386-CF70000FFCB3}.Local|Any CPU.Build.0 = Local|Any CPU
		{C91E4093-3348-43ED-B386-CF70000FFCB3}.Pre|Any CPU.ActiveCfg = Pre|Any CPU
		{C91E4093-3348-43ED-B386-CF70000FFCB3}.Pre|Any CPU.Build.0 = Pre|Any CPU
		{C91E4093-3348-43ED-B386-CF70000FFCB3}.Prod|Any CPU.ActiveCfg = Prod|Any CPU
		{C91E4093-3348-43ED-B386-CF70000FFCB3}.Prod|Any CPU.Build.0 = Prod|Any CPU
		{C91E4093-3348-43ED-B386-CF70000FFCB3}.Sit|Any CPU.ActiveCfg = Sit|Any CPU
		{C91E4093-3348-43ED-B386-CF70000FFCB3}.Sit|Any CPU.Build.0 = Sit|Any CPU
		{4696D786-2F3C-4A12-BD6B-38E2981D6DF1}.Demo|Any CPU.ActiveCfg = Demo|Any CPU
		{4696D786-2F3C-4A12-BD6B-38E2981D6DF1}.Demo|Any CPU.Build.0 = Demo|Any CPU
		{4696D786-2F3C-4A12-BD6B-38E2981D6DF1}.Dev|Any CPU.ActiveCfg = Dev|Any CPU
		{4696D786-2F3C-4A12-BD6B-38E2981D6DF1}.Dev|Any CPU.Build.0 = Dev|Any CPU
		{4696D786-2F3C-4A12-BD6B-38E2981D6DF1}.Local|Any CPU.ActiveCfg = Local|Any CPU
		{4696D786-2F3C-4A12-BD6B-38E2981D6DF1}.Local|Any CPU.Build.0 = Local|Any CPU
		{4696D786-2F3C-4A12-BD6B-38E2981D6DF1}.Pre|Any CPU.ActiveCfg = Pre|Any CPU
		{4696D786-2F3C-4A12-BD6B-38E2981D6DF1}.Pre|Any CPU.Build.0 = Pre|Any CPU
		{4696D786-2F3C-4A12-BD6B-38E2981D6DF1}.Prod|Any CPU.ActiveCfg = Prod|Any CPU
		{4696D786-2F3C-4A12-BD6B-38E2981D6DF1}.Prod|Any CPU.Build.0 = Prod|Any CPU
		{4696D786-2F3C-4A12-BD6B-38E2981D6DF1}.Sit|Any CPU.ActiveCfg = Sit|Any CPU
		{4696D786-2F3C-4A12-BD6B-38E2981D6DF1}.Sit|Any CPU.Build.0 = Sit|Any CPU
		{980296FF-5859-4FB1-8100-A836ED103FE4}.Demo|Any CPU.ActiveCfg = Demo|Any CPU
		{980296FF-5859-4FB1-8100-A836ED103FE4}.Demo|Any CPU.Build.0 = Demo|Any CPU
		{980296FF-5859-4FB1-8100-A836ED103FE4}.Dev|Any CPU.ActiveCfg = Dev|Any CPU
		{980296FF-5859-4FB1-8100-A836ED103FE4}.Dev|Any CPU.Build.0 = Dev|Any CPU
		{980296FF-5859-4FB1-8100-A836ED103FE4}.Local|Any CPU.ActiveCfg = Local|Any CPU
		{980296FF-5859-4FB1-8100-A836ED103FE4}.Local|Any CPU.Build.0 = Local|Any CPU
		{980296FF-5859-4FB1-8100-A836ED103FE4}.Pre|Any CPU.ActiveCfg = Pre|Any CPU
		{980296FF-5859-4FB1-8100-A836ED103FE4}.Pre|Any CPU.Build.0 = Pre|Any CPU
		{980296FF-5859-4FB1-8100-A836ED103FE4}.Prod|Any CPU.ActiveCfg = Prod|Any CPU
		{980296FF-5859-4FB1-8100-A836ED103FE4}.Prod|Any CPU.Build.0 = Prod|Any CPU
		{980296FF-5859-4FB1-8100-A836ED103FE4}.Sit|Any CPU.ActiveCfg = Sit|Any CPU
		{980296FF-5859-4FB1-8100-A836ED103FE4}.Sit|Any CPU.Build.0 = Sit|Any CPU
		{969662B6-BB64-48EE-880D-9646AB6146A4}.Demo|Any CPU.ActiveCfg = Demo|Any CPU
		{969662B6-BB64-48EE-880D-9646AB6146A4}.Demo|Any CPU.Build.0 = Demo|Any CPU
		{969662B6-BB64-48EE-880D-9646AB6146A4}.Dev|Any CPU.ActiveCfg = Dev|Any CPU
		{969662B6-BB64-48EE-880D-9646AB6146A4}.Dev|Any CPU.Build.0 = Dev|Any CPU
		{969662B6-BB64-48EE-880D-9646AB6146A4}.Local|Any CPU.ActiveCfg = Local|Any CPU
		{969662B6-BB64-48EE-880D-9646AB6146A4}.Local|Any CPU.Build.0 = Local|Any CPU
		{969662B6-BB64-48EE-880D-9646AB6146A4}.Pre|Any CPU.ActiveCfg = Pre|Any CPU
		{969662B6-BB64-48EE-880D-9646AB6146A4}.Pre|Any CPU.Build.0 = Pre|Any CPU
		{969662B6-BB64-48EE-880D-9646AB6146A4}.Prod|Any CPU.ActiveCfg = Prod|Any CPU
		{969662B6-BB64-48EE-880D-9646AB6146A4}.Prod|Any CPU.Build.0 = Prod|Any CPU
		{969662B6-BB64-48EE-880D-9646AB6146A4}.Sit|Any CPU.ActiveCfg = Sit|Any CPU
		{969662B6-BB64-48EE-880D-9646AB6146A4}.Sit|Any CPU.Build.0 = Sit|Any CPU
		{2752E3B6-358D-4C06-A31F-867304CAC53D}.Demo|Any CPU.ActiveCfg = Demo|Any CPU
		{2752E3B6-358D-4C06-A31F-867304CAC53D}.Demo|Any CPU.Build.0 = Demo|Any CPU
		{2752E3B6-358D-4C06-A31F-867304CAC53D}.Dev|Any CPU.ActiveCfg = Dev|Any CPU
		{2752E3B6-358D-4C06-A31F-867304CAC53D}.Dev|Any CPU.Build.0 = Dev|Any CPU
		{2752E3B6-358D-4C06-A31F-867304CAC53D}.Local|Any CPU.ActiveCfg = Local|Any CPU
		{2752E3B6-358D-4C06-A31F-867304CAC53D}.Local|Any CPU.Build.0 = Local|Any CPU
		{2752E3B6-358D-4C06-A31F-867304CAC53D}.Pre|Any CPU.ActiveCfg = Pre|Any CPU
		{2752E3B6-358D-4C06-A31F-867304CAC53D}.Pre|Any CPU.Build.0 = Pre|Any CPU
		{2752E3B6-358D-4C06-A31F-867304CAC53D}.Prod|Any CPU.ActiveCfg = Prod|Any CPU
		{2752E3B6-358D-4C06-A31F-867304CAC53D}.Prod|Any CPU.Build.0 = Prod|Any CPU
		{2752E3B6-358D-4C06-A31F-867304CAC53D}.Sit|Any CPU.ActiveCfg = Sit|Any CPU
		{2752E3B6-358D-4C06-A31F-867304CAC53D}.Sit|Any CPU.Build.0 = Sit|Any CPU
		{C6AB7681-98BD-4EF5-8A3B-9607A59FFF44}.Demo|Any CPU.ActiveCfg = Demo|Any CPU
		{C6AB7681-98BD-4EF5-8A3B-9607A59FFF44}.Demo|Any CPU.Build.0 = Demo|Any CPU
		{C6AB7681-98BD-4EF5-8A3B-9607A59FFF44}.Dev|Any CPU.ActiveCfg = Dev|Any CPU
		{C6AB7681-98BD-4EF5-8A3B-9607A59FFF44}.Dev|Any CPU.Build.0 = Dev|Any CPU
		{C6AB7681-98BD-4EF5-8A3B-9607A59FFF44}.Local|Any CPU.ActiveCfg = Local|Any CPU
		{C6AB7681-98BD-4EF5-8A3B-9607A59FFF44}.Local|Any CPU.Build.0 = Local|Any CPU
		{C6AB7681-98BD-4EF5-8A3B-9607A59FFF44}.Pre|Any CPU.ActiveCfg = Pre|Any CPU
		{C6AB7681-98BD-4EF5-8A3B-9607A59FFF44}.Pre|Any CPU.Build.0 = Pre|Any CPU
		{C6AB7681-98BD-4EF5-8A3B-9607A59FFF44}.Prod|Any CPU.ActiveCfg = Prod|Any CPU
		{C6AB7681-98BD-4EF5-8A3B-9607A59FFF44}.Prod|Any CPU.Build.0 = Prod|Any CPU
		{C6AB7681-98BD-4EF5-8A3B-9607A59FFF44}.Sit|Any CPU.ActiveCfg = Sit|Any CPU
		{C6AB7681-98BD-4EF5-8A3B-9607A59FFF44}.Sit|Any CPU.Build.0 = Sit|Any CPU
		{3FD05F32-F39C-4ACF-8B3B-571B2D20899E}.Demo|Any CPU.ActiveCfg = Demo|Any CPU
		{3FD05F32-F39C-4ACF-8B3B-571B2D20899E}.Demo|Any CPU.Build.0 = Demo|Any CPU
		{3FD05F32-F39C-4ACF-8B3B-571B2D20899E}.Dev|Any CPU.ActiveCfg = Dev|Any CPU
		{3FD05F32-F39C-4ACF-8B3B-571B2D20899E}.Dev|Any CPU.Build.0 = Dev|Any CPU
		{3FD05F32-F39C-4ACF-8B3B-571B2D20899E}.Local|Any CPU.ActiveCfg = Local|Any CPU
		{3FD05F32-F39C-4ACF-8B3B-571B2D20899E}.Local|Any CPU.Build.0 = Local|Any CPU
		{3FD05F32-F39C-4ACF-8B3B-571B2D20899E}.Pre|Any CPU.ActiveCfg = Pre|Any CPU
		{3FD05F32-F39C-4ACF-8B3B-571B2D20899E}.Pre|Any CPU.Build.0 = Pre|Any CPU
		{3FD05F32-F39C-4ACF-8B3B-571B2D20899E}.Prod|Any CPU.ActiveCfg = Prod|Any CPU
		{3FD05F32-F39C-4ACF-8B3B-571B2D20899E}.Prod|Any CPU.Build.0 = Prod|Any CPU
		{3FD05F32-F39C-4ACF-8B3B-571B2D20899E}.Sit|Any CPU.ActiveCfg = Sit|Any CPU
		{3FD05F32-F39C-4ACF-8B3B-571B2D20899E}.Sit|Any CPU.Build.0 = Sit|Any CPU
		{D1BC4A28-A7AB-475E-B73E-5564897550BA}.Demo|Any CPU.ActiveCfg = Demo|Any CPU
		{D1BC4A28-A7AB-475E-B73E-5564897550BA}.Demo|Any CPU.Build.0 = Demo|Any CPU
		{D1BC4A28-A7AB-475E-B73E-5564897550BA}.Dev|Any CPU.ActiveCfg = Dev|Any CPU
		{D1BC4A28-A7AB-475E-B73E-5564897550BA}.Dev|Any CPU.Build.0 = Dev|Any CPU
		{D1BC4A28-A7AB-475E-B73E-5564897550BA}.Local|Any CPU.ActiveCfg = Local|Any CPU
		{D1BC4A28-A7AB-475E-B73E-5564897550BA}.Local|Any CPU.Build.0 = Local|Any CPU
		{D1BC4A28-A7AB-475E-B73E-5564897550BA}.Pre|Any CPU.ActiveCfg = Pre|Any CPU
		{D1BC4A28-A7AB-475E-B73E-5564897550BA}.Pre|Any CPU.Build.0 = Pre|Any CPU
		{D1BC4A28-A7AB-475E-B73E-5564897550BA}.Prod|Any CPU.ActiveCfg = Prod|Any CPU
		{D1BC4A28-A7AB-475E-B73E-5564897550BA}.Prod|Any CPU.Build.0 = Prod|Any CPU
		{D1BC4A28-A7AB-475E-B73E-5564897550BA}.Sit|Any CPU.ActiveCfg = Sit|Any CPU
		{D1BC4A28-A7AB-475E-B73E-5564897550BA}.Sit|Any CPU.Build.0 = Sit|Any CPU
		{64BB68D9-4F1A-4724-9DF0-3E5E20BBDF58}.Demo|Any CPU.ActiveCfg = Demo|Any CPU
		{64BB68D9-4F1A-4724-9DF0-3E5E20BBDF58}.Demo|Any CPU.Build.0 = Demo|Any CPU
		{64BB68D9-4F1A-4724-9DF0-3E5E20BBDF58}.Dev|Any CPU.ActiveCfg = Dev|Any CPU
		{64BB68D9-4F1A-4724-9DF0-3E5E20BBDF58}.Dev|Any CPU.Build.0 = Dev|Any CPU
		{64BB68D9-4F1A-4724-9DF0-3E5E20BBDF58}.Local|Any CPU.ActiveCfg = Local|Any CPU
		{64BB68D9-4F1A-4724-9DF0-3E5E20BBDF58}.Local|Any CPU.Build.0 = Local|Any CPU
		{64BB68D9-4F1A-4724-9DF0-3E5E20BBDF58}.Pre|Any CPU.ActiveCfg = Pre|Any CPU
		{64BB68D9-4F1A-4724-9DF0-3E5E20BBDF58}.Pre|Any CPU.Build.0 = Pre|Any CPU
		{64BB68D9-4F1A-4724-9DF0-3E5E20BBDF58}.Prod|Any CPU.ActiveCfg = Prod|Any CPU
		{64BB68D9-4F1A-4724-9DF0-3E5E20BBDF58}.Prod|Any CPU.Build.0 = Prod|Any CPU
		{64BB68D9-4F1A-4724-9DF0-3E5E20BBDF58}.Sit|Any CPU.ActiveCfg = Sit|Any CPU
		{64BB68D9-4F1A-4724-9DF0-3E5E20BBDF58}.Sit|Any CPU.Build.0 = Sit|Any CPU
		{AC61A264-5D06-4FF3-BF54-99C9B525E360}.Demo|Any CPU.ActiveCfg = Demo|Any CPU
		{AC61A264-5D06-4FF3-BF54-99C9B525E360}.Demo|Any CPU.Build.0 = Demo|Any CPU
		{AC61A264-5D06-4FF3-BF54-99C9B525E360}.Dev|Any CPU.ActiveCfg = Dev|Any CPU
		{AC61A264-5D06-4FF3-BF54-99C9B525E360}.Dev|Any CPU.Build.0 = Dev|Any CPU
		{AC61A264-5D06-4FF3-BF54-99C9B525E360}.Local|Any CPU.ActiveCfg = Local|Any CPU
		{AC61A264-5D06-4FF3-BF54-99C9B525E360}.Local|Any CPU.Build.0 = Local|Any CPU
		{AC61A264-5D06-4FF3-BF54-99C9B525E360}.Pre|Any CPU.ActiveCfg = Pre|Any CPU
		{AC61A264-5D06-4FF3-BF54-99C9B525E360}.Pre|Any CPU.Build.0 = Pre|Any CPU
		{AC61A264-5D06-4FF3-BF54-99C9B525E360}.Prod|Any CPU.ActiveCfg = Prod|Any CPU
		{AC61A264-5D06-4FF3-BF54-99C9B525E360}.Prod|Any CPU.Build.0 = Prod|Any CPU
		{AC61A264-5D06-4FF3-BF54-99C9B525E360}.Sit|Any CPU.ActiveCfg = Sit|Any CPU
		{AC61A264-5D06-4FF3-BF54-99C9B525E360}.Sit|Any CPU.Build.0 = Sit|Any CPU
		{F01914FA-A911-4345-ACD4-FD80ADE21A8C}.Demo|Any CPU.ActiveCfg = Demo|Any CPU
		{F01914FA-A911-4345-ACD4-FD80ADE21A8C}.Demo|Any CPU.Build.0 = Demo|Any CPU
		{F01914FA-A911-4345-ACD4-FD80ADE21A8C}.Dev|Any CPU.ActiveCfg = Dev|Any CPU
		{F01914FA-A911-4345-ACD4-FD80ADE21A8C}.Dev|Any CPU.Build.0 = Dev|Any CPU
		{F01914FA-A911-4345-ACD4-FD80ADE21A8C}.Local|Any CPU.ActiveCfg = Local|Any CPU
		{F01914FA-A911-4345-ACD4-FD80ADE21A8C}.Local|Any CPU.Build.0 = Local|Any CPU
		{F01914FA-A911-4345-ACD4-FD80ADE21A8C}.Pre|Any CPU.ActiveCfg = Pre|Any CPU
		{F01914FA-A911-4345-ACD4-FD80ADE21A8C}.Pre|Any CPU.Build.0 = Pre|Any CPU
		{F01914FA-A911-4345-ACD4-FD80ADE21A8C}.Prod|Any CPU.ActiveCfg = Prod|Any CPU
		{F01914FA-A911-4345-ACD4-FD80ADE21A8C}.Prod|Any CPU.Build.0 = Prod|Any CPU
		{F01914FA-A911-4345-ACD4-FD80ADE21A8C}.Sit|Any CPU.ActiveCfg = Sit|Any CPU
		{F01914FA-A911-4345-ACD4-FD80ADE21A8C}.Sit|Any CPU.Build.0 = Sit|Any CPU
		{F5F29922-2FBC-4BF4-9CBB-424A71FD98C1}.Demo|Any CPU.ActiveCfg = Demo|Any CPU
		{F5F29922-2FBC-4BF4-9CBB-424A71FD98C1}.Demo|Any CPU.Build.0 = Demo|Any CPU
		{F5F29922-2FBC-4BF4-9CBB-424A71FD98C1}.Dev|Any CPU.ActiveCfg = Dev|Any CPU
		{F5F29922-2FBC-4BF4-9CBB-424A71FD98C1}.Dev|Any CPU.Build.0 = Dev|Any CPU
		{F5F29922-2FBC-4BF4-9CBB-424A71FD98C1}.Local|Any CPU.ActiveCfg = Local|Any CPU
		{F5F29922-2FBC-4BF4-9CBB-424A71FD98C1}.Local|Any CPU.Build.0 = Local|Any CPU
		{F5F29922-2FBC-4BF4-9CBB-424A71FD98C1}.Pre|Any CPU.ActiveCfg = Pre|Any CPU
		{F5F29922-2FBC-4BF4-9CBB-424A71FD98C1}.Pre|Any CPU.Build.0 = Pre|Any CPU
		{F5F29922-2FBC-4BF4-9CBB-424A71FD98C1}.Prod|Any CPU.ActiveCfg = Prod|Any CPU
		{F5F29922-2FBC-4BF4-9CBB-424A71FD98C1}.Prod|Any CPU.Build.0 = Prod|Any CPU
		{F5F29922-2FBC-4BF4-9CBB-424A71FD98C1}.Sit|Any CPU.ActiveCfg = Sit|Any CPU
		{F5F29922-2FBC-4BF4-9CBB-424A71FD98C1}.Sit|Any CPU.Build.0 = Sit|Any CPU
		{238A2637-CA77-4460-9C11-F7549287A152}.Demo|Any CPU.ActiveCfg = Demo|Any CPU
		{238A2637-CA77-4460-9C11-F7549287A152}.Demo|Any CPU.Build.0 = Demo|Any CPU
		{238A2637-CA77-4460-9C11-F7549287A152}.Dev|Any CPU.ActiveCfg = Dev|Any CPU
		{238A2637-CA77-4460-9C11-F7549287A152}.Dev|Any CPU.Build.0 = Dev|Any CPU
		{238A2637-CA77-4460-9C11-F7549287A152}.Local|Any CPU.ActiveCfg = Local|Any CPU
		{238A2637-CA77-4460-9C11-F7549287A152}.Local|Any CPU.Build.0 = Local|Any CPU
		{238A2637-CA77-4460-9C11-F7549287A152}.Pre|Any CPU.ActiveCfg = Pre|Any CPU
		{238A2637-CA77-4460-9C11-F7549287A152}.Pre|Any CPU.Build.0 = Pre|Any CPU
		{238A2637-CA77-4460-9C11-F7549287A152}.Prod|Any CPU.ActiveCfg = Prod|Any CPU
		{238A2637-CA77-4460-9C11-F7549287A152}.Prod|Any CPU.Build.0 = Prod|Any CPU
		{238A2637-CA77-4460-9C11-F7549287A152}.Sit|Any CPU.ActiveCfg = Sit|Any CPU
		{238A2637-CA77-4460-9C11-F7549287A152}.Sit|Any CPU.Build.0 = Sit|Any CPU
		{AA7B0394-9287-4A30-AF7E-B349C07528F1}.Demo|Any CPU.ActiveCfg = Demo|Any CPU
		{AA7B0394-9287-4A30-AF7E-B349C07528F1}.Demo|Any CPU.Build.0 = Demo|Any CPU
		{AA7B0394-9287-4A30-AF7E-B349C07528F1}.Dev|Any CPU.ActiveCfg = Dev|Any CPU
		{AA7B0394-9287-4A30-AF7E-B349C07528F1}.Dev|Any CPU.Build.0 = Dev|Any CPU
		{AA7B0394-9287-4A30-AF7E-B349C07528F1}.Local|Any CPU.ActiveCfg = Local|Any CPU
		{AA7B0394-9287-4A30-AF7E-B349C07528F1}.Local|Any CPU.Build.0 = Local|Any CPU
		{AA7B0394-9287-4A30-AF7E-B349C07528F1}.Pre|Any CPU.ActiveCfg = Pre|Any CPU
		{AA7B0394-9287-4A30-AF7E-B349C07528F1}.Pre|Any CPU.Build.0 = Pre|Any CPU
		{AA7B0394-9287-4A30-AF7E-B349C07528F1}.Prod|Any CPU.ActiveCfg = Prod|Any CPU
		{AA7B0394-9287-4A30-AF7E-B349C07528F1}.Prod|Any CPU.Build.0 = Prod|Any CPU
		{AA7B0394-9287-4A30-AF7E-B349C07528F1}.Sit|Any CPU.ActiveCfg = Sit|Any CPU
		{AA7B0394-9287-4A30-AF7E-B349C07528F1}.Sit|Any CPU.Build.0 = Sit|Any CPU
		{7A6640F8-921A-4893-B9DE-BF91BCD4A9E2}.Demo|Any CPU.ActiveCfg = Demo|Any CPU
		{7A6640F8-921A-4893-B9DE-BF91BCD4A9E2}.Demo|Any CPU.Build.0 = Demo|Any CPU
		{7A6640F8-921A-4893-B9DE-BF91BCD4A9E2}.Dev|Any CPU.ActiveCfg = Dev|Any CPU
		{7A6640F8-921A-4893-B9DE-BF91BCD4A9E2}.Dev|Any CPU.Build.0 = Dev|Any CPU
		{7A6640F8-921A-4893-B9DE-BF91BCD4A9E2}.Local|Any CPU.ActiveCfg = Local|Any CPU
		{7A6640F8-921A-4893-B9DE-BF91BCD4A9E2}.Local|Any CPU.Build.0 = Local|Any CPU
		{7A6640F8-921A-4893-B9DE-BF91BCD4A9E2}.Pre|Any CPU.ActiveCfg = Pre|Any CPU
		{7A6640F8-921A-4893-B9DE-BF91BCD4A9E2}.Pre|Any CPU.Build.0 = Pre|Any CPU
		{7A6640F8-921A-4893-B9DE-BF91BCD4A9E2}.Prod|Any CPU.ActiveCfg = Prod|Any CPU
		{7A6640F8-921A-4893-B9DE-BF91BCD4A9E2}.Prod|Any CPU.Build.0 = Prod|Any CPU
		{7A6640F8-921A-4893-B9DE-BF91BCD4A9E2}.Sit|Any CPU.ActiveCfg = Sit|Any CPU
		{7A6640F8-921A-4893-B9DE-BF91BCD4A9E2}.Sit|Any CPU.Build.0 = Sit|Any CPU
		{61619F66-5F17-4EF7-A8CF-BA720BEA3AD3}.Demo|Any CPU.ActiveCfg = Demo|Any CPU
		{61619F66-5F17-4EF7-A8CF-BA720BEA3AD3}.Demo|Any CPU.Build.0 = Demo|Any CPU
		{61619F66-5F17-4EF7-A8CF-BA720BEA3AD3}.Dev|Any CPU.ActiveCfg = Dev|Any CPU
		{61619F66-5F17-4EF7-A8CF-BA720BEA3AD3}.Dev|Any CPU.Build.0 = Dev|Any CPU
		{61619F66-5F17-4EF7-A8CF-BA720BEA3AD3}.Local|Any CPU.ActiveCfg = Local|Any CPU
		{61619F66-5F17-4EF7-A8CF-BA720BEA3AD3}.Local|Any CPU.Build.0 = Local|Any CPU
		{61619F66-5F17-4EF7-A8CF-BA720BEA3AD3}.Pre|Any CPU.ActiveCfg = Pre|Any CPU
		{61619F66-5F17-4EF7-A8CF-BA720BEA3AD3}.Pre|Any CPU.Build.0 = Pre|Any CPU
		{61619F66-5F17-4EF7-A8CF-BA720BEA3AD3}.Prod|Any CPU.ActiveCfg = Prod|Any CPU
		{61619F66-5F17-4EF7-A8CF-BA720BEA3AD3}.Prod|Any CPU.Build.0 = Prod|Any CPU
		{61619F66-5F17-4EF7-A8CF-BA720BEA3AD3}.Sit|Any CPU.ActiveCfg = Sit|Any CPU
		{61619F66-5F17-4EF7-A8CF-BA720BEA3AD3}.Sit|Any CPU.Build.0 = Sit|Any CPU
		{3F950894-DDC7-436F-9DF7-8236C76CBCEC}.Demo|Any CPU.ActiveCfg = Demo|Any CPU
		{3F950894-DDC7-436F-9DF7-8236C76CBCEC}.Demo|Any CPU.Build.0 = Demo|Any CPU
		{3F950894-DDC7-436F-9DF7-8236C76CBCEC}.Dev|Any CPU.ActiveCfg = Dev|Any CPU
		{3F950894-DDC7-436F-9DF7-8236C76CBCEC}.Dev|Any CPU.Build.0 = Dev|Any CPU
		{3F950894-DDC7-436F-9DF7-8236C76CBCEC}.Local|Any CPU.ActiveCfg = Local|Any CPU
		{3F950894-DDC7-436F-9DF7-8236C76CBCEC}.Local|Any CPU.Build.0 = Local|Any CPU
		{3F950894-DDC7-436F-9DF7-8236C76CBCEC}.Pre|Any CPU.ActiveCfg = Pre|Any CPU
		{3F950894-DDC7-436F-9DF7-8236C76CBCEC}.Pre|Any CPU.Build.0 = Pre|Any CPU
		{3F950894-DDC7-436F-9DF7-8236C76CBCEC}.Prod|Any CPU.ActiveCfg = Prod|Any CPU
		{3F950894-DDC7-436F-9DF7-8236C76CBCEC}.Prod|Any CPU.Build.0 = Prod|Any CPU
		{3F950894-DDC7-436F-9DF7-8236C76CBCEC}.Sit|Any CPU.ActiveCfg = Sit|Any CPU
		{3F950894-DDC7-436F-9DF7-8236C76CBCEC}.Sit|Any CPU.Build.0 = Sit|Any CPU
		{E83CC632-D81D-4D9F-B044-6725BD9BB210}.Demo|Any CPU.ActiveCfg = Demo|Any CPU
		{E83CC632-D81D-4D9F-B044-6725BD9BB210}.Dev|Any CPU.ActiveCfg = Dev|Any CPU
		{E83CC632-D81D-4D9F-B044-6725BD9BB210}.Local|Any CPU.ActiveCfg = Local|Any CPU
		{E83CC632-D81D-4D9F-B044-6725BD9BB210}.Pre|Any CPU.ActiveCfg = Pre|Any CPU
		{E83CC632-D81D-4D9F-B044-6725BD9BB210}.Prod|Any CPU.ActiveCfg = Prod|Any CPU
		{E83CC632-D81D-4D9F-B044-6725BD9BB210}.Sit|Any CPU.ActiveCfg = Sit|Any CPU
		{21780C05-99C2-4C0B-9691-01C3CDA64470}.Demo|Any CPU.ActiveCfg = Demo|Any CPU
		{21780C05-99C2-4C0B-9691-01C3CDA64470}.Dev|Any CPU.ActiveCfg = Dev|Any CPU
		{21780C05-99C2-4C0B-9691-01C3CDA64470}.Local|Any CPU.ActiveCfg = Local|Any CPU
		{21780C05-99C2-4C0B-9691-01C3CDA64470}.Pre|Any CPU.ActiveCfg = Pre|Any CPU
		{21780C05-99C2-4C0B-9691-01C3CDA64470}.Prod|Any CPU.ActiveCfg = Prod|Any CPU
		{21780C05-99C2-4C0B-9691-01C3CDA64470}.Sit|Any CPU.ActiveCfg = Sit|Any CPU
		{AB4C03CD-F947-4CD5-BF12-8912E7FE97C3}.Demo|Any CPU.ActiveCfg = Demo|Any CPU
		{AB4C03CD-F947-4CD5-BF12-8912E7FE97C3}.Demo|Any CPU.Build.0 = Demo|Any CPU
		{AB4C03CD-F947-4CD5-BF12-8912E7FE97C3}.Dev|Any CPU.ActiveCfg = Dev|Any CPU
		{AB4C03CD-F947-4CD5-BF12-8912E7FE97C3}.Dev|Any CPU.Build.0 = Dev|Any CPU
		{AB4C03CD-F947-4CD5-BF12-8912E7FE97C3}.Local|Any CPU.ActiveCfg = Local|Any CPU
		{AB4C03CD-F947-4CD5-BF12-8912E7FE97C3}.Local|Any CPU.Build.0 = Local|Any CPU
		{AB4C03CD-F947-4CD5-BF12-8912E7FE97C3}.Pre|Any CPU.ActiveCfg = Pre|Any CPU
		{AB4C03CD-F947-4CD5-BF12-8912E7FE97C3}.Pre|Any CPU.Build.0 = Pre|Any CPU
		{AB4C03CD-F947-4CD5-BF12-8912E7FE97C3}.Prod|Any CPU.ActiveCfg = Prod|Any CPU
		{AB4C03CD-F947-4CD5-BF12-8912E7FE97C3}.Prod|Any CPU.Build.0 = Prod|Any CPU
		{AB4C03CD-F947-4CD5-BF12-8912E7FE97C3}.Sit|Any CPU.ActiveCfg = Sit|Any CPU
		{AB4C03CD-F947-4CD5-BF12-8912E7FE97C3}.Sit|Any CPU.Build.0 = Sit|Any CPU
		{3CA36139-BBDD-4305-B15A-E9500606B672}.Demo|Any CPU.ActiveCfg = Demo|Any CPU
		{3CA36139-BBDD-4305-B15A-E9500606B672}.Demo|Any CPU.Build.0 = Demo|Any CPU
		{3CA36139-BBDD-4305-B15A-E9500606B672}.Dev|Any CPU.ActiveCfg = Dev|Any CPU
		{3CA36139-BBDD-4305-B15A-E9500606B672}.Dev|Any CPU.Build.0 = Dev|Any CPU
		{3CA36139-BBDD-4305-B15A-E9500606B672}.Local|Any CPU.ActiveCfg = Local|Any CPU
		{3CA36139-BBDD-4305-B15A-E9500606B672}.Local|Any CPU.Build.0 = Local|Any CPU
		{3CA36139-BBDD-4305-B15A-E9500606B672}.Pre|Any CPU.ActiveCfg = Pre|Any CPU
		{3CA36139-BBDD-4305-B15A-E9500606B672}.Pre|Any CPU.Build.0 = Pre|Any CPU
		{3CA36139-BBDD-4305-B15A-E9500606B672}.Prod|Any CPU.ActiveCfg = Prod|Any CPU
		{3CA36139-BBDD-4305-B15A-E9500606B672}.Prod|Any CPU.Build.0 = Prod|Any CPU
		{3CA36139-BBDD-4305-B15A-E9500606B672}.Sit|Any CPU.ActiveCfg = Sit|Any CPU
		{3CA36139-BBDD-4305-B15A-E9500606B672}.Sit|Any CPU.Build.0 = Sit|Any CPU
		{2D21EA2D-CE77-4795-B2F0-A172E59AC491}.Demo|Any CPU.ActiveCfg = Demo|Any CPU
		{2D21EA2D-CE77-4795-B2F0-A172E59AC491}.Demo|Any CPU.Build.0 = Demo|Any CPU
		{2D21EA2D-CE77-4795-B2F0-A172E59AC491}.Dev|Any CPU.ActiveCfg = Dev|Any CPU
		{2D21EA2D-CE77-4795-B2F0-A172E59AC491}.Dev|Any CPU.Build.0 = Dev|Any CPU
		{2D21EA2D-CE77-4795-B2F0-A172E59AC491}.Local|Any CPU.ActiveCfg = Local|Any CPU
		{2D21EA2D-CE77-4795-B2F0-A172E59AC491}.Local|Any CPU.Build.0 = Local|Any CPU
		{2D21EA2D-CE77-4795-B2F0-A172E59AC491}.Pre|Any CPU.ActiveCfg = Pre|Any CPU
		{2D21EA2D-CE77-4795-B2F0-A172E59AC491}.Pre|Any CPU.Build.0 = Pre|Any CPU
		{2D21EA2D-CE77-4795-B2F0-A172E59AC491}.Prod|Any CPU.ActiveCfg = Prod|Any CPU
		{2D21EA2D-CE77-4795-B2F0-A172E59AC491}.Prod|Any CPU.Build.0 = Prod|Any CPU
		{2D21EA2D-CE77-4795-B2F0-A172E59AC491}.Sit|Any CPU.ActiveCfg = Sit|Any CPU
		{2D21EA2D-CE77-4795-B2F0-A172E59AC491}.Sit|Any CPU.Build.0 = Sit|Any CPU
		{8041222E-487D-40F6-816A-53AA5E3A39A3}.Demo|Any CPU.ActiveCfg = Release|Any CPU
		{8041222E-487D-40F6-816A-53AA5E3A39A3}.Dev|Any CPU.ActiveCfg = Release|Any CPU
		{8041222E-487D-40F6-816A-53AA5E3A39A3}.Local|Any CPU.ActiveCfg = Release|Any CPU
		{8041222E-487D-40F6-816A-53AA5E3A39A3}.Pre|Any CPU.ActiveCfg = Release|Any CPU
		{8041222E-487D-40F6-816A-53AA5E3A39A3}.Prod|Any CPU.ActiveCfg = Release|Any CPU
		{8041222E-487D-40F6-816A-53AA5E3A39A3}.Sit|Any CPU.ActiveCfg = Release|Any CPU
		{9059D4C9-8970-4EC3-B54A-A8945671F187}.Demo|Any CPU.ActiveCfg = Demo|Any CPU
		{9059D4C9-8970-4EC3-B54A-A8945671F187}.Dev|Any CPU.ActiveCfg = Dev|Any CPU
		{9059D4C9-8970-4EC3-B54A-A8945671F187}.Local|Any CPU.ActiveCfg = Local|Any CPU
		{9059D4C9-8970-4EC3-B54A-A8945671F187}.Pre|Any CPU.ActiveCfg = Pre|Any CPU
		{9059D4C9-8970-4EC3-B54A-A8945671F187}.Prod|Any CPU.ActiveCfg = Prod|Any CPU
		{9059D4C9-8970-4EC3-B54A-A8945671F187}.Sit|Any CPU.ActiveCfg = Sit|Any CPU
		{54DFC073-A57B-4D2E-9E27-D0661D5A9337}.Demo|Any CPU.ActiveCfg = Demo|Any CPU
		{54DFC073-A57B-4D2E-9E27-D0661D5A9337}.Demo|Any CPU.Build.0 = Demo|Any CPU
		{54DFC073-A57B-4D2E-9E27-D0661D5A9337}.Dev|Any CPU.ActiveCfg = Dev|Any CPU
		{54DFC073-A57B-4D2E-9E27-D0661D5A9337}.Dev|Any CPU.Build.0 = Dev|Any CPU
		{54DFC073-A57B-4D2E-9E27-D0661D5A9337}.Local|Any CPU.ActiveCfg = Local|Any CPU
		{54DFC073-A57B-4D2E-9E27-D0661D5A9337}.Local|Any CPU.Build.0 = Local|Any CPU
		{54DFC073-A57B-4D2E-9E27-D0661D5A9337}.Pre|Any CPU.ActiveCfg = Pre|Any CPU
		{54DFC073-A57B-4D2E-9E27-D0661D5A9337}.Pre|Any CPU.Build.0 = Pre|Any CPU
		{54DFC073-A57B-4D2E-9E27-D0661D5A9337}.Prod|Any CPU.ActiveCfg = Prod|Any CPU
		{54DFC073-A57B-4D2E-9E27-D0661D5A9337}.Prod|Any CPU.Build.0 = Prod|Any CPU
		{54DFC073-A57B-4D2E-9E27-D0661D5A9337}.Sit|Any CPU.ActiveCfg = Sit|Any CPU
		{54DFC073-A57B-4D2E-9E27-D0661D5A9337}.Sit|Any CPU.Build.0 = Sit|Any CPU
		{D91E4093-3348-43ED-B386-CF70000FFCB3}.Demo|Any CPU.ActiveCfg = Demo|Any CPU
		{D91E4093-3348-43ED-B386-CF70000FFCB3}.Demo|Any CPU.Build.0 = Demo|Any CPU
		{D91E4093-3348-43ED-B386-CF70000FFCB3}.Dev|Any CPU.ActiveCfg = Dev|Any CPU
		{D91E4093-3348-43ED-B386-CF70000FFCB3}.Dev|Any CPU.Build.0 = Dev|Any CPU
		{D91E4093-3348-43ED-B386-CF70000FFCB3}.Local|Any CPU.ActiveCfg = Local|Any CPU
		{D91E4093-3348-43ED-B386-CF70000FFCB3}.Local|Any CPU.Build.0 = Local|Any CPU
		{D91E4093-3348-43ED-B386-CF70000FFCB3}.Pre|Any CPU.ActiveCfg = Pre|Any CPU
		{D91E4093-3348-43ED-B386-CF70000FFCB3}.Pre|Any CPU.Build.0 = Pre|Any CPU
		{D91E4093-3348-43ED-B386-CF70000FFCB3}.Prod|Any CPU.ActiveCfg = Prod|Any CPU
		{D91E4093-3348-43ED-B386-CF70000FFCB3}.Prod|Any CPU.Build.0 = Prod|Any CPU
		{D91E4093-3348-43ED-B386-CF70000FFCB3}.Sit|Any CPU.ActiveCfg = Sit|Any CPU
		{D91E4093-3348-43ED-B386-CF70000FFCB3}.Sit|Any CPU.Build.0 = Sit|Any CPU
		{E3E6531A-0B3B-4AFB-9ECB-3A25B3C616F8}.Demo|Any CPU.ActiveCfg = Demo|Any CPU
		{E3E6531A-0B3B-4AFB-9ECB-3A25B3C616F8}.Demo|Any CPU.Build.0 = Demo|Any CPU
		{E3E6531A-0B3B-4AFB-9ECB-3A25B3C616F8}.Dev|Any CPU.ActiveCfg = Dev|Any CPU
		{E3E6531A-0B3B-4AFB-9ECB-3A25B3C616F8}.Dev|Any CPU.Build.0 = Dev|Any CPU
		{E3E6531A-0B3B-4AFB-9ECB-3A25B3C616F8}.Local|Any CPU.ActiveCfg = Local|Any CPU
		{E3E6531A-0B3B-4AFB-9ECB-3A25B3C616F8}.Local|Any CPU.Build.0 = Local|Any CPU
		{E3E6531A-0B3B-4AFB-9ECB-3A25B3C616F8}.Pre|Any CPU.ActiveCfg = Pre|Any CPU
		{E3E6531A-0B3B-4AFB-9ECB-3A25B3C616F8}.Pre|Any CPU.Build.0 = Pre|Any CPU
		{E3E6531A-0B3B-4AFB-9ECB-3A25B3C616F8}.Prod|Any CPU.ActiveCfg = Prod|Any CPU
		{E3E6531A-0B3B-4AFB-9ECB-3A25B3C616F8}.Prod|Any CPU.Build.0 = Prod|Any CPU
		{E3E6531A-0B3B-4AFB-9ECB-3A25B3C616F8}.Sit|Any CPU.ActiveCfg = Sit|Any CPU
		{E3E6531A-0B3B-4AFB-9ECB-3A25B3C616F8}.Sit|Any CPU.Build.0 = Sit|Any CPU
		{B1278CE6-5670-49F4-85DF-350294EC151A}.Demo|Any CPU.ActiveCfg = Demo|Any CPU
		{B1278CE6-5670-49F4-85DF-350294EC151A}.Demo|Any CPU.Build.0 = Demo|Any CPU
		{B1278CE6-5670-49F4-85DF-350294EC151A}.Dev|Any CPU.ActiveCfg = Dev|Any CPU
		{B1278CE6-5670-49F4-85DF-350294EC151A}.Dev|Any CPU.Build.0 = Dev|Any CPU
		{B1278CE6-5670-49F4-85DF-350294EC151A}.Local|Any CPU.ActiveCfg = Local|Any CPU
		{B1278CE6-5670-49F4-85DF-350294EC151A}.Local|Any CPU.Build.0 = Local|Any CPU
		{B1278CE6-5670-49F4-85DF-350294EC151A}.Pre|Any CPU.ActiveCfg = Pre|Any CPU
		{B1278CE6-5670-49F4-85DF-350294EC151A}.Pre|Any CPU.Build.0 = Pre|Any CPU
		{B1278CE6-5670-49F4-85DF-350294EC151A}.Prod|Any CPU.ActiveCfg = Prod|Any CPU
		{B1278CE6-5670-49F4-85DF-350294EC151A}.Prod|Any CPU.Build.0 = Prod|Any CPU
		{B1278CE6-5670-49F4-85DF-350294EC151A}.Sit|Any CPU.ActiveCfg = Sit|Any CPU
		{B1278CE6-5670-49F4-85DF-350294EC151A}.Sit|Any CPU.Build.0 = Sit|Any CPU
		{5E8E77CA-BB23-45DE-AADD-236CAFBC66E3}.Demo|Any CPU.ActiveCfg = Demo|Any CPU
		{5E8E77CA-BB23-45DE-AADD-236CAFBC66E3}.Demo|Any CPU.Build.0 = Demo|Any CPU
		{5E8E77CA-BB23-45DE-AADD-236CAFBC66E3}.Dev|Any CPU.ActiveCfg = Dev|Any CPU
		{5E8E77CA-BB23-45DE-AADD-236CAFBC66E3}.Dev|Any CPU.Build.0 = Dev|Any CPU
		{5E8E77CA-BB23-45DE-AADD-236CAFBC66E3}.Local|Any CPU.ActiveCfg = Local|Any CPU
		{5E8E77CA-BB23-45DE-AADD-236CAFBC66E3}.Local|Any CPU.Build.0 = Local|Any CPU
		{5E8E77CA-BB23-45DE-AADD-236CAFBC66E3}.Pre|Any CPU.ActiveCfg = Pre|Any CPU
		{5E8E77CA-BB23-45DE-AADD-236CAFBC66E3}.Pre|Any CPU.Build.0 = Pre|Any CPU
		{5E8E77CA-BB23-45DE-AADD-236CAFBC66E3}.Prod|Any CPU.ActiveCfg = Prod|Any CPU
		{5E8E77CA-BB23-45DE-AADD-236CAFBC66E3}.Prod|Any CPU.Build.0 = Prod|Any CPU
		{5E8E77CA-BB23-45DE-AADD-236CAFBC66E3}.Sit|Any CPU.ActiveCfg = Sit|Any CPU
		{5E8E77CA-BB23-45DE-AADD-236CAFBC66E3}.Sit|Any CPU.Build.0 = Sit|Any CPU
		{84104FA1-8F92-406B-B986-8972B846A922}.Demo|Any CPU.ActiveCfg = Demo|Any CPU
		{84104FA1-8F92-406B-B986-8972B846A922}.Demo|Any CPU.Build.0 = Demo|Any CPU
		{84104FA1-8F92-406B-B986-8972B846A922}.Dev|Any CPU.ActiveCfg = Dev|Any CPU
		{84104FA1-8F92-406B-B986-8972B846A922}.Dev|Any CPU.Build.0 = Dev|Any CPU
		{84104FA1-8F92-406B-B986-8972B846A922}.Local|Any CPU.ActiveCfg = Local|Any CPU
		{84104FA1-8F92-406B-B986-8972B846A922}.Local|Any CPU.Build.0 = Local|Any CPU
		{84104FA1-8F92-406B-B986-8972B846A922}.Pre|Any CPU.ActiveCfg = Pre|Any CPU
		{84104FA1-8F92-406B-B986-8972B846A922}.Pre|Any CPU.Build.0 = Pre|Any CPU
		{84104FA1-8F92-406B-B986-8972B846A922}.Prod|Any CPU.ActiveCfg = Prod|Any CPU
		{84104FA1-8F92-406B-B986-8972B846A922}.Prod|Any CPU.Build.0 = Prod|Any CPU
		{84104FA1-8F92-406B-B986-8972B846A922}.Sit|Any CPU.ActiveCfg = Sit|Any CPU
		{84104FA1-8F92-406B-B986-8972B846A922}.Sit|Any CPU.Build.0 = Sit|Any CPU
		{499AE247-0F21-4E10-A089-09A2A9B33449}.Demo|Any CPU.ActiveCfg = Demo|Any CPU
		{499AE247-0F21-4E10-A089-09A2A9B33449}.Demo|Any CPU.Build.0 = Demo|Any CPU
		{499AE247-0F21-4E10-A089-09A2A9B33449}.Dev|Any CPU.ActiveCfg = Dev|Any CPU
		{499AE247-0F21-4E10-A089-09A2A9B33449}.Dev|Any CPU.Build.0 = Dev|Any CPU
		{499AE247-0F21-4E10-A089-09A2A9B33449}.Local|Any CPU.ActiveCfg = Local|Any CPU
		{499AE247-0F21-4E10-A089-09A2A9B33449}.Local|Any CPU.Build.0 = Local|Any CPU
		{499AE247-0F21-4E10-A089-09A2A9B33449}.Pre|Any CPU.ActiveCfg = Pre|Any CPU
		{499AE247-0F21-4E10-A089-09A2A9B33449}.Pre|Any CPU.Build.0 = Pre|Any CPU
		{499AE247-0F21-4E10-A089-09A2A9B33449}.Prod|Any CPU.ActiveCfg = Prod|Any CPU
		{499AE247-0F21-4E10-A089-09A2A9B33449}.Prod|Any CPU.Build.0 = Prod|Any CPU
		{499AE247-0F21-4E10-A089-09A2A9B33449}.Sit|Any CPU.ActiveCfg = Sit|Any CPU
		{499AE247-0F21-4E10-A089-09A2A9B33449}.Sit|Any CPU.Build.0 = Sit|Any CPU
	EndGlobalSection
	GlobalSection(SolutionProperties) = preSolution
		HideSolutionNode = FALSE
	EndGlobalSection
	GlobalSection(NestedProjects) = preSolution
		{22CE73E4-F469-434C-AC5D-D926EBBAC3D5} = {BCDF5FEE-AD2B-40E3-93C3-3DFA7D38B684}
		{FE64F0B2-36A4-4F41-8912-81E864E1AF6C} = {EB6F2C1E-20C0-4C55-B5D9-70FBA59E5CF0}
		{9C779D83-B3D7-4F5E-A20B-9DA2441733E6} = {EB6F2C1E-20C0-4C55-B5D9-70FBA59E5CF0}
		{8B52C549-CC01-4411-B801-E09FDCCD54C8} = {EB6F2C1E-20C0-4C55-B5D9-70FBA59E5CF0}
		{620A2A3B-BC44-409A-9C74-75D2A9C75F79} = {2EC3ADC0-EB51-4D4B-9B87-8D159C1326C4}
		{99003A13-CC36-4274-9CC2-9F6350B31492} = {2EC3ADC0-EB51-4D4B-9B87-8D159C1326C4}
		{50739E9C-CFCF-4A42-95B9-443D46850B77} = {EB6F2C1E-20C0-4C55-B5D9-70FBA59E5CF0}
		{ADB1C795-A6AA-4CB8-82AE-2B8D10E22220} = {22CE73E4-F469-434C-AC5D-D926EBBAC3D5}
		{470BA0C8-FE2E-4DB9-92C8-6F37095688EE} = {22CE73E4-F469-434C-AC5D-D926EBBAC3D5}
		{91DB99C3-50A9-4DED-AB90-2FF94D0B130E} = {9EB317AB-3B6E-4CEB-864B-B1D60B06A536}
		{4C2BE232-4DBD-44D0-B427-0450E2D857A5} = {9EB317AB-3B6E-4CEB-864B-B1D60B06A536}
		{2C577447-2405-46B3-8065-613A19A58541} = {2EC3ADC0-EB51-4D4B-9B87-8D159C1326C4}
		{78B1F2A1-DCC3-4ED3-8CE0-16E0781B59FA} = {BCDF5FEE-AD2B-40E3-93C3-3DFA7D38B684}
		{4FE5E4BE-91DF-49C6-B6CD-9B69FCD0C0FE} = {BCDF5FEE-AD2B-40E3-93C3-3DFA7D38B684}
		{480622E1-7624-449C-904F-AF7FD3590BEF} = {BCDF5FEE-AD2B-40E3-93C3-3DFA7D38B684}
		{A2D82061-BCBD-4030-9EB4-5148AEE79241} = {BCDF5FEE-AD2B-40E3-93C3-3DFA7D38B684}
		{6E8E77CA-BB23-45DE-AADD-236CAFBC66E3} = {BCDF5FEE-AD2B-40E3-93C3-3DFA7D38B684}
		{67CDACCD-5217-4110-8432-C6EF164BAA0D} = {620A2A3B-BC44-409A-9C74-75D2A9C75F79}
		{0491054E-CAF4-4321-BE1D-3E44E739421C} = {18D67FE8-091F-4873-871A-8B81E455DA79}
		{04796403-0EDF-4A8D-B725-180A9F83D958} = {99003A13-CC36-4274-9CC2-9F6350B31492}
		{B1628369-3014-4A8B-BFFD-49CB8ADF3BD2} = {BCDF5FEE-AD2B-40E3-93C3-3DFA7D38B684}
		{B3285E4A-29DD-4CB6-B8C9-51AA06DB4F83} = {BCDF5FEE-AD2B-40E3-93C3-3DFA7D38B684}
		{ABD48D09-C35E-42CE-8A4D-81550C2B8554} = {BCDF5FEE-AD2B-40E3-93C3-3DFA7D38B684}
		{1B386440-4479-4A2C-93CA-42A98426019F} = {620A2A3B-BC44-409A-9C74-75D2A9C75F79}
		{A64FC67F-C873-4422-93DD-FBD8A6370EC3} = {620A2A3B-BC44-409A-9C74-75D2A9C75F79}
		{5E9B2C61-1823-4A9D-871E-8CFAF8C0B57E} = {FE64F0B2-36A4-4F41-8912-81E864E1AF6C}
		{2886F449-8488-4883-A80B-B29775D18B29} = {FE64F0B2-36A4-4F41-8912-81E864E1AF6C}
		{5BF785FC-214D-4ABF-87E8-91D6D59E0C92} = {FE64F0B2-36A4-4F41-8912-81E864E1AF6C}
		{8363A28D-668C-44EA-B20A-8866E0D5814C} = {FE64F0B2-36A4-4F41-8912-81E864E1AF6C}
		{8020D8ED-8D88-46DF-A6D9-82D8E1FB8ADD} = {FE64F0B2-36A4-4F41-8912-81E864E1AF6C}
		{2BAA69B1-D0C4-447A-8D16-4473C2183CC2} = {FE64F0B2-36A4-4F41-8912-81E864E1AF6C}
		{CB59423F-9641-4E65-B46F-7670CF0CE479} = {FE64F0B2-36A4-4F41-8912-81E864E1AF6C}
		{7834ED7D-C239-4A76-93A5-744E8798D439} = {FE64F0B2-36A4-4F41-8912-81E864E1AF6C}
		{913445EC-3175-4AFB-869C-F03B6FD2940A} = {BCDF5FEE-AD2B-40E3-93C3-3DFA7D38B684}
		{02D19199-A4BB-484A-AA48-208C7B6D819F} = {BCDF5FEE-AD2B-40E3-93C3-3DFA7D38B684}
		{4A4346C1-4742-476E-9626-4F31CD6432D4} = {FE64F0B2-36A4-4F41-8912-81E864E1AF6C}
		{F75B0C62-89B5-473D-AF2D-366A5A6722AC} = {BCDF5FEE-AD2B-40E3-93C3-3DFA7D38B684}
		{C9034A07-3292-40B8-BD96-C74BB458AE51} = {FE64F0B2-36A4-4F41-8912-81E864E1AF6C}
		{1C6F7710-0AE6-4D9F-BC73-0FAA9C9C60CA} = {BCDF5FEE-AD2B-40E3-93C3-3DFA7D38B684}
		{134A03E5-1F77-4644-B8E6-43BBF5EF3918} = {FE64F0B2-36A4-4F41-8912-81E864E1AF6C}
		{80129D31-FBAC-42B0-9A96-251C71E86BC7} = {8B52C549-CC01-4411-B801-E09FDCCD54C8}
		{4741B9B0-C694-4D34-8D30-D5B82BC87724} = {50739E9C-CFCF-4A42-95B9-443D46850B77}
		{AF84EB1F-B9E9-4269-B2B4-452A6D92897A} = {22CE73E4-F469-434C-AC5D-D926EBBAC3D5}
		{2FC1A9D8-E66E-49D0-BEFF-C845AFDF34F6} = {BCDF5FEE-AD2B-40E3-93C3-3DFA7D38B684}
		{984F8CD2-61B3-48A4-B0CC-5D05E235983D} = {620A2A3B-BC44-409A-9C74-75D2A9C75F79}
		{CE62BDE8-C127-4808-95F8-5F5E24485830} = {A34B1856-1875-4220-A1CC-AF67CB5A521F}
		{91822365-711D-4976-AD7F-069063D8B487} = {A34B1856-1875-4220-A1CC-AF67CB5A521F}
		{AA87BD85-5A33-46B8-B26F-C6B680876486} = {A34B1856-1875-4220-A1CC-AF67CB5A521F}
		{86331199-E70F-4D51-8584-5C2476855D29} = {FE64F0B2-36A4-4F41-8912-81E864E1AF6C}
		{D34D27D3-79A9-407E-86EF-AF3AC0EA024B} = {BCDF5FEE-AD2B-40E3-93C3-3DFA7D38B684}
		{C91E4093-3348-43ED-B386-CF70000FFCB3} = {620A2A3B-BC44-409A-9C74-75D2A9C75F79}
		{4696D786-2F3C-4A12-BD6B-38E2981D6DF1} = {A34B1856-1875-4220-A1CC-AF67CB5A521F}
		{980296FF-5859-4FB1-8100-A836ED103FE4} = {9C779D83-B3D7-4F5E-A20B-9DA2441733E6}
		{969662B6-BB64-48EE-880D-9646AB6146A4} = {BCDF5FEE-AD2B-40E3-93C3-3DFA7D38B684}
		{2752E3B6-358D-4C06-A31F-867304CAC53D} = {620A2A3B-BC44-409A-9C74-75D2A9C75F79}
		{C6AB7681-98BD-4EF5-8A3B-9607A59FFF44} = {FE64F0B2-36A4-4F41-8912-81E864E1AF6C}
		{3FD05F32-F39C-4ACF-8B3B-571B2D20899E} = {BCDF5FEE-AD2B-40E3-93C3-3DFA7D38B684}
		{D1BC4A28-A7AB-475E-B73E-5564897550BA} = {18D67FE8-091F-4873-871A-8B81E455DA79}
		{64BB68D9-4F1A-4724-9DF0-3E5E20BBDF58} = {FE64F0B2-36A4-4F41-8912-81E864E1AF6C}
		{AC61A264-5D06-4FF3-BF54-99C9B525E360} = {FE64F0B2-36A4-4F41-8912-81E864E1AF6C}
		{F01914FA-A911-4345-ACD4-FD80ADE21A8C} = {620A2A3B-BC44-409A-9C74-75D2A9C75F79}
		{F5F29922-2FBC-4BF4-9CBB-424A71FD98C1} = {99003A13-CC36-4274-9CC2-9F6350B31492}
		{238A2637-CA77-4460-9C11-F7549287A152} = {18D67FE8-091F-4873-871A-8B81E455DA79}
		{AA7B0394-9287-4A30-AF7E-B349C07528F1} = {8B52C549-CC01-4411-B801-E09FDCCD54C8}
		{7A6640F8-921A-4893-B9DE-BF91BCD4A9E2} = {FE64F0B2-36A4-4F41-8912-81E864E1AF6C}
		{61619F66-5F17-4EF7-A8CF-BA720BEA3AD3} = {18D67FE8-091F-4873-871A-8B81E455DA79}
		{3F950894-DDC7-436F-9DF7-8236C76CBCEC} = {18D67FE8-091F-4873-871A-8B81E455DA79}
		{71096F4A-FC09-4E22-A61A-93D78A5B8498} = {EB6F2C1E-20C0-4C55-B5D9-70FBA59E5CF0}
		{E83CC632-D81D-4D9F-B044-6725BD9BB210} = {71096F4A-FC09-4E22-A61A-93D78A5B8498}
		{21780C05-99C2-4C0B-9691-01C3CDA64470} = {37F78283-62CA-418D-9548-4EF7A6C126B7}
		{AB4C03CD-F947-4CD5-BF12-8912E7FE97C3} = {BCDF5FEE-AD2B-40E3-93C3-3DFA7D38B684}
		{3CA36139-BBDD-4305-B15A-E9500606B672} = {8B52C549-CC01-4411-B801-E09FDCCD54C8}
		{2D21EA2D-CE77-4795-B2F0-A172E59AC491} = {A34B1856-1875-4220-A1CC-AF67CB5A521F}
		{8041222E-487D-40F6-816A-53AA5E3A39A3} = {37F78283-62CA-418D-9548-4EF7A6C126B7}
		{9059D4C9-8970-4EC3-B54A-A8945671F187} = {37F78283-62CA-418D-9548-4EF7A6C126B7}
		{54DFC073-A57B-4D2E-9E27-D0661D5A9337} = {FE64F0B2-36A4-4F41-8912-81E864E1AF6C}
		{18D67FE8-091F-4873-871A-8B81E455DA79} = {BCDF5FEE-AD2B-40E3-93C3-3DFA7D38B684}
		{D91E4093-3348-43ED-B386-CF70000FFCB3} = {99003A13-CC36-4274-9CC2-9F6350B31492}
		{E3E6531A-0B3B-4AFB-9ECB-3A25B3C616F8} = {18D67FE8-091F-4873-871A-8B81E455DA79}
		{A34B1856-1875-4220-A1CC-AF67CB5A521F} = {BCDF5FEE-AD2B-40E3-93C3-3DFA7D38B684}
		{B1278CE6-5670-49F4-85DF-350294EC151A} = {A34B1856-1875-4220-A1CC-AF67CB5A521F}
		{5E8E77CA-BB23-45DE-AADD-236CAFBC66E3} = {620A2A3B-BC44-409A-9C74-75D2A9C75F79}
		{84104FA1-8F92-406B-B986-8972B846A922} = {FE64F0B2-36A4-4F41-8912-81E864E1AF6C}
		{499AE247-0F21-4E10-A089-09A2A9B33449} = {FE64F0B2-36A4-4F41-8912-81E864E1AF6C}
	EndGlobalSection
EndGlobal
