
Microsoft Visual Studio Solution File, Format Version 12.00
# Visual Studio 2013
VisualStudioVersion = 12.0.30110.0
MinimumVisualStudioVersion = 10.0.40219.1
Project("{FAE04EC0-301F-11D3-BF4B-00C04F79EFBC}") = "SFA.Apprenticeships.Common", "SFA.Apprenticeships.Common\SFA.Apprenticeships.Common.csproj", "{AAD6C913-2503-456F-A593-C0A36C07BD35}"
EndProject
Project("{2150E333-8FDC-42A3-9474-1A3956D46DE8}") = "Common", "Common", "{CF2BF68C-C19A-49D9-95C6-44EAF3C62531}"
EndProject
Project("{FAE04EC0-301F-11D3-BF4B-00C04F79EFBC}") = "SFA.Apprenticeships.Common.Entities", "SFA.Apprenticeships.Common.Entities\SFA.Apprenticeships.Common.Entities.csproj", "{4C2BE232-4DBD-44D0-B427-0450E2D857A5}"
EndProject
Global
	GlobalSection(SolutionConfigurationPlatforms) = preSolution
		Debug|Any CPU = Debug|Any CPU
		Release|Any CPU = Release|Any CPU
	EndGlobalSection
	GlobalSection(ProjectConfigurationPlatforms) = postSolution
		{AAD6C913-2503-456F-A593-C0A36C07BD35}.Debug|Any CPU.ActiveCfg = Debug|Any CPU
		{AAD6C913-2503-456F-A593-C0A36C07BD35}.Debug|Any CPU.Build.0 = Debug|Any CPU
		{AAD6C913-2503-456F-A593-C0A36C07BD35}.Release|Any CPU.ActiveCfg = Release|Any CPU
		{AAD6C913-2503-456F-A593-C0A36C07BD35}.Release|Any CPU.Build.0 = Release|Any CPU
		{4C2BE232-4DBD-44D0-B427-0450E2D857A5}.Debug|Any CPU.ActiveCfg = Debug|Any CPU
		{4C2BE232-4DBD-44D0-B427-0450E2D857A5}.Debug|Any CPU.Build.0 = Debug|Any CPU
		{4C2BE232-4DBD-44D0-B427-0450E2D857A5}.Release|Any CPU.ActiveCfg = Release|Any CPU
		{4C2BE232-4DBD-44D0-B427-0450E2D857A5}.Release|Any CPU.Build.0 = Release|Any CPU
	EndGlobalSection
	GlobalSection(SolutionProperties) = preSolution
		HideSolutionNode = FALSE
	EndGlobalSection
	GlobalSection(NestedProjects) = preSolution
		{AAD6C913-2503-456F-A593-C0A36C07BD35} = {CF2BF68C-C19A-49D9-95C6-44EAF3C62531}
		{4C2BE232-4DBD-44D0-B427-0450E2D857A5} = {CF2BF68C-C19A-49D9-95C6-44EAF3C62531}
	EndGlobalSection
EndGlobal
